
Microsoft Visual Studio Solution File, Format Version 12.00
# Visual Studio Version 17
VisualStudioVersion = 17.2.32630.192
MinimumVisualStudioVersion = 10.0.40219.1
Project("{9A19103F-16F7-4668-BE54-9A1E7A4F7556}") = "R5T.O0025", "R5T.O0025\R5T.O0025.csproj", "{08B51FE1-243E-4A65-BEB9-6608E0733166}"
EndProject
Project("{2150E333-8FDC-42A3-9474-1A3956D46DE8}") = "_Dependencies", "_Dependencies", "{4C9D9AB3-E319-457E-B117-EC7FEB6F09D1}"
EndProject
Project("{9A19103F-16F7-4668-BE54-9A1E7A4F7556}") = "R5T.F0000", "..\..\R5T.F0000\source\R5T.F0000\R5T.F0000.csproj", "{C30646CB-4B70-4F30-B5B1-9D4D9180765C}"
EndProject
Project("{9A19103F-16F7-4668-BE54-9A1E7A4F7556}") = "R5T.F0002", "..\..\R5T.F0002\source\R5T.F0002\R5T.F0002.csproj", "{DDCFA1D1-07DF-45B7-A13D-0F5F10E3F49F}"
EndProject
Project("{9A19103F-16F7-4668-BE54-9A1E7A4F7556}") = "R5T.F0120", "..\..\R5T.F0120\source\R5T.F0120\R5T.F0120.csproj", "{06E4932E-21F1-485A-8433-E20D9D455FEB}"
EndProject
Project("{9A19103F-16F7-4668-BE54-9A1E7A4F7556}") = "R5T.F0124", "..\..\R5T.F0124\source\R5T.F0124\R5T.F0124.csproj", "{9969AB29-55EC-47ED-A91C-FBD9B92B4379}"
EndProject
Project("{9A19103F-16F7-4668-BE54-9A1E7A4F7556}") = "R5T.F0125", "..\..\R5T.F0125\source\R5T.F0125\R5T.F0125.csproj", "{5C34C138-0FC0-469F-8CC1-B695F75EF24C}"
EndProject
Project("{9A19103F-16F7-4668-BE54-9A1E7A4F7556}") = "R5T.L0030.T000", "..\..\R5T.L0030\source\R5T.L0030.T000\R5T.L0030.T000.csproj", "{BCBB7975-803F-452A-A36B-AA508BF3F3FB}"
EndProject
Project("{9A19103F-16F7-4668-BE54-9A1E7A4F7556}") = "R5T.L0030", "..\..\R5T.L0030\source\R5T.L0030\R5T.L0030.csproj", "{D64950FE-78B4-4AAC-B249-135B47F00266}"
EndProject
Project("{9A19103F-16F7-4668-BE54-9A1E7A4F7556}") = "R5T.L0032.F000", "..\..\R5T.L0032\source\R5T.L0032.F000\R5T.L0032.F000.csproj", "{11B4CA58-C254-4F35-BD63-165C22EBD5EC}"
EndProject
Project("{9A19103F-16F7-4668-BE54-9A1E7A4F7556}") = "R5T.L0032.T000", "..\..\R5T.L0032\source\R5T.L0032.T000\R5T.L0032.T000.csproj", "{59E11F3A-DC37-4A34-9AAD-F433325F96FA}"
EndProject
Project("{9A19103F-16F7-4668-BE54-9A1E7A4F7556}") = "R5T.L0032.Z000", "..\..\R5T.L0032\source\R5T.L0032.Z000\R5T.L0032.Z000.csproj", "{62AC82C2-ECD4-47CE-9D73-D27AA253BAE5}"
EndProject
Project("{9A19103F-16F7-4668-BE54-9A1E7A4F7556}") = "R5T.L0032", "..\..\R5T.L0032\source\R5T.L0032\R5T.L0032.csproj", "{D6FB5F07-A9D5-48C1-B41A-C751DC505803}"
EndProject
Project("{9A19103F-16F7-4668-BE54-9A1E7A4F7556}") = "R5T.L0033.Z001", "..\..\R5T.L0033\source\R5T.L0033.Z001\R5T.L0033.Z001.csproj", "{E29B249F-574B-4EFF-91CC-CCE3E751DFD4}"
EndProject
Project("{9A19103F-16F7-4668-BE54-9A1E7A4F7556}") = "R5T.L0034", "..\..\R5T.L0034\source\R5T.L0034\R5T.L0034.csproj", "{A86FFC11-12C8-4376-952B-867BA5F3245C}"
EndProject
Project("{9A19103F-16F7-4668-BE54-9A1E7A4F7556}") = "R5T.L0035", "..\..\R5T.L0035\source\R5T.L0035\R5T.L0035.csproj", "{E358A49F-D97C-459D-A100-889558C5B2FB}"
EndProject
Project("{9A19103F-16F7-4668-BE54-9A1E7A4F7556}") = "R5T.NG0022", "..\..\R5T.NG0022\source\R5T.NG0022\R5T.NG0022.csproj", "{89A79A58-E4FC-4163-8DF9-72C15E5D460C}"
EndProject
Project("{9A19103F-16F7-4668-BE54-9A1E7A4F7556}") = "R5T.O0025.O000", "R5T.O0025.O000\R5T.O0025.O000.csproj", "{2506E13B-7C8B-4428-A1D9-1D5A1E2C8D2E}"
EndProject
Project("{9A19103F-16F7-4668-BE54-9A1E7A4F7556}") = "R5T.O0025.O001", "R5T.O0025.O001\R5T.O0025.O001.csproj", "{514AB646-4DF2-4ABD-BC5A-A41F43EC0C82}"
EndProject
Project("{9A19103F-16F7-4668-BE54-9A1E7A4F7556}") = "R5T.O0025.O002", "R5T.O0025.O002\R5T.O0025.O002.csproj", "{25E4DECF-CEBE-4C41-894D-A193786577DF}"
EndProject
Project("{9A19103F-16F7-4668-BE54-9A1E7A4F7556}") = "R5T.T0131", "..\..\R5T.T0131\source\R5T.T0131\R5T.T0131.csproj", "{05EEDC34-2CB7-48DA-B42E-0A081C313F59}"
EndProject
Project("{9A19103F-16F7-4668-BE54-9A1E7A4F7556}") = "R5T.T0132", "..\..\R5T.T0132\source\R5T.T0132\R5T.T0132.csproj", "{17577DA3-B4D4-43F9-AB11-7CEC429069D7}"
EndProject
Project("{9A19103F-16F7-4668-BE54-9A1E7A4F7556}") = "R5T.T0142", "..\..\R5T.T0142\source\R5T.T0142\R5T.T0142.csproj", "{1F240B01-B034-4295-83CE-34861563FA06}"
EndProject
Project("{9A19103F-16F7-4668-BE54-9A1E7A4F7556}") = "R5T.T0143", "..\..\R5T.T0143\source\R5T.T0143\R5T.T0143.csproj", "{286FF58C-C78B-4BF8-A838-B10A30856AD6}"
EndProject
Project("{9A19103F-16F7-4668-BE54-9A1E7A4F7556}") = "R5T.T0150", "..\..\R5T.T0150\source\R5T.T0150\R5T.T0150.csproj", "{E8515C6E-A3F2-4A92-A259-7BFFCAC85C7F}"
EndProject
Project("{9A19103F-16F7-4668-BE54-9A1E7A4F7556}") = "R5T.T0151", "..\..\R5T.T0151\source\R5T.T0151\R5T.T0151.csproj", "{649CB793-25A2-4C82-AEA2-26336DFEF826}"
EndProject
Project("{9A19103F-16F7-4668-BE54-9A1E7A4F7556}") = "R5T.T0156", "..\..\R5T.T0156\source\R5T.T0156\R5T.T0156.csproj", "{39F18AA4-2514-4C7E-867F-9415FEC8D79A}"
EndProject
Project("{9A19103F-16F7-4668-BE54-9A1E7A4F7556}") = "R5T.T0172", "..\..\R5T.T0172\source\R5T.T0172\R5T.T0172.csproj", "{A21D4B34-C4A6-4A8C-8857-BED10FCE8750}"
EndProject
Project("{9A19103F-16F7-4668-BE54-9A1E7A4F7556}") = "R5T.T0174", "..\..\R5T.T0174\source\R5T.T0174\R5T.T0174.csproj", "{29B6F4C8-30EB-4563-9BB0-4C88A5A60E06}"
EndProject
Project("{9A19103F-16F7-4668-BE54-9A1E7A4F7556}") = "R5T.T0176", "..\..\R5T.T0176\source\R5T.T0176\R5T.T0176.csproj", "{BADCCBAC-CF2A-408B-9EE0-4A30A3030085}"
EndProject
Project("{9A19103F-16F7-4668-BE54-9A1E7A4F7556}") = "R5T.T0177", "..\..\R5T.T0177\source\R5T.T0177\R5T.T0177.csproj", "{BC4A56E3-E309-4893-B00F-CA88101461B2}"
EndProject
Project("{9A19103F-16F7-4668-BE54-9A1E7A4F7556}") = "R5T.T0178", "..\..\R5T.T0178\source\R5T.T0178\R5T.T0178.csproj", "{09B48612-BCE0-4109-9FFC-010C81DC902A}"
EndProject
Project("{9A19103F-16F7-4668-BE54-9A1E7A4F7556}") = "R5T.T0179", "..\..\R5T.T0179\source\R5T.T0179\R5T.T0179.csproj", "{0415C405-3A29-441C-B98D-63DE0E239BCD}"
EndProject
Project("{9A19103F-16F7-4668-BE54-9A1E7A4F7556}") = "R5T.T0180", "..\..\R5T.T0180\source\R5T.T0180\R5T.T0180.csproj", "{A8342B57-3826-4027-9F78-8CA03482D1C6}"
EndProject
Project("{9A19103F-16F7-4668-BE54-9A1E7A4F7556}") = "R5T.T0181", "..\..\R5T.T0181\source\R5T.T0181\R5T.T0181.csproj", "{22D105BC-EA4F-4158-BA78-0ACA416E8001}"
EndProject
Project("{9A19103F-16F7-4668-BE54-9A1E7A4F7556}") = "R5T.T0185", "..\..\R5T.T0185\source\R5T.T0185\R5T.T0185.csproj", "{1B17FB07-CCC4-43D8-AB13-E973C57FB806}"
EndProject
Project("{9A19103F-16F7-4668-BE54-9A1E7A4F7556}") = "R5T.T0198", "..\..\R5T.T0198\source\R5T.T0198\R5T.T0198.csproj", "{BBA5C54F-2246-46D4-BA8A-873B3FAB166A}"
EndProject
Project("{9A19103F-16F7-4668-BE54-9A1E7A4F7556}") = "R5T.T0202", "..\..\R5T.T0202\source\R5T.T0202\R5T.T0202.csproj", "{755E1BD4-0732-444E-979E-3C7500156675}"
EndProject
Project("{9A19103F-16F7-4668-BE54-9A1E7A4F7556}") = "R5T.T0203", "..\..\R5T.T0203\source\R5T.T0203\R5T.T0203.csproj", "{484C7E15-B324-4CE1-9012-FAE44567A114}"
EndProject
Project("{9A19103F-16F7-4668-BE54-9A1E7A4F7556}") = "R5T.T0205", "..\..\R5T.T0205\source\R5T.T0205\R5T.T0205.csproj", "{755B2DD7-C3A3-49A9-86D6-362E20784DD8}"
EndProject
Project("{9A19103F-16F7-4668-BE54-9A1E7A4F7556}") = "R5T.T0206", "..\..\R5T.T0206\source\R5T.T0206\R5T.T0206.csproj", "{E5BEA949-2EE2-415D-B8E6-91BD96218A73}"
EndProject
Project("{9A19103F-16F7-4668-BE54-9A1E7A4F7556}") = "R5T.T0208", "..\..\R5T.T0208\source\R5T.T0208\R5T.T0208.csproj", "{26CCE073-1CDC-47EC-B3BF-788CCDFC5073}"
EndProject
Project("{9A19103F-16F7-4668-BE54-9A1E7A4F7556}") = "R5T.T0210", "..\..\R5T.T0210\source\R5T.T0210\R5T.T0210.csproj", "{6DDA8484-2CEF-4851-80EB-F8F52B4AC5D1}"
EndProject
Project("{9A19103F-16F7-4668-BE54-9A1E7A4F7556}") = "R5T.Y0000", "..\..\R5T.Y0000\source\R5T.Y0000\R5T.Y0000.csproj", "{98AEFBE0-29C3-44ED-BDDA-6FAD7D871471}"
EndProject
Project("{9A19103F-16F7-4668-BE54-9A1E7A4F7556}") = "R5T.Z0000", "..\..\R5T.Z0000\source\R5T.Z0000\R5T.Z0000.csproj", "{1C5FC62F-0C4A-4CD3-A640-FDE6F90301C7}"
EndProject
Project("{9A19103F-16F7-4668-BE54-9A1E7A4F7556}") = "R5T.Z0048", "..\..\R5T.Z0048\source\R5T.Z0048\R5T.Z0048.csproj", "{E26572DB-452A-4FBA-8AA1-2F95CF1ABA11}"
EndProject
Project("{9A19103F-16F7-4668-BE54-9A1E7A4F7556}") = "R5T.O0025.O003", "R5T.O0025.O003\R5T.O0025.O003.csproj", "{CBB5961F-DFD6-470A-BA45-9B9D1ADDCE6F}"
EndProject
Project("{9A19103F-16F7-4668-BE54-9A1E7A4F7556}") = "R5T.F0019", "..\..\R5T.F0019\source\R5T.F0019\R5T.F0019.csproj", "{1B6D9443-7D46-43E2-A321-3380ACDCA81B}"
EndProject
Project("{9A19103F-16F7-4668-BE54-9A1E7A4F7556}") = "R5T.F0032", "..\..\R5T.F0032\source\R5T.F0032\R5T.F0032.csproj", "{822C2823-EAA2-4D35-9DE9-B60785189EE9}"
EndProject
Project("{9A19103F-16F7-4668-BE54-9A1E7A4F7556}") = "R5T.F0041", "..\..\R5T.F0041\source\R5T.F0041\R5T.F0041.csproj", "{1440A612-4D75-4306-8FC9-4966C32E32B6}"
EndProject
Project("{9A19103F-16F7-4668-BE54-9A1E7A4F7556}") = "R5T.F0044", "..\..\R5T.F0044\source\R5T.F0044\R5T.F0044.csproj", "{108ED88B-622F-4B3A-B5FA-41081A5FB762}"
EndProject
Project("{9A19103F-16F7-4668-BE54-9A1E7A4F7556}") = "R5T.F0046", "..\..\R5T.F0046\source\R5T.F0046\R5T.F0046.csproj", "{EE2BBE5B-C1CC-4D88-A31C-6B51BF8A1E62}"
EndProject
Project("{9A19103F-16F7-4668-BE54-9A1E7A4F7556}") = "R5T.F0047", "..\..\R5T.F0047\source\R5T.F0047\R5T.F0047.csproj", "{480A5749-0D6E-4410-A705-0975599EA200}"
EndProject
Project("{9A19103F-16F7-4668-BE54-9A1E7A4F7556}") = "R5T.F0057", "..\..\R5T.F0057\source\R5T.F0057\R5T.F0057.csproj", "{5D7B0A86-3A6D-40C5-9831-0AE0D39116C9}"
EndProject
Project("{9A19103F-16F7-4668-BE54-9A1E7A4F7556}") = "R5T.L0001.Y000", "..\..\R5T.L0001\source\R5T.L0001.Y000\R5T.L0001.Y000.csproj", "{E76165BD-ECCD-40D4-AF4D-7F82EF00C611}"
EndProject
Project("{9A19103F-16F7-4668-BE54-9A1E7A4F7556}") = "R5T.L0001.Z000", "..\..\R5T.L0001\source\R5T.L0001.Z000\R5T.L0001.Z000.csproj", "{3521587B-6C18-4F08-B2AF-7FAB5456017D}"
EndProject
Project("{9A19103F-16F7-4668-BE54-9A1E7A4F7556}") = "R5T.L0001", "..\..\R5T.L0001\source\R5T.L0001\R5T.L0001.csproj", "{5DABB8E4-C75E-4B82-A1B0-7BF29E7EF0A9}"
EndProject
Project("{9A19103F-16F7-4668-BE54-9A1E7A4F7556}") = "R5T.L0031.T000", "..\..\R5T.L0031\source\R5T.L0031.T000\R5T.L0031.T000.csproj", "{6A6CFE2E-6990-40A4-88C4-FB8D44A5C943}"
EndProject
Project("{9A19103F-16F7-4668-BE54-9A1E7A4F7556}") = "R5T.L0031", "..\..\R5T.L0031\source\R5T.L0031\R5T.L0031.csproj", "{875F3F61-B61C-4794-A5B1-C9E7508794FB}"
EndProject
Project("{9A19103F-16F7-4668-BE54-9A1E7A4F7556}") = "R5T.L0036.T000", "..\..\R5T.L0036\source\R5T.L0036.T000\R5T.L0036.T000.csproj", "{501B6695-E544-477D-A2FF-0ADADDEA2CB8}"
EndProject
Project("{9A19103F-16F7-4668-BE54-9A1E7A4F7556}") = "R5T.L0036", "..\..\R5T.L0036\source\R5T.L0036\R5T.L0036.csproj", "{34DBAA0D-FCFB-4DC9-B390-FF8120713F4B}"
EndProject
Project("{9A19103F-16F7-4668-BE54-9A1E7A4F7556}") = "R5T.NG0005", "..\..\R5T.NG0005\source\R5T.NG0005\R5T.NG0005.csproj", "{470EE6FA-943C-4F23-983B-F51AC7E10C8E}"
EndProject
Project("{9A19103F-16F7-4668-BE54-9A1E7A4F7556}") = "R5T.NG0006", "..\..\R5T.NG0006\source\R5T.NG0006\R5T.NG0006.csproj", "{84DE2279-4F3F-4D03-BBAA-23BA119C2114}"
EndProject
Project("{9A19103F-16F7-4668-BE54-9A1E7A4F7556}") = "R5T.NG0008", "..\..\R5T.NG0008\source\R5T.NG0008\R5T.NG0008.csproj", "{45EAAD03-C1A5-4BF5-B592-AA18E9188CD0}"
EndProject
Project("{9A19103F-16F7-4668-BE54-9A1E7A4F7556}") = "R5T.O0017", "..\..\R5T.O0017\source\R5T.O0017\R5T.O0017.csproj", "{69C07D13-BA71-442C-B715-DD9968EB37CA}"
EndProject
Project("{9A19103F-16F7-4668-BE54-9A1E7A4F7556}") = "R5T.O0023", "..\..\R5T.O0023\source\R5T.O0023\R5T.O0023.csproj", "{3B04B734-B954-4B38-8635-373B5231D3EA}"
EndProject
Project("{9A19103F-16F7-4668-BE54-9A1E7A4F7556}") = "R5T.O0026", "..\..\R5T.O0026\source\R5T.O0026\R5T.O0026.csproj", "{3C5983A2-9D27-4AF4-BF9A-BDA12C70BF40}"
EndProject
Project("{9A19103F-16F7-4668-BE54-9A1E7A4F7556}") = "R5T.T0046", "..\..\R5T.T0046\source\R5T.T0046\R5T.T0046.csproj", "{9526F33F-4EA1-4BF7-847A-2EDACE7C2DE3}"
EndProject
Project("{9A19103F-16F7-4668-BE54-9A1E7A4F7556}") = "R5T.T0137", "..\..\R5T.T0137\source\R5T.T0137\R5T.T0137.csproj", "{9C02324C-A6A0-493B-871D-61BCCD751B47}"
EndProject
Project("{9A19103F-16F7-4668-BE54-9A1E7A4F7556}") = "R5T.T0144", "..\..\R5T.T0144\source\R5T.T0144\R5T.T0144.csproj", "{B43BE8D9-2158-49F1-8080-19ECEDD20EBA}"
EndProject
Project("{9A19103F-16F7-4668-BE54-9A1E7A4F7556}") = "R5T.T0158", "..\..\R5T.T0158\source\R5T.T0158\R5T.T0158.csproj", "{48DD779F-58E6-40E6-9700-BFD7BA2664AE}"
EndProject
Project("{9A19103F-16F7-4668-BE54-9A1E7A4F7556}") = "R5T.T0159", "..\..\R5T.T0159\source\R5T.T0159\R5T.T0159.csproj", "{4C85B086-423F-4A5B-9E94-82D7650C1F38}"
EndProject
Project("{9A19103F-16F7-4668-BE54-9A1E7A4F7556}") = "R5T.T0184", "..\..\R5T.T0184\source\R5T.T0184\R5T.T0184.csproj", "{1063B937-0987-456B-BB9B-8BBFA0227E50}"
EndProject
Project("{9A19103F-16F7-4668-BE54-9A1E7A4F7556}") = "R5T.T0186", "..\..\R5T.T0186\source\R5T.T0186\R5T.T0186.csproj", "{2B56A458-30E9-443D-8A80-17C400433F6F}"
EndProject
Project("{9A19103F-16F7-4668-BE54-9A1E7A4F7556}") = "R5T.T0200", "..\..\R5T.T0200\source\R5T.T0200\R5T.T0200.csproj", "{EA805EB0-08BF-4CD0-8959-A74B54FCA5D3}"
EndProject
Project("{9A19103F-16F7-4668-BE54-9A1E7A4F7556}") = "R5T.T0209", "..\..\R5T.T0209\source\R5T.T0209\R5T.T0209.csproj", "{62192D4E-03E6-436B-9E72-0365AB81E559}"
EndProject
Project("{9A19103F-16F7-4668-BE54-9A1E7A4F7556}") = "R5T.Y0004", "..\..\R5T.Y0004\source\R5T.Y0004\R5T.Y0004.csproj", "{B4835221-E35D-43D5-BDED-761F5B814A47}"
EndProject
Project("{9A19103F-16F7-4668-BE54-9A1E7A4F7556}") = "R5T.Z0005", "..\..\R5T.Z0005\source\R5T.Z0005\R5T.Z0005.csproj", "{F2B8DF3A-832B-430C-90C0-1F270D11F46F}"
EndProject
Project("{9A19103F-16F7-4668-BE54-9A1E7A4F7556}") = "R5T.Z0013", "..\..\R5T.Z0013\source\R5T.Z0013\R5T.Z0013.csproj", "{FF73EC31-67E7-477A-BFF1-405457B3B612}"
EndProject
Global
	GlobalSection(NestedProjects) = preSolution
		{C30646CB-4B70-4F30-B5B1-9D4D9180765C} = {4C9D9AB3-E319-457E-B117-EC7FEB6F09D1}
		{DDCFA1D1-07DF-45B7-A13D-0F5F10E3F49F} = {4C9D9AB3-E319-457E-B117-EC7FEB6F09D1}
		{06E4932E-21F1-485A-8433-E20D9D455FEB} = {4C9D9AB3-E319-457E-B117-EC7FEB6F09D1}
		{9969AB29-55EC-47ED-A91C-FBD9B92B4379} = {4C9D9AB3-E319-457E-B117-EC7FEB6F09D1}
		{5C34C138-0FC0-469F-8CC1-B695F75EF24C} = {4C9D9AB3-E319-457E-B117-EC7FEB6F09D1}
		{BCBB7975-803F-452A-A36B-AA508BF3F3FB} = {4C9D9AB3-E319-457E-B117-EC7FEB6F09D1}
		{D64950FE-78B4-4AAC-B249-135B47F00266} = {4C9D9AB3-E319-457E-B117-EC7FEB6F09D1}
		{11B4CA58-C254-4F35-BD63-165C22EBD5EC} = {4C9D9AB3-E319-457E-B117-EC7FEB6F09D1}
		{59E11F3A-DC37-4A34-9AAD-F433325F96FA} = {4C9D9AB3-E319-457E-B117-EC7FEB6F09D1}
		{62AC82C2-ECD4-47CE-9D73-D27AA253BAE5} = {4C9D9AB3-E319-457E-B117-EC7FEB6F09D1}
		{D6FB5F07-A9D5-48C1-B41A-C751DC505803} = {4C9D9AB3-E319-457E-B117-EC7FEB6F09D1}
		{E29B249F-574B-4EFF-91CC-CCE3E751DFD4} = {4C9D9AB3-E319-457E-B117-EC7FEB6F09D1}
		{A86FFC11-12C8-4376-952B-867BA5F3245C} = {4C9D9AB3-E319-457E-B117-EC7FEB6F09D1}
		{E358A49F-D97C-459D-A100-889558C5B2FB} = {4C9D9AB3-E319-457E-B117-EC7FEB6F09D1}
		{89A79A58-E4FC-4163-8DF9-72C15E5D460C} = {4C9D9AB3-E319-457E-B117-EC7FEB6F09D1}
		{05EEDC34-2CB7-48DA-B42E-0A081C313F59} = {4C9D9AB3-E319-457E-B117-EC7FEB6F09D1}
		{17577DA3-B4D4-43F9-AB11-7CEC429069D7} = {4C9D9AB3-E319-457E-B117-EC7FEB6F09D1}
		{1F240B01-B034-4295-83CE-34861563FA06} = {4C9D9AB3-E319-457E-B117-EC7FEB6F09D1}
		{286FF58C-C78B-4BF8-A838-B10A30856AD6} = {4C9D9AB3-E319-457E-B117-EC7FEB6F09D1}
		{E8515C6E-A3F2-4A92-A259-7BFFCAC85C7F} = {4C9D9AB3-E319-457E-B117-EC7FEB6F09D1}
		{649CB793-25A2-4C82-AEA2-26336DFEF826} = {4C9D9AB3-E319-457E-B117-EC7FEB6F09D1}
		{39F18AA4-2514-4C7E-867F-9415FEC8D79A} = {4C9D9AB3-E319-457E-B117-EC7FEB6F09D1}
		{A21D4B34-C4A6-4A8C-8857-BED10FCE8750} = {4C9D9AB3-E319-457E-B117-EC7FEB6F09D1}
		{29B6F4C8-30EB-4563-9BB0-4C88A5A60E06} = {4C9D9AB3-E319-457E-B117-EC7FEB6F09D1}
		{BADCCBAC-CF2A-408B-9EE0-4A30A3030085} = {4C9D9AB3-E319-457E-B117-EC7FEB6F09D1}
		{BC4A56E3-E309-4893-B00F-CA88101461B2} = {4C9D9AB3-E319-457E-B117-EC7FEB6F09D1}
		{09B48612-BCE0-4109-9FFC-010C81DC902A} = {4C9D9AB3-E319-457E-B117-EC7FEB6F09D1}
		{0415C405-3A29-441C-B98D-63DE0E239BCD} = {4C9D9AB3-E319-457E-B117-EC7FEB6F09D1}
		{A8342B57-3826-4027-9F78-8CA03482D1C6} = {4C9D9AB3-E319-457E-B117-EC7FEB6F09D1}
		{22D105BC-EA4F-4158-BA78-0ACA416E8001} = {4C9D9AB3-E319-457E-B117-EC7FEB6F09D1}
		{1B17FB07-CCC4-43D8-AB13-E973C57FB806} = {4C9D9AB3-E319-457E-B117-EC7FEB6F09D1}
		{BBA5C54F-2246-46D4-BA8A-873B3FAB166A} = {4C9D9AB3-E319-457E-B117-EC7FEB6F09D1}
		{755E1BD4-0732-444E-979E-3C7500156675} = {4C9D9AB3-E319-457E-B117-EC7FEB6F09D1}
		{484C7E15-B324-4CE1-9012-FAE44567A114} = {4C9D9AB3-E319-457E-B117-EC7FEB6F09D1}
		{755B2DD7-C3A3-49A9-86D6-362E20784DD8} = {4C9D9AB3-E319-457E-B117-EC7FEB6F09D1}
		{E5BEA949-2EE2-415D-B8E6-91BD96218A73} = {4C9D9AB3-E319-457E-B117-EC7FEB6F09D1}
		{26CCE073-1CDC-47EC-B3BF-788CCDFC5073} = {4C9D9AB3-E319-457E-B117-EC7FEB6F09D1}
		{6DDA8484-2CEF-4851-80EB-F8F52B4AC5D1} = {4C9D9AB3-E319-457E-B117-EC7FEB6F09D1}
		{98AEFBE0-29C3-44ED-BDDA-6FAD7D871471} = {4C9D9AB3-E319-457E-B117-EC7FEB6F09D1}
		{1C5FC62F-0C4A-4CD3-A640-FDE6F90301C7} = {4C9D9AB3-E319-457E-B117-EC7FEB6F09D1}
		{E26572DB-452A-4FBA-8AA1-2F95CF1ABA11} = {4C9D9AB3-E319-457E-B117-EC7FEB6F09D1}
		{1B6D9443-7D46-43E2-A321-3380ACDCA81B} = {4C9D9AB3-E319-457E-B117-EC7FEB6F09D1}
		{822C2823-EAA2-4D35-9DE9-B60785189EE9} = {4C9D9AB3-E319-457E-B117-EC7FEB6F09D1}
		{1440A612-4D75-4306-8FC9-4966C32E32B6} = {4C9D9AB3-E319-457E-B117-EC7FEB6F09D1}
		{108ED88B-622F-4B3A-B5FA-41081A5FB762} = {4C9D9AB3-E319-457E-B117-EC7FEB6F09D1}
		{EE2BBE5B-C1CC-4D88-A31C-6B51BF8A1E62} = {4C9D9AB3-E319-457E-B117-EC7FEB6F09D1}
		{480A5749-0D6E-4410-A705-0975599EA200} = {4C9D9AB3-E319-457E-B117-EC7FEB6F09D1}
		{5D7B0A86-3A6D-40C5-9831-0AE0D39116C9} = {4C9D9AB3-E319-457E-B117-EC7FEB6F09D1}
		{E76165BD-ECCD-40D4-AF4D-7F82EF00C611} = {4C9D9AB3-E319-457E-B117-EC7FEB6F09D1}
		{3521587B-6C18-4F08-B2AF-7FAB5456017D} = {4C9D9AB3-E319-457E-B117-EC7FEB6F09D1}
		{5DABB8E4-C75E-4B82-A1B0-7BF29E7EF0A9} = {4C9D9AB3-E319-457E-B117-EC7FEB6F09D1}
		{6A6CFE2E-6990-40A4-88C4-FB8D44A5C943} = {4C9D9AB3-E319-457E-B117-EC7FEB6F09D1}
		{875F3F61-B61C-4794-A5B1-C9E7508794FB} = {4C9D9AB3-E319-457E-B117-EC7FEB6F09D1}
		{501B6695-E544-477D-A2FF-0ADADDEA2CB8} = {4C9D9AB3-E319-457E-B117-EC7FEB6F09D1}
		{34DBAA0D-FCFB-4DC9-B390-FF8120713F4B} = {4C9D9AB3-E319-457E-B117-EC7FEB6F09D1}
		{470EE6FA-943C-4F23-983B-F51AC7E10C8E} = {4C9D9AB3-E319-457E-B117-EC7FEB6F09D1}
		{84DE2279-4F3F-4D03-BBAA-23BA119C2114} = {4C9D9AB3-E319-457E-B117-EC7FEB6F09D1}
		{45EAAD03-C1A5-4BF5-B592-AA18E9188CD0} = {4C9D9AB3-E319-457E-B117-EC7FEB6F09D1}
		{69C07D13-BA71-442C-B715-DD9968EB37CA} = {4C9D9AB3-E319-457E-B117-EC7FEB6F09D1}
		{3B04B734-B954-4B38-8635-373B5231D3EA} = {4C9D9AB3-E319-457E-B117-EC7FEB6F09D1}
		{3C5983A2-9D27-4AF4-BF9A-BDA12C70BF40} = {4C9D9AB3-E319-457E-B117-EC7FEB6F09D1}
		{9526F33F-4EA1-4BF7-847A-2EDACE7C2DE3} = {4C9D9AB3-E319-457E-B117-EC7FEB6F09D1}
		{9C02324C-A6A0-493B-871D-61BCCD751B47} = {4C9D9AB3-E319-457E-B117-EC7FEB6F09D1}
		{B43BE8D9-2158-49F1-8080-19ECEDD20EBA} = {4C9D9AB3-E319-457E-B117-EC7FEB6F09D1}
		{48DD779F-58E6-40E6-9700-BFD7BA2664AE} = {4C9D9AB3-E319-457E-B117-EC7FEB6F09D1}
		{4C85B086-423F-4A5B-9E94-82D7650C1F38} = {4C9D9AB3-E319-457E-B117-EC7FEB6F09D1}
		{1063B937-0987-456B-BB9B-8BBFA0227E50} = {4C9D9AB3-E319-457E-B117-EC7FEB6F09D1}
		{2B56A458-30E9-443D-8A80-17C400433F6F} = {4C9D9AB3-E319-457E-B117-EC7FEB6F09D1}
		{EA805EB0-08BF-4CD0-8959-A74B54FCA5D3} = {4C9D9AB3-E319-457E-B117-EC7FEB6F09D1}
		{62192D4E-03E6-436B-9E72-0365AB81E559} = {4C9D9AB3-E319-457E-B117-EC7FEB6F09D1}
		{B4835221-E35D-43D5-BDED-761F5B814A47} = {4C9D9AB3-E319-457E-B117-EC7FEB6F09D1}
		{F2B8DF3A-832B-430C-90C0-1F270D11F46F} = {4C9D9AB3-E319-457E-B117-EC7FEB6F09D1}
		{FF73EC31-67E7-477A-BFF1-405457B3B612} = {4C9D9AB3-E319-457E-B117-EC7FEB6F09D1}
	EndGlobalSection
	GlobalSection(SolutionConfigurationPlatforms) = preSolution
		Debug|Any CPU = Debug|Any CPU
		Release|Any CPU = Release|Any CPU
	EndGlobalSection
	GlobalSection(ProjectConfigurationPlatforms) = postSolution
		{08B51FE1-243E-4A65-BEB9-6608E0733166}.Debug|Any CPU.ActiveCfg = Debug|Any CPU
		{08B51FE1-243E-4A65-BEB9-6608E0733166}.Debug|Any CPU.Build.0 = Debug|Any CPU
		{08B51FE1-243E-4A65-BEB9-6608E0733166}.Release|Any CPU.ActiveCfg = Release|Any CPU
		{08B51FE1-243E-4A65-BEB9-6608E0733166}.Release|Any CPU.Build.0 = Release|Any CPU
		{C30646CB-4B70-4F30-B5B1-9D4D9180765C}.Debug|Any CPU.ActiveCfg = Debug|Any CPU
		{C30646CB-4B70-4F30-B5B1-9D4D9180765C}.Debug|Any CPU.Build.0 = Debug|Any CPU
		{C30646CB-4B70-4F30-B5B1-9D4D9180765C}.Release|Any CPU.ActiveCfg = Release|Any CPU
		{C30646CB-4B70-4F30-B5B1-9D4D9180765C}.Release|Any CPU.Build.0 = Release|Any CPU
		{DDCFA1D1-07DF-45B7-A13D-0F5F10E3F49F}.Debug|Any CPU.ActiveCfg = Debug|Any CPU
		{DDCFA1D1-07DF-45B7-A13D-0F5F10E3F49F}.Debug|Any CPU.Build.0 = Debug|Any CPU
		{DDCFA1D1-07DF-45B7-A13D-0F5F10E3F49F}.Release|Any CPU.ActiveCfg = Release|Any CPU
		{DDCFA1D1-07DF-45B7-A13D-0F5F10E3F49F}.Release|Any CPU.Build.0 = Release|Any CPU
		{06E4932E-21F1-485A-8433-E20D9D455FEB}.Debug|Any CPU.ActiveCfg = Debug|Any CPU
		{06E4932E-21F1-485A-8433-E20D9D455FEB}.Debug|Any CPU.Build.0 = Debug|Any CPU
		{06E4932E-21F1-485A-8433-E20D9D455FEB}.Release|Any CPU.ActiveCfg = Release|Any CPU
		{06E4932E-21F1-485A-8433-E20D9D455FEB}.Release|Any CPU.Build.0 = Release|Any CPU
		{9969AB29-55EC-47ED-A91C-FBD9B92B4379}.Debug|Any CPU.ActiveCfg = Debug|Any CPU
		{9969AB29-55EC-47ED-A91C-FBD9B92B4379}.Debug|Any CPU.Build.0 = Debug|Any CPU
		{9969AB29-55EC-47ED-A91C-FBD9B92B4379}.Release|Any CPU.ActiveCfg = Release|Any CPU
		{9969AB29-55EC-47ED-A91C-FBD9B92B4379}.Release|Any CPU.Build.0 = Release|Any CPU
		{5C34C138-0FC0-469F-8CC1-B695F75EF24C}.Debug|Any CPU.ActiveCfg = Debug|Any CPU
		{5C34C138-0FC0-469F-8CC1-B695F75EF24C}.Debug|Any CPU.Build.0 = Debug|Any CPU
		{5C34C138-0FC0-469F-8CC1-B695F75EF24C}.Release|Any CPU.ActiveCfg = Release|Any CPU
		{5C34C138-0FC0-469F-8CC1-B695F75EF24C}.Release|Any CPU.Build.0 = Release|Any CPU
		{BCBB7975-803F-452A-A36B-AA508BF3F3FB}.Debug|Any CPU.ActiveCfg = Debug|Any CPU
		{BCBB7975-803F-452A-A36B-AA508BF3F3FB}.Debug|Any CPU.Build.0 = Debug|Any CPU
		{BCBB7975-803F-452A-A36B-AA508BF3F3FB}.Release|Any CPU.ActiveCfg = Release|Any CPU
		{BCBB7975-803F-452A-A36B-AA508BF3F3FB}.Release|Any CPU.Build.0 = Release|Any CPU
		{D64950FE-78B4-4AAC-B249-135B47F00266}.Debug|Any CPU.ActiveCfg = Debug|Any CPU
		{D64950FE-78B4-4AAC-B249-135B47F00266}.Debug|Any CPU.Build.0 = Debug|Any CPU
		{D64950FE-78B4-4AAC-B249-135B47F00266}.Release|Any CPU.ActiveCfg = Release|Any CPU
		{D64950FE-78B4-4AAC-B249-135B47F00266}.Release|Any CPU.Build.0 = Release|Any CPU
		{11B4CA58-C254-4F35-BD63-165C22EBD5EC}.Debug|Any CPU.ActiveCfg = Debug|Any CPU
		{11B4CA58-C254-4F35-BD63-165C22EBD5EC}.Debug|Any CPU.Build.0 = Debug|Any CPU
		{11B4CA58-C254-4F35-BD63-165C22EBD5EC}.Release|Any CPU.ActiveCfg = Release|Any CPU
		{11B4CA58-C254-4F35-BD63-165C22EBD5EC}.Release|Any CPU.Build.0 = Release|Any CPU
		{59E11F3A-DC37-4A34-9AAD-F433325F96FA}.Debug|Any CPU.ActiveCfg = Debug|Any CPU
		{59E11F3A-DC37-4A34-9AAD-F433325F96FA}.Debug|Any CPU.Build.0 = Debug|Any CPU
		{59E11F3A-DC37-4A34-9AAD-F433325F96FA}.Release|Any CPU.ActiveCfg = Release|Any CPU
		{59E11F3A-DC37-4A34-9AAD-F433325F96FA}.Release|Any CPU.Build.0 = Release|Any CPU
		{62AC82C2-ECD4-47CE-9D73-D27AA253BAE5}.Debug|Any CPU.ActiveCfg = Debug|Any CPU
		{62AC82C2-ECD4-47CE-9D73-D27AA253BAE5}.Debug|Any CPU.Build.0 = Debug|Any CPU
		{62AC82C2-ECD4-47CE-9D73-D27AA253BAE5}.Release|Any CPU.ActiveCfg = Release|Any CPU
		{62AC82C2-ECD4-47CE-9D73-D27AA253BAE5}.Release|Any CPU.Build.0 = Release|Any CPU
		{D6FB5F07-A9D5-48C1-B41A-C751DC505803}.Debug|Any CPU.ActiveCfg = Debug|Any CPU
		{D6FB5F07-A9D5-48C1-B41A-C751DC505803}.Debug|Any CPU.Build.0 = Debug|Any CPU
		{D6FB5F07-A9D5-48C1-B41A-C751DC505803}.Release|Any CPU.ActiveCfg = Release|Any CPU
		{D6FB5F07-A9D5-48C1-B41A-C751DC505803}.Release|Any CPU.Build.0 = Release|Any CPU
		{E29B249F-574B-4EFF-91CC-CCE3E751DFD4}.Debug|Any CPU.ActiveCfg = Debug|Any CPU
		{E29B249F-574B-4EFF-91CC-CCE3E751DFD4}.Debug|Any CPU.Build.0 = Debug|Any CPU
		{E29B249F-574B-4EFF-91CC-CCE3E751DFD4}.Release|Any CPU.ActiveCfg = Release|Any CPU
		{E29B249F-574B-4EFF-91CC-CCE3E751DFD4}.Release|Any CPU.Build.0 = Release|Any CPU
		{A86FFC11-12C8-4376-952B-867BA5F3245C}.Debug|Any CPU.ActiveCfg = Debug|Any CPU
		{A86FFC11-12C8-4376-952B-867BA5F3245C}.Debug|Any CPU.Build.0 = Debug|Any CPU
		{A86FFC11-12C8-4376-952B-867BA5F3245C}.Release|Any CPU.ActiveCfg = Release|Any CPU
		{A86FFC11-12C8-4376-952B-867BA5F3245C}.Release|Any CPU.Build.0 = Release|Any CPU
		{E358A49F-D97C-459D-A100-889558C5B2FB}.Debug|Any CPU.ActiveCfg = Debug|Any CPU
		{E358A49F-D97C-459D-A100-889558C5B2FB}.Debug|Any CPU.Build.0 = Debug|Any CPU
		{E358A49F-D97C-459D-A100-889558C5B2FB}.Release|Any CPU.ActiveCfg = Release|Any CPU
		{E358A49F-D97C-459D-A100-889558C5B2FB}.Release|Any CPU.Build.0 = Release|Any CPU
		{89A79A58-E4FC-4163-8DF9-72C15E5D460C}.Debug|Any CPU.ActiveCfg = Debug|Any CPU
		{89A79A58-E4FC-4163-8DF9-72C15E5D460C}.Debug|Any CPU.Build.0 = Debug|Any CPU
		{89A79A58-E4FC-4163-8DF9-72C15E5D460C}.Release|Any CPU.ActiveCfg = Release|Any CPU
		{89A79A58-E4FC-4163-8DF9-72C15E5D460C}.Release|Any CPU.Build.0 = Release|Any CPU
		{2506E13B-7C8B-4428-A1D9-1D5A1E2C8D2E}.Debug|Any CPU.ActiveCfg = Debug|Any CPU
		{2506E13B-7C8B-4428-A1D9-1D5A1E2C8D2E}.Debug|Any CPU.Build.0 = Debug|Any CPU
		{2506E13B-7C8B-4428-A1D9-1D5A1E2C8D2E}.Release|Any CPU.ActiveCfg = Release|Any CPU
		{2506E13B-7C8B-4428-A1D9-1D5A1E2C8D2E}.Release|Any CPU.Build.0 = Release|Any CPU
		{514AB646-4DF2-4ABD-BC5A-A41F43EC0C82}.Debug|Any CPU.ActiveCfg = Debug|Any CPU
		{514AB646-4DF2-4ABD-BC5A-A41F43EC0C82}.Debug|Any CPU.Build.0 = Debug|Any CPU
		{514AB646-4DF2-4ABD-BC5A-A41F43EC0C82}.Release|Any CPU.ActiveCfg = Release|Any CPU
		{514AB646-4DF2-4ABD-BC5A-A41F43EC0C82}.Release|Any CPU.Build.0 = Release|Any CPU
		{25E4DECF-CEBE-4C41-894D-A193786577DF}.Debug|Any CPU.ActiveCfg = Debug|Any CPU
		{25E4DECF-CEBE-4C41-894D-A193786577DF}.Debug|Any CPU.Build.0 = Debug|Any CPU
		{25E4DECF-CEBE-4C41-894D-A193786577DF}.Release|Any CPU.ActiveCfg = Release|Any CPU
		{25E4DECF-CEBE-4C41-894D-A193786577DF}.Release|Any CPU.Build.0 = Release|Any CPU
		{05EEDC34-2CB7-48DA-B42E-0A081C313F59}.Debug|Any CPU.ActiveCfg = Debug|Any CPU
		{05EEDC34-2CB7-48DA-B42E-0A081C313F59}.Debug|Any CPU.Build.0 = Debug|Any CPU
		{05EEDC34-2CB7-48DA-B42E-0A081C313F59}.Release|Any CPU.ActiveCfg = Release|Any CPU
		{05EEDC34-2CB7-48DA-B42E-0A081C313F59}.Release|Any CPU.Build.0 = Release|Any CPU
		{17577DA3-B4D4-43F9-AB11-7CEC429069D7}.Debug|Any CPU.ActiveCfg = Debug|Any CPU
		{17577DA3-B4D4-43F9-AB11-7CEC429069D7}.Debug|Any CPU.Build.0 = Debug|Any CPU
		{17577DA3-B4D4-43F9-AB11-7CEC429069D7}.Release|Any CPU.ActiveCfg = Release|Any CPU
		{17577DA3-B4D4-43F9-AB11-7CEC429069D7}.Release|Any CPU.Build.0 = Release|Any CPU
		{1F240B01-B034-4295-83CE-34861563FA06}.Debug|Any CPU.ActiveCfg = Debug|Any CPU
		{1F240B01-B034-4295-83CE-34861563FA06}.Debug|Any CPU.Build.0 = Debug|Any CPU
		{1F240B01-B034-4295-83CE-34861563FA06}.Release|Any CPU.ActiveCfg = Release|Any CPU
		{1F240B01-B034-4295-83CE-34861563FA06}.Release|Any CPU.Build.0 = Release|Any CPU
		{286FF58C-C78B-4BF8-A838-B10A30856AD6}.Debug|Any CPU.ActiveCfg = Debug|Any CPU
		{286FF58C-C78B-4BF8-A838-B10A30856AD6}.Debug|Any CPU.Build.0 = Debug|Any CPU
		{286FF58C-C78B-4BF8-A838-B10A30856AD6}.Release|Any CPU.ActiveCfg = Release|Any CPU
		{286FF58C-C78B-4BF8-A838-B10A30856AD6}.Release|Any CPU.Build.0 = Release|Any CPU
		{E8515C6E-A3F2-4A92-A259-7BFFCAC85C7F}.Debug|Any CPU.ActiveCfg = Debug|Any CPU
		{E8515C6E-A3F2-4A92-A259-7BFFCAC85C7F}.Debug|Any CPU.Build.0 = Debug|Any CPU
		{E8515C6E-A3F2-4A92-A259-7BFFCAC85C7F}.Release|Any CPU.ActiveCfg = Release|Any CPU
		{E8515C6E-A3F2-4A92-A259-7BFFCAC85C7F}.Release|Any CPU.Build.0 = Release|Any CPU
		{649CB793-25A2-4C82-AEA2-26336DFEF826}.Debug|Any CPU.ActiveCfg = Debug|Any CPU
		{649CB793-25A2-4C82-AEA2-26336DFEF826}.Debug|Any CPU.Build.0 = Debug|Any CPU
		{649CB793-25A2-4C82-AEA2-26336DFEF826}.Release|Any CPU.ActiveCfg = Release|Any CPU
		{649CB793-25A2-4C82-AEA2-26336DFEF826}.Release|Any CPU.Build.0 = Release|Any CPU
		{39F18AA4-2514-4C7E-867F-9415FEC8D79A}.Debug|Any CPU.ActiveCfg = Debug|Any CPU
		{39F18AA4-2514-4C7E-867F-9415FEC8D79A}.Debug|Any CPU.Build.0 = Debug|Any CPU
		{39F18AA4-2514-4C7E-867F-9415FEC8D79A}.Release|Any CPU.ActiveCfg = Release|Any CPU
		{39F18AA4-2514-4C7E-867F-9415FEC8D79A}.Release|Any CPU.Build.0 = Release|Any CPU
		{A21D4B34-C4A6-4A8C-8857-BED10FCE8750}.Debug|Any CPU.ActiveCfg = Debug|Any CPU
		{A21D4B34-C4A6-4A8C-8857-BED10FCE8750}.Debug|Any CPU.Build.0 = Debug|Any CPU
		{A21D4B34-C4A6-4A8C-8857-BED10FCE8750}.Release|Any CPU.ActiveCfg = Release|Any CPU
		{A21D4B34-C4A6-4A8C-8857-BED10FCE8750}.Release|Any CPU.Build.0 = Release|Any CPU
		{29B6F4C8-30EB-4563-9BB0-4C88A5A60E06}.Debug|Any CPU.ActiveCfg = Debug|Any CPU
		{29B6F4C8-30EB-4563-9BB0-4C88A5A60E06}.Debug|Any CPU.Build.0 = Debug|Any CPU
		{29B6F4C8-30EB-4563-9BB0-4C88A5A60E06}.Release|Any CPU.ActiveCfg = Release|Any CPU
		{29B6F4C8-30EB-4563-9BB0-4C88A5A60E06}.Release|Any CPU.Build.0 = Release|Any CPU
		{BADCCBAC-CF2A-408B-9EE0-4A30A3030085}.Debug|Any CPU.ActiveCfg = Debug|Any CPU
		{BADCCBAC-CF2A-408B-9EE0-4A30A3030085}.Debug|Any CPU.Build.0 = Debug|Any CPU
		{BADCCBAC-CF2A-408B-9EE0-4A30A3030085}.Release|Any CPU.ActiveCfg = Release|Any CPU
		{BADCCBAC-CF2A-408B-9EE0-4A30A3030085}.Release|Any CPU.Build.0 = Release|Any CPU
		{BC4A56E3-E309-4893-B00F-CA88101461B2}.Debug|Any CPU.ActiveCfg = Debug|Any CPU
		{BC4A56E3-E309-4893-B00F-CA88101461B2}.Debug|Any CPU.Build.0 = Debug|Any CPU
		{BC4A56E3-E309-4893-B00F-CA88101461B2}.Release|Any CPU.ActiveCfg = Release|Any CPU
		{BC4A56E3-E309-4893-B00F-CA88101461B2}.Release|Any CPU.Build.0 = Release|Any CPU
		{09B48612-BCE0-4109-9FFC-010C81DC902A}.Debug|Any CPU.ActiveCfg = Debug|Any CPU
		{09B48612-BCE0-4109-9FFC-010C81DC902A}.Debug|Any CPU.Build.0 = Debug|Any CPU
		{09B48612-BCE0-4109-9FFC-010C81DC902A}.Release|Any CPU.ActiveCfg = Release|Any CPU
		{09B48612-BCE0-4109-9FFC-010C81DC902A}.Release|Any CPU.Build.0 = Release|Any CPU
		{0415C405-3A29-441C-B98D-63DE0E239BCD}.Debug|Any CPU.ActiveCfg = Debug|Any CPU
		{0415C405-3A29-441C-B98D-63DE0E239BCD}.Debug|Any CPU.Build.0 = Debug|Any CPU
		{0415C405-3A29-441C-B98D-63DE0E239BCD}.Release|Any CPU.ActiveCfg = Release|Any CPU
		{0415C405-3A29-441C-B98D-63DE0E239BCD}.Release|Any CPU.Build.0 = Release|Any CPU
		{A8342B57-3826-4027-9F78-8CA03482D1C6}.Debug|Any CPU.ActiveCfg = Debug|Any CPU
		{A8342B57-3826-4027-9F78-8CA03482D1C6}.Debug|Any CPU.Build.0 = Debug|Any CPU
		{A8342B57-3826-4027-9F78-8CA03482D1C6}.Release|Any CPU.ActiveCfg = Release|Any CPU
		{A8342B57-3826-4027-9F78-8CA03482D1C6}.Release|Any CPU.Build.0 = Release|Any CPU
		{22D105BC-EA4F-4158-BA78-0ACA416E8001}.Debug|Any CPU.ActiveCfg = Debug|Any CPU
		{22D105BC-EA4F-4158-BA78-0ACA416E8001}.Debug|Any CPU.Build.0 = Debug|Any CPU
		{22D105BC-EA4F-4158-BA78-0ACA416E8001}.Release|Any CPU.ActiveCfg = Release|Any CPU
		{22D105BC-EA4F-4158-BA78-0ACA416E8001}.Release|Any CPU.Build.0 = Release|Any CPU
		{1B17FB07-CCC4-43D8-AB13-E973C57FB806}.Debug|Any CPU.ActiveCfg = Debug|Any CPU
		{1B17FB07-CCC4-43D8-AB13-E973C57FB806}.Debug|Any CPU.Build.0 = Debug|Any CPU
		{1B17FB07-CCC4-43D8-AB13-E973C57FB806}.Release|Any CPU.ActiveCfg = Release|Any CPU
		{1B17FB07-CCC4-43D8-AB13-E973C57FB806}.Release|Any CPU.Build.0 = Release|Any CPU
		{BBA5C54F-2246-46D4-BA8A-873B3FAB166A}.Debug|Any CPU.ActiveCfg = Debug|Any CPU
		{BBA5C54F-2246-46D4-BA8A-873B3FAB166A}.Debug|Any CPU.Build.0 = Debug|Any CPU
		{BBA5C54F-2246-46D4-BA8A-873B3FAB166A}.Release|Any CPU.ActiveCfg = Release|Any CPU
		{BBA5C54F-2246-46D4-BA8A-873B3FAB166A}.Release|Any CPU.Build.0 = Release|Any CPU
		{755E1BD4-0732-444E-979E-3C7500156675}.Debug|Any CPU.ActiveCfg = Debug|Any CPU
		{755E1BD4-0732-444E-979E-3C7500156675}.Debug|Any CPU.Build.0 = Debug|Any CPU
		{755E1BD4-0732-444E-979E-3C7500156675}.Release|Any CPU.ActiveCfg = Release|Any CPU
		{755E1BD4-0732-444E-979E-3C7500156675}.Release|Any CPU.Build.0 = Release|Any CPU
		{484C7E15-B324-4CE1-9012-FAE44567A114}.Debug|Any CPU.ActiveCfg = Debug|Any CPU
		{484C7E15-B324-4CE1-9012-FAE44567A114}.Debug|Any CPU.Build.0 = Debug|Any CPU
		{484C7E15-B324-4CE1-9012-FAE44567A114}.Release|Any CPU.ActiveCfg = Release|Any CPU
		{484C7E15-B324-4CE1-9012-FAE44567A114}.Release|Any CPU.Build.0 = Release|Any CPU
		{755B2DD7-C3A3-49A9-86D6-362E20784DD8}.Debug|Any CPU.ActiveCfg = Debug|Any CPU
		{755B2DD7-C3A3-49A9-86D6-362E20784DD8}.Debug|Any CPU.Build.0 = Debug|Any CPU
		{755B2DD7-C3A3-49A9-86D6-362E20784DD8}.Release|Any CPU.ActiveCfg = Release|Any CPU
		{755B2DD7-C3A3-49A9-86D6-362E20784DD8}.Release|Any CPU.Build.0 = Release|Any CPU
		{E5BEA949-2EE2-415D-B8E6-91BD96218A73}.Debug|Any CPU.ActiveCfg = Debug|Any CPU
		{E5BEA949-2EE2-415D-B8E6-91BD96218A73}.Debug|Any CPU.Build.0 = Debug|Any CPU
		{E5BEA949-2EE2-415D-B8E6-91BD96218A73}.Release|Any CPU.ActiveCfg = Release|Any CPU
		{E5BEA949-2EE2-415D-B8E6-91BD96218A73}.Release|Any CPU.Build.0 = Release|Any CPU
		{26CCE073-1CDC-47EC-B3BF-788CCDFC5073}.Debug|Any CPU.ActiveCfg = Debug|Any CPU
		{26CCE073-1CDC-47EC-B3BF-788CCDFC5073}.Debug|Any CPU.Build.0 = Debug|Any CPU
		{26CCE073-1CDC-47EC-B3BF-788CCDFC5073}.Release|Any CPU.ActiveCfg = Release|Any CPU
		{26CCE073-1CDC-47EC-B3BF-788CCDFC5073}.Release|Any CPU.Build.0 = Release|Any CPU
		{6DDA8484-2CEF-4851-80EB-F8F52B4AC5D1}.Debug|Any CPU.ActiveCfg = Debug|Any CPU
		{6DDA8484-2CEF-4851-80EB-F8F52B4AC5D1}.Debug|Any CPU.Build.0 = Debug|Any CPU
		{6DDA8484-2CEF-4851-80EB-F8F52B4AC5D1}.Release|Any CPU.ActiveCfg = Release|Any CPU
		{6DDA8484-2CEF-4851-80EB-F8F52B4AC5D1}.Release|Any CPU.Build.0 = Release|Any CPU
		{98AEFBE0-29C3-44ED-BDDA-6FAD7D871471}.Debug|Any CPU.ActiveCfg = Debug|Any CPU
		{98AEFBE0-29C3-44ED-BDDA-6FAD7D871471}.Debug|Any CPU.Build.0 = Debug|Any CPU
		{98AEFBE0-29C3-44ED-BDDA-6FAD7D871471}.Release|Any CPU.ActiveCfg = Release|Any CPU
		{98AEFBE0-29C3-44ED-BDDA-6FAD7D871471}.Release|Any CPU.Build.0 = Release|Any CPU
		{1C5FC62F-0C4A-4CD3-A640-FDE6F90301C7}.Debug|Any CPU.ActiveCfg = Debug|Any CPU
		{1C5FC62F-0C4A-4CD3-A640-FDE6F90301C7}.Debug|Any CPU.Build.0 = Debug|Any CPU
		{1C5FC62F-0C4A-4CD3-A640-FDE6F90301C7}.Release|Any CPU.ActiveCfg = Release|Any CPU
		{1C5FC62F-0C4A-4CD3-A640-FDE6F90301C7}.Release|Any CPU.Build.0 = Release|Any CPU
		{E26572DB-452A-4FBA-8AA1-2F95CF1ABA11}.Debug|Any CPU.ActiveCfg = Debug|Any CPU
		{E26572DB-452A-4FBA-8AA1-2F95CF1ABA11}.Debug|Any CPU.Build.0 = Debug|Any CPU
		{E26572DB-452A-4FBA-8AA1-2F95CF1ABA11}.Release|Any CPU.ActiveCfg = Release|Any CPU
		{E26572DB-452A-4FBA-8AA1-2F95CF1ABA11}.Release|Any CPU.Build.0 = Release|Any CPU
		{CBB5961F-DFD6-470A-BA45-9B9D1ADDCE6F}.Debug|Any CPU.ActiveCfg = Debug|Any CPU
		{CBB5961F-DFD6-470A-BA45-9B9D1ADDCE6F}.Debug|Any CPU.Build.0 = Debug|Any CPU
		{CBB5961F-DFD6-470A-BA45-9B9D1ADDCE6F}.Release|Any CPU.ActiveCfg = Release|Any CPU
		{CBB5961F-DFD6-470A-BA45-9B9D1ADDCE6F}.Release|Any CPU.Build.0 = Release|Any CPU
		{1B6D9443-7D46-43E2-A321-3380ACDCA81B}.Debug|Any CPU.ActiveCfg = Debug|Any CPU
		{1B6D9443-7D46-43E2-A321-3380ACDCA81B}.Debug|Any CPU.Build.0 = Debug|Any CPU
		{1B6D9443-7D46-43E2-A321-3380ACDCA81B}.Release|Any CPU.ActiveCfg = Release|Any CPU
		{1B6D9443-7D46-43E2-A321-3380ACDCA81B}.Release|Any CPU.Build.0 = Release|Any CPU
		{822C2823-EAA2-4D35-9DE9-B60785189EE9}.Debug|Any CPU.ActiveCfg = Debug|Any CPU
		{822C2823-EAA2-4D35-9DE9-B60785189EE9}.Debug|Any CPU.Build.0 = Debug|Any CPU
		{822C2823-EAA2-4D35-9DE9-B60785189EE9}.Release|Any CPU.ActiveCfg = Release|Any CPU
		{822C2823-EAA2-4D35-9DE9-B60785189EE9}.Release|Any CPU.Build.0 = Release|Any CPU
		{1440A612-4D75-4306-8FC9-4966C32E32B6}.Debug|Any CPU.ActiveCfg = Debug|Any CPU
		{1440A612-4D75-4306-8FC9-4966C32E32B6}.Debug|Any CPU.Build.0 = Debug|Any CPU
		{1440A612-4D75-4306-8FC9-4966C32E32B6}.Release|Any CPU.ActiveCfg = Release|Any CPU
		{1440A612-4D75-4306-8FC9-4966C32E32B6}.Release|Any CPU.Build.0 = Release|Any CPU
		{108ED88B-622F-4B3A-B5FA-41081A5FB762}.Debug|Any CPU.ActiveCfg = Debug|Any CPU
		{108ED88B-622F-4B3A-B5FA-41081A5FB762}.Debug|Any CPU.Build.0 = Debug|Any CPU
		{108ED88B-622F-4B3A-B5FA-41081A5FB762}.Release|Any CPU.ActiveCfg = Release|Any CPU
		{108ED88B-622F-4B3A-B5FA-41081A5FB762}.Release|Any CPU.Build.0 = Release|Any CPU
		{EE2BBE5B-C1CC-4D88-A31C-6B51BF8A1E62}.Debug|Any CPU.ActiveCfg = Debug|Any CPU
		{EE2BBE5B-C1CC-4D88-A31C-6B51BF8A1E62}.Debug|Any CPU.Build.0 = Debug|Any CPU
		{EE2BBE5B-C1CC-4D88-A31C-6B51BF8A1E62}.Release|Any CPU.ActiveCfg = Release|Any CPU
		{EE2BBE5B-C1CC-4D88-A31C-6B51BF8A1E62}.Release|Any CPU.Build.0 = Release|Any CPU
		{480A5749-0D6E-4410-A705-0975599EA200}.Debug|Any CPU.ActiveCfg = Debug|Any CPU
		{480A5749-0D6E-4410-A705-0975599EA200}.Debug|Any CPU.Build.0 = Debug|Any CPU
		{480A5749-0D6E-4410-A705-0975599EA200}.Release|Any CPU.ActiveCfg = Release|Any CPU
		{480A5749-0D6E-4410-A705-0975599EA200}.Release|Any CPU.Build.0 = Release|Any CPU
		{5D7B0A86-3A6D-40C5-9831-0AE0D39116C9}.Debug|Any CPU.ActiveCfg = Debug|Any CPU
		{5D7B0A86-3A6D-40C5-9831-0AE0D39116C9}.Debug|Any CPU.Build.0 = Debug|Any CPU
		{5D7B0A86-3A6D-40C5-9831-0AE0D39116C9}.Release|Any CPU.ActiveCfg = Release|Any CPU
		{5D7B0A86-3A6D-40C5-9831-0AE0D39116C9}.Release|Any CPU.Build.0 = Release|Any CPU
		{E76165BD-ECCD-40D4-AF4D-7F82EF00C611}.Debug|Any CPU.ActiveCfg = Debug|Any CPU
		{E76165BD-ECCD-40D4-AF4D-7F82EF00C611}.Debug|Any CPU.Build.0 = Debug|Any CPU
		{E76165BD-ECCD-40D4-AF4D-7F82EF00C611}.Release|Any CPU.ActiveCfg = Release|Any CPU
		{E76165BD-ECCD-40D4-AF4D-7F82EF00C611}.Release|Any CPU.Build.0 = Release|Any CPU
		{3521587B-6C18-4F08-B2AF-7FAB5456017D}.Debug|Any CPU.ActiveCfg = Debug|Any CPU
		{3521587B-6C18-4F08-B2AF-7FAB5456017D}.Debug|Any CPU.Build.0 = Debug|Any CPU
		{3521587B-6C18-4F08-B2AF-7FAB5456017D}.Release|Any CPU.ActiveCfg = Release|Any CPU
		{3521587B-6C18-4F08-B2AF-7FAB5456017D}.Release|Any CPU.Build.0 = Release|Any CPU
		{5DABB8E4-C75E-4B82-A1B0-7BF29E7EF0A9}.Debug|Any CPU.ActiveCfg = Debug|Any CPU
		{5DABB8E4-C75E-4B82-A1B0-7BF29E7EF0A9}.Debug|Any CPU.Build.0 = Debug|Any CPU
		{5DABB8E4-C75E-4B82-A1B0-7BF29E7EF0A9}.Release|Any CPU.ActiveCfg = Release|Any CPU
		{5DABB8E4-C75E-4B82-A1B0-7BF29E7EF0A9}.Release|Any CPU.Build.0 = Release|Any CPU
		{6A6CFE2E-6990-40A4-88C4-FB8D44A5C943}.Debug|Any CPU.ActiveCfg = Debug|Any CPU
		{6A6CFE2E-6990-40A4-88C4-FB8D44A5C943}.Debug|Any CPU.Build.0 = Debug|Any CPU
		{6A6CFE2E-6990-40A4-88C4-FB8D44A5C943}.Release|Any CPU.ActiveCfg = Release|Any CPU
		{6A6CFE2E-6990-40A4-88C4-FB8D44A5C943}.Release|Any CPU.Build.0 = Release|Any CPU
		{875F3F61-B61C-4794-A5B1-C9E7508794FB}.Debug|Any CPU.ActiveCfg = Debug|Any CPU
		{875F3F61-B61C-4794-A5B1-C9E7508794FB}.Debug|Any CPU.Build.0 = Debug|Any CPU
		{875F3F61-B61C-4794-A5B1-C9E7508794FB}.Release|Any CPU.ActiveCfg = Release|Any CPU
		{875F3F61-B61C-4794-A5B1-C9E7508794FB}.Release|Any CPU.Build.0 = Release|Any CPU
		{501B6695-E544-477D-A2FF-0ADADDEA2CB8}.Debug|Any CPU.ActiveCfg = Debug|Any CPU
		{501B6695-E544-477D-A2FF-0ADADDEA2CB8}.Debug|Any CPU.Build.0 = Debug|Any CPU
		{501B6695-E544-477D-A2FF-0ADADDEA2CB8}.Release|Any CPU.ActiveCfg = Release|Any CPU
		{501B6695-E544-477D-A2FF-0ADADDEA2CB8}.Release|Any CPU.Build.0 = Release|Any CPU
		{34DBAA0D-FCFB-4DC9-B390-FF8120713F4B}.Debug|Any CPU.ActiveCfg = Debug|Any CPU
		{34DBAA0D-FCFB-4DC9-B390-FF8120713F4B}.Debug|Any CPU.Build.0 = Debug|Any CPU
		{34DBAA0D-FCFB-4DC9-B390-FF8120713F4B}.Release|Any CPU.ActiveCfg = Release|Any CPU
		{34DBAA0D-FCFB-4DC9-B390-FF8120713F4B}.Release|Any CPU.Build.0 = Release|Any CPU
		{470EE6FA-943C-4F23-983B-F51AC7E10C8E}.Debug|Any CPU.ActiveCfg = Debug|Any CPU
		{470EE6FA-943C-4F23-983B-F51AC7E10C8E}.Debug|Any CPU.Build.0 = Debug|Any CPU
		{470EE6FA-943C-4F23-983B-F51AC7E10C8E}.Release|Any CPU.ActiveCfg = Release|Any CPU
		{470EE6FA-943C-4F23-983B-F51AC7E10C8E}.Release|Any CPU.Build.0 = Release|Any CPU
		{84DE2279-4F3F-4D03-BBAA-23BA119C2114}.Debug|Any CPU.ActiveCfg = Debug|Any CPU
		{84DE2279-4F3F-4D03-BBAA-23BA119C2114}.Debug|Any CPU.Build.0 = Debug|Any CPU
		{84DE2279-4F3F-4D03-BBAA-23BA119C2114}.Release|Any CPU.ActiveCfg = Release|Any CPU
		{84DE2279-4F3F-4D03-BBAA-23BA119C2114}.Release|Any CPU.Build.0 = Release|Any CPU
		{45EAAD03-C1A5-4BF5-B592-AA18E9188CD0}.Debug|Any CPU.ActiveCfg = Debug|Any CPU
		{45EAAD03-C1A5-4BF5-B592-AA18E9188CD0}.Debug|Any CPU.Build.0 = Debug|Any CPU
		{45EAAD03-C1A5-4BF5-B592-AA18E9188CD0}.Release|Any CPU.ActiveCfg = Release|Any CPU
		{45EAAD03-C1A5-4BF5-B592-AA18E9188CD0}.Release|Any CPU.Build.0 = Release|Any CPU
		{69C07D13-BA71-442C-B715-DD9968EB37CA}.Debug|Any CPU.ActiveCfg = Debug|Any CPU
		{69C07D13-BA71-442C-B715-DD9968EB37CA}.Debug|Any CPU.Build.0 = Debug|Any CPU
		{69C07D13-BA71-442C-B715-DD9968EB37CA}.Release|Any CPU.ActiveCfg = Release|Any CPU
		{69C07D13-BA71-442C-B715-DD9968EB37CA}.Release|Any CPU.Build.0 = Release|Any CPU
		{3B04B734-B954-4B38-8635-373B5231D3EA}.Debug|Any CPU.ActiveCfg = Debug|Any CPU
		{3B04B734-B954-4B38-8635-373B5231D3EA}.Debug|Any CPU.Build.0 = Debug|Any CPU
		{3B04B734-B954-4B38-8635-373B5231D3EA}.Release|Any CPU.ActiveCfg = Release|Any CPU
		{3B04B734-B954-4B38-8635-373B5231D3EA}.Release|Any CPU.Build.0 = Release|Any CPU
		{3C5983A2-9D27-4AF4-BF9A-BDA12C70BF40}.Debug|Any CPU.ActiveCfg = Debug|Any CPU
		{3C5983A2-9D27-4AF4-BF9A-BDA12C70BF40}.Debug|Any CPU.Build.0 = Debug|Any CPU
		{3C5983A2-9D27-4AF4-BF9A-BDA12C70BF40}.Release|Any CPU.ActiveCfg = Release|Any CPU
		{3C5983A2-9D27-4AF4-BF9A-BDA12C70BF40}.Release|Any CPU.Build.0 = Release|Any CPU
		{9526F33F-4EA1-4BF7-847A-2EDACE7C2DE3}.Debug|Any CPU.ActiveCfg = Debug|Any CPU
		{9526F33F-4EA1-4BF7-847A-2EDACE7C2DE3}.Debug|Any CPU.Build.0 = Debug|Any CPU
		{9526F33F-4EA1-4BF7-847A-2EDACE7C2DE3}.Release|Any CPU.ActiveCfg = Release|Any CPU
		{9526F33F-4EA1-4BF7-847A-2EDACE7C2DE3}.Release|Any CPU.Build.0 = Release|Any CPU
		{9C02324C-A6A0-493B-871D-61BCCD751B47}.Debug|Any CPU.ActiveCfg = Debug|Any CPU
		{9C02324C-A6A0-493B-871D-61BCCD751B47}.Debug|Any CPU.Build.0 = Debug|Any CPU
		{9C02324C-A6A0-493B-871D-61BCCD751B47}.Release|Any CPU.ActiveCfg = Release|Any CPU
		{9C02324C-A6A0-493B-871D-61BCCD751B47}.Release|Any CPU.Build.0 = Release|Any CPU
		{B43BE8D9-2158-49F1-8080-19ECEDD20EBA}.Debug|Any CPU.ActiveCfg = Debug|Any CPU
		{B43BE8D9-2158-49F1-8080-19ECEDD20EBA}.Debug|Any CPU.Build.0 = Debug|Any CPU
		{B43BE8D9-2158-49F1-8080-19ECEDD20EBA}.Release|Any CPU.ActiveCfg = Release|Any CPU
		{B43BE8D9-2158-49F1-8080-19ECEDD20EBA}.Release|Any CPU.Build.0 = Release|Any CPU
		{48DD779F-58E6-40E6-9700-BFD7BA2664AE}.Debug|Any CPU.ActiveCfg = Debug|Any CPU
		{48DD779F-58E6-40E6-9700-BFD7BA2664AE}.Debug|Any CPU.Build.0 = Debug|Any CPU
		{48DD779F-58E6-40E6-9700-BFD7BA2664AE}.Release|Any CPU.ActiveCfg = Release|Any CPU
		{48DD779F-58E6-40E6-9700-BFD7BA2664AE}.Release|Any CPU.Build.0 = Release|Any CPU
		{4C85B086-423F-4A5B-9E94-82D7650C1F38}.Debug|Any CPU.ActiveCfg = Debug|Any CPU
		{4C85B086-423F-4A5B-9E94-82D7650C1F38}.Debug|Any CPU.Build.0 = Debug|Any CPU
		{4C85B086-423F-4A5B-9E94-82D7650C1F38}.Release|Any CPU.ActiveCfg = Release|Any CPU
		{4C85B086-423F-4A5B-9E94-82D7650C1F38}.Release|Any CPU.Build.0 = Release|Any CPU
		{1063B937-0987-456B-BB9B-8BBFA0227E50}.Debug|Any CPU.ActiveCfg = Debug|Any CPU
		{1063B937-0987-456B-BB9B-8BBFA0227E50}.Debug|Any CPU.Build.0 = Debug|Any CPU
		{1063B937-0987-456B-BB9B-8BBFA0227E50}.Release|Any CPU.ActiveCfg = Release|Any CPU
		{1063B937-0987-456B-BB9B-8BBFA0227E50}.Release|Any CPU.Build.0 = Release|Any CPU
		{2B56A458-30E9-443D-8A80-17C400433F6F}.Debug|Any CPU.ActiveCfg = Debug|Any CPU
		{2B56A458-30E9-443D-8A80-17C400433F6F}.Debug|Any CPU.Build.0 = Debug|Any CPU
		{2B56A458-30E9-443D-8A80-17C400433F6F}.Release|Any CPU.ActiveCfg = Release|Any CPU
		{2B56A458-30E9-443D-8A80-17C400433F6F}.Release|Any CPU.Build.0 = Release|Any CPU
		{EA805EB0-08BF-4CD0-8959-A74B54FCA5D3}.Debug|Any CPU.ActiveCfg = Debug|Any CPU
		{EA805EB0-08BF-4CD0-8959-A74B54FCA5D3}.Debug|Any CPU.Build.0 = Debug|Any CPU
		{EA805EB0-08BF-4CD0-8959-A74B54FCA5D3}.Release|Any CPU.ActiveCfg = Release|Any CPU
		{EA805EB0-08BF-4CD0-8959-A74B54FCA5D3}.Release|Any CPU.Build.0 = Release|Any CPU
		{62192D4E-03E6-436B-9E72-0365AB81E559}.Debug|Any CPU.ActiveCfg = Debug|Any CPU
		{62192D4E-03E6-436B-9E72-0365AB81E559}.Debug|Any CPU.Build.0 = Debug|Any CPU
		{62192D4E-03E6-436B-9E72-0365AB81E559}.Release|Any CPU.ActiveCfg = Release|Any CPU
		{62192D4E-03E6-436B-9E72-0365AB81E559}.Release|Any CPU.Build.0 = Release|Any CPU
		{B4835221-E35D-43D5-BDED-761F5B814A47}.Debug|Any CPU.ActiveCfg = Debug|Any CPU
		{B4835221-E35D-43D5-BDED-761F5B814A47}.Debug|Any CPU.Build.0 = Debug|Any CPU
		{B4835221-E35D-43D5-BDED-761F5B814A47}.Release|Any CPU.ActiveCfg = Release|Any CPU
		{B4835221-E35D-43D5-BDED-761F5B814A47}.Release|Any CPU.Build.0 = Release|Any CPU
		{F2B8DF3A-832B-430C-90C0-1F270D11F46F}.Debug|Any CPU.ActiveCfg = Debug|Any CPU
		{F2B8DF3A-832B-430C-90C0-1F270D11F46F}.Debug|Any CPU.Build.0 = Debug|Any CPU
		{F2B8DF3A-832B-430C-90C0-1F270D11F46F}.Release|Any CPU.ActiveCfg = Release|Any CPU
		{F2B8DF3A-832B-430C-90C0-1F270D11F46F}.Release|Any CPU.Build.0 = Release|Any CPU
		{FF73EC31-67E7-477A-BFF1-405457B3B612}.Debug|Any CPU.ActiveCfg = Debug|Any CPU
		{FF73EC31-67E7-477A-BFF1-405457B3B612}.Debug|Any CPU.Build.0 = Debug|Any CPU
		{FF73EC31-67E7-477A-BFF1-405457B3B612}.Release|Any CPU.ActiveCfg = Release|Any CPU
		{FF73EC31-67E7-477A-BFF1-405457B3B612}.Release|Any CPU.Build.0 = Release|Any CPU
	EndGlobalSection
	GlobalSection(SolutionProperties) = preSolution
		HideSolutionNode = FALSE
	EndGlobalSection
	GlobalSection(ExtensibilityGlobals) = postSolution
		SolutionGuid = {728E1AFC-E7EB-48EF-A8D0-AA87DCE3F385}
	EndGlobalSection
EndGlobal
