
Microsoft Visual Studio Solution File, Format Version 12.00
# Visual Studio Version 17
VisualStudioVersion = 17.2.32630.192
MinimumVisualStudioVersion = 10.0.40219.1
Project("{9A19103F-16F7-4668-BE54-9A1E7A4F7556}") = "R5T.O0025.Construction", "R5T.O0025.Construction\R5T.O0025.Construction.csproj", "{FC2006D5-B947-4D6E-A6BB-823E8961162D}"
EndProject
Project("{9A19103F-16F7-4668-BE54-9A1E7A4F7556}") = "R5T.O0025", "R5T.O0025\R5T.O0025.csproj", "{3BA3EBF6-8E6E-4F67-AC38-A68A40F3B059}"
EndProject
Project("{2150E333-8FDC-42A3-9474-1A3956D46DE8}") = "_Dependencies", "_Dependencies", "{708A8013-FE5C-4075-85B1-1F7F790848C7}"
EndProject
Project("{9A19103F-16F7-4668-BE54-9A1E7A4F7556}") = "R5T.F0000", "..\..\R5T.F0000\source\R5T.F0000\R5T.F0000.csproj", "{F7AF9449-0715-46B9-86E3-9466637A8A5C}"
EndProject
Project("{9A19103F-16F7-4668-BE54-9A1E7A4F7556}") = "R5T.F0002", "..\..\R5T.F0002\source\R5T.F0002\R5T.F0002.csproj", "{B99293E0-E164-4D55-88E8-2EDE04E32DC7}"
EndProject
Project("{9A19103F-16F7-4668-BE54-9A1E7A4F7556}") = "R5T.F0091", "..\..\R5T.F0091\source\R5T.F0091\R5T.F0091.csproj", "{CB5EE09C-37B7-45E0-9653-5EFD3C0D698A}"
EndProject
Project("{9A19103F-16F7-4668-BE54-9A1E7A4F7556}") = "R5T.T0131", "..\..\R5T.T0131\source\R5T.T0131\R5T.T0131.csproj", "{ADFA4FDA-0AF2-451D-9B95-D33B79D4504C}"
EndProject
Project("{9A19103F-16F7-4668-BE54-9A1E7A4F7556}") = "R5T.T0132", "..\..\R5T.T0132\source\R5T.T0132\R5T.T0132.csproj", "{200BB0C0-139B-4D9F-AA33-AF0324568ECD}"
EndProject
Project("{9A19103F-16F7-4668-BE54-9A1E7A4F7556}") = "R5T.T0142", "..\..\R5T.T0142\source\R5T.T0142\R5T.T0142.csproj", "{F1EB0DAD-AB27-42FE-B479-98BDD0510718}"
EndProject
Project("{9A19103F-16F7-4668-BE54-9A1E7A4F7556}") = "R5T.T0143", "..\..\R5T.T0143\source\R5T.T0143\R5T.T0143.csproj", "{1EFB42DB-FB1E-4F13-97FB-B1B1EB817E7C}"
EndProject
Project("{9A19103F-16F7-4668-BE54-9A1E7A4F7556}") = "R5T.T0156", "..\..\R5T.T0156\source\R5T.T0156\R5T.T0156.csproj", "{C3814836-24B4-4D4B-9155-2BC31C5FEFA8}"
EndProject
Project("{9A19103F-16F7-4668-BE54-9A1E7A4F7556}") = "R5T.T0178", "..\..\R5T.T0178\source\R5T.T0178\R5T.T0178.csproj", "{2C2220EF-9253-409A-926F-7DB169220EC6}"
EndProject
Project("{9A19103F-16F7-4668-BE54-9A1E7A4F7556}") = "R5T.T0179", "..\..\R5T.T0179\source\R5T.T0179\R5T.T0179.csproj", "{4E69673F-E919-46B6-A435-B1944F12461F}"
EndProject
Project("{9A19103F-16F7-4668-BE54-9A1E7A4F7556}") = "R5T.T0180", "..\..\R5T.T0180\source\R5T.T0180\R5T.T0180.csproj", "{0F153C27-BE62-4491-8BB9-E865329CAFBF}"
EndProject
Project("{9A19103F-16F7-4668-BE54-9A1E7A4F7556}") = "R5T.T0185", "..\..\R5T.T0185\source\R5T.T0185\R5T.T0185.csproj", "{9DA9F507-90C0-4C37-B3D2-8B0602158AEB}"
EndProject
Project("{9A19103F-16F7-4668-BE54-9A1E7A4F7556}") = "R5T.T0203", "..\..\R5T.T0203\source\R5T.T0203\R5T.T0203.csproj", "{3976555C-B4AA-43AA-8C99-D5DF6F98D3AA}"
EndProject
Project("{9A19103F-16F7-4668-BE54-9A1E7A4F7556}") = "R5T.T0210", "..\..\R5T.T0210\source\R5T.T0210\R5T.T0210.csproj", "{6D1378B5-06FE-473F-9CD8-468FA4DD714D}"
EndProject
Project("{9A19103F-16F7-4668-BE54-9A1E7A4F7556}") = "R5T.Y0000", "..\..\R5T.Y0000\source\R5T.Y0000\R5T.Y0000.csproj", "{27B88868-690B-457C-88F8-36A042D41865}"
EndProject
Project("{9A19103F-16F7-4668-BE54-9A1E7A4F7556}") = "R5T.Z0000", "..\..\R5T.Z0000\source\R5T.Z0000\R5T.Z0000.csproj", "{847FD775-2D34-4717-A9CD-26EC5F5B660E}"
EndProject
Project("{9A19103F-16F7-4668-BE54-9A1E7A4F7556}") = "R5T.Z0052.Z000", "..\..\R5T.Z0052\source\R5T.Z0052.Z000\R5T.Z0052.Z000.csproj", "{FD866F90-8B10-47F1-95D4-FD69D0AA1AF1}"
EndProject
Project("{9A19103F-16F7-4668-BE54-9A1E7A4F7556}") = "R5T.Z0052.Z001", "..\..\R5T.Z0052\source\R5T.Z0052.Z001\R5T.Z0052.Z001.csproj", "{7854B4BB-5AFB-482D-9ABD-DAF9FBD674A2}"
EndProject
Project("{9A19103F-16F7-4668-BE54-9A1E7A4F7556}") = "R5T.Z0052", "..\..\R5T.Z0052\source\R5T.Z0052\R5T.Z0052.csproj", "{4664E632-70E4-487A-9697-2ED7777FEDEC}"
EndProject
Project("{9A19103F-16F7-4668-BE54-9A1E7A4F7556}") = "R5T.T0141", "..\..\R5T.T0141\source\R5T.T0141\R5T.T0141.csproj", "{BDD24C50-F456-4F75-870E-7376B55EF6A7}"
EndProject
Project("{9A19103F-16F7-4668-BE54-9A1E7A4F7556}") = "R5T.F0120", "..\..\R5T.F0120\source\R5T.F0120\R5T.F0120.csproj", "{8D3A520A-F0E9-4B8B-920F-D4D1174D6C66}"
EndProject
Project("{9A19103F-16F7-4668-BE54-9A1E7A4F7556}") = "R5T.F0124", "..\..\R5T.F0124\source\R5T.F0124\R5T.F0124.csproj", "{ECCE212D-2289-4AA9-BF24-F44D18ECEA71}"
EndProject
Project("{9A19103F-16F7-4668-BE54-9A1E7A4F7556}") = "R5T.L0030.T000", "..\..\R5T.L0030\source\R5T.L0030.T000\R5T.L0030.T000.csproj", "{A770B5EB-5BE9-451F-A197-46C41BCBD94D}"
EndProject
Project("{9A19103F-16F7-4668-BE54-9A1E7A4F7556}") = "R5T.L0030", "..\..\R5T.L0030\source\R5T.L0030\R5T.L0030.csproj", "{6C57BD5F-2114-417A-A678-D1690D86D45F}"
EndProject
Project("{9A19103F-16F7-4668-BE54-9A1E7A4F7556}") = "R5T.L0032.T000", "..\..\R5T.L0032\source\R5T.L0032.T000\R5T.L0032.T000.csproj", "{0E280F22-9EBA-4CE2-8A39-CD74121D18A0}"
EndProject
Project("{9A19103F-16F7-4668-BE54-9A1E7A4F7556}") = "R5T.L0034", "..\..\R5T.L0034\source\R5T.L0034\R5T.L0034.csproj", "{18D72E7B-C3A7-4579-8738-5A1F83A037C7}"
EndProject
Project("{9A19103F-16F7-4668-BE54-9A1E7A4F7556}") = "R5T.NG0022", "..\..\R5T.NG0022\source\R5T.NG0022\R5T.NG0022.csproj", "{BB0C1BB7-5B59-4A7A-8E74-634B7CFE8379}"
EndProject
Project("{9A19103F-16F7-4668-BE54-9A1E7A4F7556}") = "R5T.T0150", "..\..\R5T.T0150\source\R5T.T0150\R5T.T0150.csproj", "{8116BAEA-9EC7-4C0E-A8D1-7CD96B4F532D}"
EndProject
Project("{9A19103F-16F7-4668-BE54-9A1E7A4F7556}") = "R5T.T0151", "..\..\R5T.T0151\source\R5T.T0151\R5T.T0151.csproj", "{6EA90305-16FB-4DC7-9D5B-F15761E5ED3C}"
EndProject
Project("{9A19103F-16F7-4668-BE54-9A1E7A4F7556}") = "R5T.T0161", "..\..\R5T.T0161\source\R5T.T0161\R5T.T0161.csproj", "{FB6BB0EE-2561-4E1E-9C7F-9B2C0051E232}"
EndProject
Project("{9A19103F-16F7-4668-BE54-9A1E7A4F7556}") = "R5T.T0172", "..\..\R5T.T0172\source\R5T.T0172\R5T.T0172.csproj", "{C11CBE1C-010D-4840-8D94-7683012E0188}"
EndProject
Project("{9A19103F-16F7-4668-BE54-9A1E7A4F7556}") = "R5T.T0174", "..\..\R5T.T0174\source\R5T.T0174\R5T.T0174.csproj", "{25441FA8-F810-4B26-B243-8AD7DA66E161}"
EndProject
Project("{9A19103F-16F7-4668-BE54-9A1E7A4F7556}") = "R5T.T0176", "..\..\R5T.T0176\source\R5T.T0176\R5T.T0176.csproj", "{89C2B0D0-D826-4FF1-9A0D-D7DCCFEACD8C}"
EndProject
Project("{9A19103F-16F7-4668-BE54-9A1E7A4F7556}") = "R5T.T0177", "..\..\R5T.T0177\source\R5T.T0177\R5T.T0177.csproj", "{CCA3A16D-B9BA-4A6F-8B1A-BB3AAF0D92DA}"
EndProject
Project("{9A19103F-16F7-4668-BE54-9A1E7A4F7556}") = "R5T.T0181", "..\..\R5T.T0181\source\R5T.T0181\R5T.T0181.csproj", "{851557EE-2742-43DD-842C-C057C7742DBE}"
EndProject
Project("{9A19103F-16F7-4668-BE54-9A1E7A4F7556}") = "R5T.T0184", "..\..\R5T.T0184\source\R5T.T0184\R5T.T0184.csproj", "{19E3026A-FC91-45D6-AC9C-16BB2DEC9EB2}"
EndProject
Project("{9A19103F-16F7-4668-BE54-9A1E7A4F7556}") = "R5T.T0186", "..\..\R5T.T0186\source\R5T.T0186\R5T.T0186.csproj", "{529078CF-2FA1-476E-A8F6-EAA74440F65B}"
EndProject
Project("{9A19103F-16F7-4668-BE54-9A1E7A4F7556}") = "R5T.T0187", "..\..\R5T.T0187\source\R5T.T0187\R5T.T0187.csproj", "{9CA3171F-36DE-4E0A-8531-65A515B416E1}"
EndProject
Project("{9A19103F-16F7-4668-BE54-9A1E7A4F7556}") = "R5T.T0196", "..\..\R5T.T0196\source\R5T.T0196\R5T.T0196.csproj", "{577F5985-0929-4069-AFD2-A89C7D75829B}"
EndProject
Project("{9A19103F-16F7-4668-BE54-9A1E7A4F7556}") = "R5T.T0197", "..\..\R5T.T0197\source\R5T.T0197\R5T.T0197.csproj", "{D3FC0B2F-72FB-438E-AC10-DCC54BC40773}"
EndProject
Project("{9A19103F-16F7-4668-BE54-9A1E7A4F7556}") = "R5T.T0198", "..\..\R5T.T0198\source\R5T.T0198\R5T.T0198.csproj", "{D567E6EF-110A-4DE8-8878-638B5A2B310C}"
EndProject
Project("{9A19103F-16F7-4668-BE54-9A1E7A4F7556}") = "R5T.T0200", "..\..\R5T.T0200\source\R5T.T0200\R5T.T0200.csproj", "{CBC65E4F-8CD1-4897-9695-822045923E90}"
EndProject
Project("{9A19103F-16F7-4668-BE54-9A1E7A4F7556}") = "R5T.Z0046", "..\..\R5T.Z0046\source\R5T.Z0046\R5T.Z0046.csproj", "{08909AE5-342E-40A3-BE32-8BF7008AF2F1}"
EndProject
Project("{9A19103F-16F7-4668-BE54-9A1E7A4F7556}") = "R5T.F0125", "..\..\R5T.F0125\source\R5T.F0125\R5T.F0125.csproj", "{1E93FD00-44F0-4258-8EAC-3224863A169D}"
EndProject
Project("{9A19103F-16F7-4668-BE54-9A1E7A4F7556}") = "R5T.L0035", "..\..\R5T.L0035\source\R5T.L0035\R5T.L0035.csproj", "{1CA0C2CD-4BDE-46A8-852F-E124C3F7DFBE}"
EndProject
Project("{9A19103F-16F7-4668-BE54-9A1E7A4F7556}") = "R5T.O0025.O000", "R5T.O0025.O000\R5T.O0025.O000.csproj", "{3C7A3856-10A7-4D28-AD5B-96B7A37AB41A}"
EndProject
Project("{9A19103F-16F7-4668-BE54-9A1E7A4F7556}") = "R5T.L0032.F000", "..\..\R5T.L0032\source\R5T.L0032.F000\R5T.L0032.F000.csproj", "{26E6BEFE-05E5-4054-A126-4B9E6D7F47E2}"
EndProject
Project("{9A19103F-16F7-4668-BE54-9A1E7A4F7556}") = "R5T.L0032.Z000", "..\..\R5T.L0032\source\R5T.L0032.Z000\R5T.L0032.Z000.csproj", "{4231789A-0E59-4C5C-9D68-E580AD73098D}"
EndProject
Project("{9A19103F-16F7-4668-BE54-9A1E7A4F7556}") = "R5T.O0025.O001", "R5T.O0025.O001\R5T.O0025.O001.csproj", "{4A086470-AD72-44F5-B68A-1E756C4EEF0A}"
EndProject
Project("{9A19103F-16F7-4668-BE54-9A1E7A4F7556}") = "R5T.Z0053", "..\..\R5T.Z0053\source\R5T.Z0053\R5T.Z0053.csproj", "{C030FC41-1787-4168-9980-5B0EF3D00951}"
EndProject
Project("{9A19103F-16F7-4668-BE54-9A1E7A4F7556}") = "R5T.L0032", "..\..\R5T.L0032\source\R5T.L0032\R5T.L0032.csproj", "{636869F9-1CD2-445F-9F2D-66FF2245A44C}"
EndProject
Project("{9A19103F-16F7-4668-BE54-9A1E7A4F7556}") = "R5T.T0202", "..\..\R5T.T0202\source\R5T.T0202\R5T.T0202.csproj", "{5B418488-656D-4DF0-8907-C2363EA64A4E}"
EndProject
Project("{9A19103F-16F7-4668-BE54-9A1E7A4F7556}") = "R5T.T0205", "..\..\R5T.T0205\source\R5T.T0205\R5T.T0205.csproj", "{740DF46A-3E1E-4330-AACD-50778E72E86E}"
EndProject
Project("{9A19103F-16F7-4668-BE54-9A1E7A4F7556}") = "R5T.T0206", "..\..\R5T.T0206\source\R5T.T0206\R5T.T0206.csproj", "{2AC33747-FD56-4077-A2A1-D38059509D80}"
EndProject
Project("{9A19103F-16F7-4668-BE54-9A1E7A4F7556}") = "R5T.T0208", "..\..\R5T.T0208\source\R5T.T0208\R5T.T0208.csproj", "{9B4D2C56-5B37-481A-B22C-B033A58B8163}"
EndProject
Project("{9A19103F-16F7-4668-BE54-9A1E7A4F7556}") = "R5T.F0033", "..\..\R5T.F0033\source\R5T.F0033\R5T.F0033.csproj", "{7D3B21A3-186D-418D-AFC6-D0D8836E4F39}"
EndProject
Project("{9A19103F-16F7-4668-BE54-9A1E7A4F7556}") = "R5T.O0025.O002", "R5T.O0025.O002\R5T.O0025.O002.csproj", "{4168B003-AC58-4DF8-ACFB-A50DA4DCA61A}"
EndProject
Project("{9A19103F-16F7-4668-BE54-9A1E7A4F7556}") = "R5T.L0033.Z001", "..\..\R5T.L0033\source\R5T.L0033.Z001\R5T.L0033.Z001.csproj", "{B437BB21-0175-4BB5-8F4C-3D54E2E770F1}"
EndProject
Project("{9A19103F-16F7-4668-BE54-9A1E7A4F7556}") = "R5T.Z0048", "..\..\R5T.Z0048\source\R5T.Z0048\R5T.Z0048.csproj", "{8A986185-B877-4103-A1CF-4874F86B18F3}"
EndProject
Project("{9A19103F-16F7-4668-BE54-9A1E7A4F7556}") = "R5T.F0019", "..\..\R5T.F0019\source\R5T.F0019\R5T.F0019.csproj", "{5EF277D5-AF28-4A8B-9DC6-C90141523E4B}"
EndProject
Project("{9A19103F-16F7-4668-BE54-9A1E7A4F7556}") = "R5T.F0032", "..\..\R5T.F0032\source\R5T.F0032\R5T.F0032.csproj", "{C201FBDD-E201-4F90-8763-68C66AD54AF2}"
EndProject
Project("{9A19103F-16F7-4668-BE54-9A1E7A4F7556}") = "R5T.F0033.Platform", "..\..\R5T.F0033\source\R5T.F0033.Platform\R5T.F0033.Platform.csproj", "{BAF72982-9F5C-4F57-AE10-AE9FF298CBE3}"
EndProject
Project("{9A19103F-16F7-4668-BE54-9A1E7A4F7556}") = "R5T.F0041", "..\..\R5T.F0041\source\R5T.F0041\R5T.F0041.csproj", "{6E7E515A-46B5-4435-BFA3-9488BA03D53D}"
EndProject
Project("{9A19103F-16F7-4668-BE54-9A1E7A4F7556}") = "R5T.F0044", "..\..\R5T.F0044\source\R5T.F0044\R5T.F0044.csproj", "{864932A1-9315-4EFA-B057-EC624EA8F801}"
EndProject
Project("{9A19103F-16F7-4668-BE54-9A1E7A4F7556}") = "R5T.F0046", "..\..\R5T.F0046\source\R5T.F0046\R5T.F0046.csproj", "{8EFE85C3-658E-4C59-B865-56BBACFA617C}"
EndProject
Project("{9A19103F-16F7-4668-BE54-9A1E7A4F7556}") = "R5T.F0047", "..\..\R5T.F0047\source\R5T.F0047\R5T.F0047.csproj", "{7C0F0A79-ADDD-47A6-9BC9-E0B89B9EEA7D}"
EndProject
Project("{9A19103F-16F7-4668-BE54-9A1E7A4F7556}") = "R5T.F0057", "..\..\R5T.F0057\source\R5T.F0057\R5T.F0057.csproj", "{DC744C6C-EA92-457E-B77B-FD547030C4C3}"
EndProject
Project("{9A19103F-16F7-4668-BE54-9A1E7A4F7556}") = "R5T.F0059", "..\..\R5T.F0059\source\R5T.F0059\R5T.F0059.csproj", "{F58B1B42-BED8-470A-8873-7E5D3021DD81}"
EndProject
Project("{9A19103F-16F7-4668-BE54-9A1E7A4F7556}") = "R5T.F0129", "..\..\R5T.F0129\source\R5T.F0129\R5T.F0129.csproj", "{E396E94E-7827-4F85-A637-69719D50F2EF}"
EndProject
Project("{9A19103F-16F7-4668-BE54-9A1E7A4F7556}") = "R5T.F0130", "..\..\R5T.F0130\source\R5T.F0130\R5T.F0130.csproj", "{C61FA2C0-9CD6-410D-A3DD-7977E5803697}"
EndProject
Project("{9A19103F-16F7-4668-BE54-9A1E7A4F7556}") = "R5T.L0001.Y000", "..\..\R5T.L0001\source\R5T.L0001.Y000\R5T.L0001.Y000.csproj", "{39340E36-FA4E-4D5F-BB08-D186DB2AAF67}"
EndProject
Project("{9A19103F-16F7-4668-BE54-9A1E7A4F7556}") = "R5T.L0001.Z000", "..\..\R5T.L0001\source\R5T.L0001.Z000\R5T.L0001.Z000.csproj", "{D61271FE-D57D-401D-B245-70CA26507014}"
EndProject
Project("{9A19103F-16F7-4668-BE54-9A1E7A4F7556}") = "R5T.L0001", "..\..\R5T.L0001\source\R5T.L0001\R5T.L0001.csproj", "{8C94E9FB-E364-4306-8857-629D9BA65D6A}"
EndProject
Project("{9A19103F-16F7-4668-BE54-9A1E7A4F7556}") = "R5T.L0031.T000", "..\..\R5T.L0031\source\R5T.L0031.T000\R5T.L0031.T000.csproj", "{1C461440-E6C0-4F8D-9464-41B02ADF4721}"
EndProject
Project("{9A19103F-16F7-4668-BE54-9A1E7A4F7556}") = "R5T.L0031", "..\..\R5T.L0031\source\R5T.L0031\R5T.L0031.csproj", "{BFB9D585-AF34-4FDE-964A-011DED7AD964}"
EndProject
Project("{9A19103F-16F7-4668-BE54-9A1E7A4F7556}") = "R5T.L0032.F001", "..\..\R5T.L0032\source\R5T.L0032.F001\R5T.L0032.F001.csproj", "{DE013CA5-DC39-458B-9B9E-656CCD00458E}"
EndProject
Project("{9A19103F-16F7-4668-BE54-9A1E7A4F7556}") = "R5T.L0032.F003", "..\..\R5T.L0032\source\R5T.L0032.F003\R5T.L0032.F003.csproj", "{43AAD1B1-24E9-4261-BC29-7E2BA81DB3AA}"
EndProject
Project("{9A19103F-16F7-4668-BE54-9A1E7A4F7556}") = "R5T.L0032.F004", "..\..\R5T.L0032\source\R5T.L0032.F004\R5T.L0032.F004.csproj", "{F4883DCE-91F6-4C9F-BF90-3D8CF366D4C8}"
EndProject
Project("{9A19103F-16F7-4668-BE54-9A1E7A4F7556}") = "R5T.L0032.Y000", "..\..\R5T.L0032\source\R5T.L0032.Y000\R5T.L0032.Y000.csproj", "{8D9A5C94-D1BA-4303-AB0D-4CE6861FE400}"
EndProject
Project("{9A19103F-16F7-4668-BE54-9A1E7A4F7556}") = "R5T.L0032.Z001", "..\..\R5T.L0032\source\R5T.L0032.Z001\R5T.L0032.Z001.csproj", "{AAE615DE-3FAA-4E78-BD59-5E53C16C292B}"
EndProject
Project("{9A19103F-16F7-4668-BE54-9A1E7A4F7556}") = "R5T.L0032.Z002", "..\..\R5T.L0032\source\R5T.L0032.Z002\R5T.L0032.Z002.csproj", "{A9EE58CD-5261-44F2-A557-E24A9CB46496}"
EndProject
Project("{9A19103F-16F7-4668-BE54-9A1E7A4F7556}") = "R5T.L0036.T000", "..\..\R5T.L0036\source\R5T.L0036.T000\R5T.L0036.T000.csproj", "{530D4A0F-009C-4AB3-821F-62E14F66CAD6}"
EndProject
Project("{9A19103F-16F7-4668-BE54-9A1E7A4F7556}") = "R5T.L0036", "..\..\R5T.L0036\source\R5T.L0036\R5T.L0036.csproj", "{055FFDCC-38BD-49CE-860B-C59C28B420CC}"
EndProject
Project("{9A19103F-16F7-4668-BE54-9A1E7A4F7556}") = "R5T.L0053", "..\..\R5T.L0053\source\R5T.L0053\R5T.L0053.csproj", "{F90502C5-FE00-402A-AC8D-5E9283C94514}"
EndProject
Project("{9A19103F-16F7-4668-BE54-9A1E7A4F7556}") = "R5T.L0056", "..\..\R5T.L0056\source\R5T.L0056\R5T.L0056.csproj", "{D92C5E05-7C6E-4437-AEFF-CED226A213BC}"
EndProject
Project("{9A19103F-16F7-4668-BE54-9A1E7A4F7556}") = "R5T.L0057", "..\..\R5T.L0057\source\R5T.L0057\R5T.L0057.csproj", "{33957B87-F356-4267-AA6B-FBF5EF91E54E}"
EndProject
Project("{9A19103F-16F7-4668-BE54-9A1E7A4F7556}") = "R5T.L0061", "..\..\R5T.L0061\source\R5T.L0061\R5T.L0061.csproj", "{AF85A3F0-3EA8-4B6B-8A54-90692E2FA8BF}"
EndProject
Project("{9A19103F-16F7-4668-BE54-9A1E7A4F7556}") = "R5T.L0066", "..\..\R5T.L0066\source\R5T.L0066\R5T.L0066.csproj", "{A85EC3E1-B04F-4AE5-957F-D148A48E3C8F}"
EndProject
Project("{9A19103F-16F7-4668-BE54-9A1E7A4F7556}") = "R5T.L0071", "..\..\R5T.L0071\source\R5T.L0071\R5T.L0071.csproj", "{FDE22F14-F89F-4E36-A191-55AFF31E6DE7}"
EndProject
Project("{9A19103F-16F7-4668-BE54-9A1E7A4F7556}") = "R5T.L0074", "..\..\R5T.L0074\source\R5T.L0074\R5T.L0074.csproj", "{1BE73F21-C39F-4804-BC9D-69C7726CC3EB}"
EndProject
Project("{9A19103F-16F7-4668-BE54-9A1E7A4F7556}") = "R5T.NG0005", "..\..\R5T.NG0005\source\R5T.NG0005\R5T.NG0005.csproj", "{16C46BA0-DA25-40CB-825F-6741353A1626}"
EndProject
Project("{9A19103F-16F7-4668-BE54-9A1E7A4F7556}") = "R5T.NG0006", "..\..\R5T.NG0006\source\R5T.NG0006\R5T.NG0006.csproj", "{B656D4FF-6963-4F96-9D37-F814CADF2CA4}"
EndProject
Project("{9A19103F-16F7-4668-BE54-9A1E7A4F7556}") = "R5T.NG0008", "..\..\R5T.NG0008\source\R5T.NG0008\R5T.NG0008.csproj", "{ABA65427-1F19-4BFC-99B6-540AA2790EA3}"
EndProject
Project("{9A19103F-16F7-4668-BE54-9A1E7A4F7556}") = "R5T.NG0010", "..\..\R5T.NG0010\source\R5T.NG0010\R5T.NG0010.csproj", "{32DAF8E9-B035-4733-91AF-979F403C3B21}"
EndProject
Project("{9A19103F-16F7-4668-BE54-9A1E7A4F7556}") = "R5T.O0017", "..\..\R5T.O0017\source\R5T.O0017\R5T.O0017.csproj", "{34E0819F-1E32-4160-A281-211FE6D743BB}"
EndProject
Project("{9A19103F-16F7-4668-BE54-9A1E7A4F7556}") = "R5T.O0023", "..\..\R5T.O0023\source\R5T.O0023\R5T.O0023.csproj", "{D2AB817C-7D13-482C-9500-6D1EA6489F70}"
EndProject
Project("{9A19103F-16F7-4668-BE54-9A1E7A4F7556}") = "R5T.O0025.O003", "R5T.O0025.O003\R5T.O0025.O003.csproj", "{E1F07A64-A35C-416E-B598-DDAAF3CE19AE}"
EndProject
Project("{9A19103F-16F7-4668-BE54-9A1E7A4F7556}") = "R5T.O0026.O001", "..\..\R5T.O0026\source\R5T.O0026.O001\R5T.O0026.O001.csproj", "{E2AC8E59-D1C4-40E8-A535-409E21C7200A}"
EndProject
Project("{9A19103F-16F7-4668-BE54-9A1E7A4F7556}") = "R5T.O0026.O002", "..\..\R5T.O0026\source\R5T.O0026.O002\R5T.O0026.O002.csproj", "{7FDDD27A-7443-4BD1-B473-53CA6348CCB1}"
EndProject
Project("{9A19103F-16F7-4668-BE54-9A1E7A4F7556}") = "R5T.O0026", "..\..\R5T.O0026\source\R5T.O0026\R5T.O0026.csproj", "{5468153B-26F3-4CB8-B87C-7D5654C689E1}"
EndProject
Project("{9A19103F-16F7-4668-BE54-9A1E7A4F7556}") = "R5T.T0046", "..\..\R5T.T0046\source\R5T.T0046\R5T.T0046.csproj", "{362A1A17-EC6F-4A4A-A0F7-FF53BBC87658}"
EndProject
Project("{9A19103F-16F7-4668-BE54-9A1E7A4F7556}") = "R5T.T0137", "..\..\R5T.T0137\source\R5T.T0137\R5T.T0137.csproj", "{0B94D29B-DEB9-406B-9176-5608218B5F64}"
EndProject
Project("{9A19103F-16F7-4668-BE54-9A1E7A4F7556}") = "R5T.T0144", "..\..\R5T.T0144\source\R5T.T0144\R5T.T0144.csproj", "{3C54EC2C-1C3A-4007-870D-14175D92B030}"
EndProject
Project("{9A19103F-16F7-4668-BE54-9A1E7A4F7556}") = "R5T.T0158", "..\..\R5T.T0158\source\R5T.T0158\R5T.T0158.csproj", "{FB1A31FD-755B-4777-8CF8-4013121EC00D}"
EndProject
Project("{9A19103F-16F7-4668-BE54-9A1E7A4F7556}") = "R5T.T0159", "..\..\R5T.T0159\source\R5T.T0159\R5T.T0159.csproj", "{27FAD923-CF4B-49AE-8C2E-E0611B51DEF4}"
EndProject
Project("{9A19103F-16F7-4668-BE54-9A1E7A4F7556}") = "R5T.T0199.T000", "..\..\R5T.T0199\source\R5T.T0199.T000\R5T.T0199.T000.csproj", "{93CF6BC8-C0B1-476E-A5B7-ED04ED473749}"
EndProject
Project("{9A19103F-16F7-4668-BE54-9A1E7A4F7556}") = "R5T.T0199.T001", "..\..\R5T.T0199\source\R5T.T0199.T001\R5T.T0199.T001.csproj", "{BE356A74-126B-4C9F-AFCE-3EFECE5F5495}"
EndProject
Project("{9A19103F-16F7-4668-BE54-9A1E7A4F7556}") = "R5T.T0199", "..\..\R5T.T0199\source\R5T.T0199\R5T.T0199.csproj", "{D2254334-1677-48EB-B7BA-3253C740293D}"
EndProject
Project("{9A19103F-16F7-4668-BE54-9A1E7A4F7556}") = "R5T.T0209", "..\..\R5T.T0209\source\R5T.T0209\R5T.T0209.csproj", "{857D1773-5110-4D80-B600-79E970579063}"
EndProject
Project("{9A19103F-16F7-4668-BE54-9A1E7A4F7556}") = "R5T.T0213", "..\..\R5T.T0213\source\R5T.T0213\R5T.T0213.csproj", "{685559B5-761C-4FC2-9785-6AE821EC90B5}"
EndProject
Project("{9A19103F-16F7-4668-BE54-9A1E7A4F7556}") = "R5T.T0218", "..\..\R5T.T0218\source\R5T.T0218\R5T.T0218.csproj", "{02512B28-FC57-473F-B036-ACD4B0CAA075}"
EndProject
Project("{9A19103F-16F7-4668-BE54-9A1E7A4F7556}") = "R5T.T0219", "..\..\R5T.T0219\source\R5T.T0219\R5T.T0219.csproj", "{0D40875C-380C-4AF7-82A3-D4686B22773B}"
EndProject
Project("{9A19103F-16F7-4668-BE54-9A1E7A4F7556}") = "R5T.T0220", "..\..\R5T.T0220\source\R5T.T0220\R5T.T0220.csproj", "{897E3139-8467-439A-8695-40A63269CE30}"
EndProject
Project("{9A19103F-16F7-4668-BE54-9A1E7A4F7556}") = "R5T.T0221", "..\..\R5T.T0221\source\R5T.T0221\R5T.T0221.csproj", "{3387EBAB-951C-416D-A4EF-C3BAD6AB9C49}"
EndProject
Project("{9A19103F-16F7-4668-BE54-9A1E7A4F7556}") = "R5T.T0224", "..\..\R5T.T0224\source\R5T.T0224\R5T.T0224.csproj", "{6F07C693-1269-4BE8-8DEF-77F415199DE0}"
EndProject
Project("{9A19103F-16F7-4668-BE54-9A1E7A4F7556}") = "R5T.T0227", "..\..\R5T.T0227\source\R5T.T0227\R5T.T0227.csproj", "{3F3AB6EE-B2DD-484F-B7AC-8A486C053C38}"
EndProject
Project("{9A19103F-16F7-4668-BE54-9A1E7A4F7556}") = "R5T.Y0004", "..\..\R5T.Y0004\source\R5T.Y0004\R5T.Y0004.csproj", "{A3C27ED4-E85C-4881-8B65-F89BFD69797B}"
EndProject
Project("{9A19103F-16F7-4668-BE54-9A1E7A4F7556}") = "R5T.Y0006", "..\..\R5T.Y0006\source\R5T.Y0006\R5T.Y0006.csproj", "{A1CA4075-5F5C-4A26-B4AC-026C6DBECE83}"
EndProject
Project("{9A19103F-16F7-4668-BE54-9A1E7A4F7556}") = "R5T.Z0005", "..\..\R5T.Z0005\source\R5T.Z0005\R5T.Z0005.csproj", "{106CAC51-6F7E-4E9A-85A9-DB4022DE6C5E}"
EndProject
Project("{9A19103F-16F7-4668-BE54-9A1E7A4F7556}") = "R5T.Z0010.Platform", "..\..\R5T.Z0010\source\R5T.Z0010.Platform\R5T.Z0010.Platform.csproj", "{8324F812-A3FA-426F-ADBF-D85455D57FD3}"
EndProject
Project("{9A19103F-16F7-4668-BE54-9A1E7A4F7556}") = "R5T.Z0010", "..\..\R5T.Z0010\source\R5T.Z0010\R5T.Z0010.csproj", "{B87F2F8C-299E-4E47-B140-BA5C5DAD7EA4}"
EndProject
Project("{9A19103F-16F7-4668-BE54-9A1E7A4F7556}") = "R5T.Z0013", "..\..\R5T.Z0013\source\R5T.Z0013\R5T.Z0013.csproj", "{B2CAF93D-FD24-41A6-A036-424FD9B24424}"
EndProject
Project("{9A19103F-16F7-4668-BE54-9A1E7A4F7556}") = "R5T.Z0044.Z001", "..\..\R5T.Z0044\source\R5T.Z0044.Z001\R5T.Z0044.Z001.csproj", "{9525EFF9-D7A1-4815-A87E-2F48175B5C81}"
EndProject
Project("{9A19103F-16F7-4668-BE54-9A1E7A4F7556}") = "R5T.Z0046.Platform", "..\..\R5T.Z0046\source\R5T.Z0046.Platform\R5T.Z0046.Platform.csproj", "{C3B60FB7-BC73-452A-B03C-53B16506F1DC}"
EndProject
Project("{9A19103F-16F7-4668-BE54-9A1E7A4F7556}") = "R5T.Z0057.Platform", "..\..\R5T.Z0057\source\R5T.Z0057.Platform\R5T.Z0057.Platform.csproj", "{C74AA950-D2FA-4B5D-8272-8B14906AB0F4}"
EndProject
Project("{9A19103F-16F7-4668-BE54-9A1E7A4F7556}") = "R5T.Z0057", "..\..\R5T.Z0057\source\R5T.Z0057\R5T.Z0057.csproj", "{A493A85C-B53E-4537-8DAE-89D6086C927E}"
EndProject
Project("{9A19103F-16F7-4668-BE54-9A1E7A4F7556}") = "R5T.Z0058", "..\..\R5T.Z0058\source\R5T.Z0058\R5T.Z0058.csproj", "{151ADAF1-EED2-409B-8E0F-BB4D82260F60}"
EndProject
Project("{9A19103F-16F7-4668-BE54-9A1E7A4F7556}") = "F10Y.L0000", "..\..\..\Functionairy\F10Y.L0000\source\F10Y.L0000\F10Y.L0000.csproj", "{870A27D5-BB9F-44B6-9584-3D0E6A5616B3}"
EndProject
Project("{9A19103F-16F7-4668-BE54-9A1E7A4F7556}") = "F10Y.T0000", "..\..\..\Functionairy\F10Y.T0000\source\F10Y.T0000\F10Y.T0000.csproj", "{AE274B37-5870-461E-AD37-21B3CA2FB3CE}"
EndProject
Project("{9A19103F-16F7-4668-BE54-9A1E7A4F7556}") = "F10Y.T0001", "..\..\..\Functionairy\F10Y.T0001\source\F10Y.T0001\F10Y.T0001.csproj", "{F82CE605-4D4D-45BB-A502-72C9BA271AB9}"
EndProject
Project("{9A19103F-16F7-4668-BE54-9A1E7A4F7556}") = "F10Y.T0002", "..\..\..\Functionairy\F10Y.T0002\source\F10Y.T0002\F10Y.T0002.csproj", "{827D90AE-0972-4914-A509-E16F4B43FDAA}"
EndProject
Project("{9A19103F-16F7-4668-BE54-9A1E7A4F7556}") = "F10Y.T0003", "..\..\..\Functionairy\F10Y.T0003\source\F10Y.T0003\F10Y.T0003.csproj", "{44B67435-8087-48E2-A46A-B9D5D9C8A039}"
EndProject
Project("{9A19103F-16F7-4668-BE54-9A1E7A4F7556}") = "F10Y.T0011", "..\..\..\Functionairy\F10Y.T0011\source\F10Y.T0011\F10Y.T0011.csproj", "{39CB8E7D-3CAC-4E5C-968A-549BAA537B0E}"
EndProject
Project("{9A19103F-16F7-4668-BE54-9A1E7A4F7556}") = "F10Y.Y0000", "..\..\..\Functionairy\F10Y.Y0000\source\F10Y.Y0000\F10Y.Y0000.csproj", "{DBFB9108-9DDF-4FED-B286-6FC9F679D11C}"
EndProject
Project("{9A19103F-16F7-4668-BE54-9A1E7A4F7556}") = "R5T.F0016.F001", "..\..\R5T.F0016\source\R5T.F0016.F001\R5T.F0016.F001.csproj", "{50BC457A-810A-432F-8A91-15F44BB1ED6B}"
EndProject
Project("{9A19103F-16F7-4668-BE54-9A1E7A4F7556}") = "R5T.F0016", "..\..\R5T.F0016\source\R5T.F0016\R5T.F0016.csproj", "{886984B3-637E-409D-B160-EBFA61DB95B3}"
EndProject
Project("{9A19103F-16F7-4668-BE54-9A1E7A4F7556}") = "R5T.F0020", "..\..\R5T.F0020\source\R5T.F0020\R5T.F0020.csproj", "{56FDC025-0B5B-4221-8EFC-2D7A00534533}"
EndProject
Project("{9A19103F-16F7-4668-BE54-9A1E7A4F7556}") = "R5T.F0040.F000", "..\..\R5T.F0040\source\R5T.F0040.F000\R5T.F0040.F000.csproj", "{3C24D67B-3D9B-4B4D-8E2F-DD96AD4FD69E}"
EndProject
Project("{9A19103F-16F7-4668-BE54-9A1E7A4F7556}") = "R5T.L0032.F002", "..\..\R5T.L0032\source\R5T.L0032.F002\R5T.L0032.F002.csproj", "{7AB00FF6-6697-4F65-85A7-4E604C53AC2E}"
EndProject
Project("{9A19103F-16F7-4668-BE54-9A1E7A4F7556}") = "R5T.L0072", "..\..\R5T.L0072\source\R5T.L0072\R5T.L0072.csproj", "{2A23CE9C-33A6-4368-AEB4-29EC6D22F149}"
EndProject
Project("{9A19103F-16F7-4668-BE54-9A1E7A4F7556}") = "R5T.L0083.F001", "..\..\R5T.L0083\source\R5T.L0083.F001\R5T.L0083.F001.csproj", "{6F1A9817-E913-434D-BAD6-446507AA79F4}"
EndProject
Project("{9A19103F-16F7-4668-BE54-9A1E7A4F7556}") = "R5T.L0089.F000", "..\..\R5T.L0089\source\R5T.L0089.F000\R5T.L0089.F000.csproj", "{0A91C605-450A-4597-95EA-1EC7B8BC5F6A}"
EndProject
Project("{9A19103F-16F7-4668-BE54-9A1E7A4F7556}") = "R5T.L0089.T000", "..\..\R5T.L0089\source\R5T.L0089.T000\R5T.L0089.T000.csproj", "{3D7C8D58-A898-4EEB-8214-ED82A0E208B3}"
EndProject
Project("{9A19103F-16F7-4668-BE54-9A1E7A4F7556}") = "R5T.L0089", "..\..\R5T.L0089\source\R5T.L0089\R5T.L0089.csproj", "{35CFD5EB-6A78-4D10-BFE1-6A8E15EA6D2B}"
EndProject
Project("{9A19103F-16F7-4668-BE54-9A1E7A4F7556}") = "R5T.NG0023", "..\..\R5T.NG0023\source\R5T.NG0023\R5T.NG0023.csproj", "{3BCEE7CF-A5D8-4757-AEEA-A658CCE1CDC6}"
EndProject
Project("{9A19103F-16F7-4668-BE54-9A1E7A4F7556}") = "R5T.T0152", "..\..\R5T.T0152\source\R5T.T0152\R5T.T0152.csproj", "{BB46C61B-150D-492D-8EDD-503C64DB7803}"
EndProject
Project("{9A19103F-16F7-4668-BE54-9A1E7A4F7556}") = "R5T.T0240", "..\..\R5T.T0240\source\R5T.T0240\R5T.T0240.csproj", "{1ABED18C-5DDD-4490-956A-0F739D6A1A0F}"
EndProject
Project("{9A19103F-16F7-4668-BE54-9A1E7A4F7556}") = "R5T.T0241", "..\..\R5T.T0241\source\R5T.T0241\R5T.T0241.csproj", "{83036EA7-5D9E-40ED-96BD-03CB09DF9436}"
EndProject
Project("{9A19103F-16F7-4668-BE54-9A1E7A4F7556}") = "R5T.T0251", "..\..\R5T.T0251\source\R5T.T0251\R5T.T0251.csproj", "{B5A6E673-ADA6-4543-B115-519C134BB44B}"
EndProject
Project("{9A19103F-16F7-4668-BE54-9A1E7A4F7556}") = "R5T.T0252", "..\..\R5T.T0252\source\R5T.T0252\R5T.T0252.csproj", "{0CCCE593-66C1-4219-80CF-21E077A2FC68}"
EndProject
Project("{9A19103F-16F7-4668-BE54-9A1E7A4F7556}") = "R5T.Z0071.Z000", "..\..\R5T.Z0071\source\R5T.Z0071.Z000\R5T.Z0071.Z000.csproj", "{DE4AC5EE-1EA0-454E-B625-B9F48152059C}"
EndProject
Project("{9A19103F-16F7-4668-BE54-9A1E7A4F7556}") = "R5T.Z0071.Z002", "..\..\R5T.Z0071\source\R5T.Z0071.Z002\R5T.Z0071.Z002.csproj", "{6CF11544-03A6-4015-969C-0B329495782A}"
EndProject
Project("{9A19103F-16F7-4668-BE54-9A1E7A4F7556}") = "R5T.Z0072.Z000", "..\..\R5T.Z0072\source\R5T.Z0072.Z000\R5T.Z0072.Z000.csproj", "{C1063E22-35D5-4570-970C-218EEA577446}"
EndProject
Project("{9A19103F-16F7-4668-BE54-9A1E7A4F7556}") = "R5T.Z0072.Z001", "..\..\R5T.Z0072\source\R5T.Z0072.Z001\R5T.Z0072.Z001.csproj", "{39D7DF92-674A-4363-BDA0-A69F772FA81E}"
EndProject
Project("{9A19103F-16F7-4668-BE54-9A1E7A4F7556}") = "R5T.Z0072.Z002", "..\..\R5T.Z0072\source\R5T.Z0072.Z002\R5T.Z0072.Z002.csproj", "{762C267C-D76E-489A-8E92-61AAF38C1D88}"
EndProject
Project("{9A19103F-16F7-4668-BE54-9A1E7A4F7556}") = "R5T.Z0072.Z004", "..\..\R5T.Z0072\source\R5T.Z0072.Z004\R5T.Z0072.Z004.csproj", "{4B8DE84F-83F9-42AB-BF43-D5CC77A6372B}"
EndProject
Global
	GlobalSection(NestedProjects) = preSolution
		{F7AF9449-0715-46B9-86E3-9466637A8A5C} = {708A8013-FE5C-4075-85B1-1F7F790848C7}
		{B99293E0-E164-4D55-88E8-2EDE04E32DC7} = {708A8013-FE5C-4075-85B1-1F7F790848C7}
		{CB5EE09C-37B7-45E0-9653-5EFD3C0D698A} = {708A8013-FE5C-4075-85B1-1F7F790848C7}
		{ADFA4FDA-0AF2-451D-9B95-D33B79D4504C} = {708A8013-FE5C-4075-85B1-1F7F790848C7}
		{200BB0C0-139B-4D9F-AA33-AF0324568ECD} = {708A8013-FE5C-4075-85B1-1F7F790848C7}
		{F1EB0DAD-AB27-42FE-B479-98BDD0510718} = {708A8013-FE5C-4075-85B1-1F7F790848C7}
		{1EFB42DB-FB1E-4F13-97FB-B1B1EB817E7C} = {708A8013-FE5C-4075-85B1-1F7F790848C7}
		{C3814836-24B4-4D4B-9155-2BC31C5FEFA8} = {708A8013-FE5C-4075-85B1-1F7F790848C7}
		{2C2220EF-9253-409A-926F-7DB169220EC6} = {708A8013-FE5C-4075-85B1-1F7F790848C7}
		{4E69673F-E919-46B6-A435-B1944F12461F} = {708A8013-FE5C-4075-85B1-1F7F790848C7}
		{0F153C27-BE62-4491-8BB9-E865329CAFBF} = {708A8013-FE5C-4075-85B1-1F7F790848C7}
		{9DA9F507-90C0-4C37-B3D2-8B0602158AEB} = {708A8013-FE5C-4075-85B1-1F7F790848C7}
		{3976555C-B4AA-43AA-8C99-D5DF6F98D3AA} = {708A8013-FE5C-4075-85B1-1F7F790848C7}
		{6D1378B5-06FE-473F-9CD8-468FA4DD714D} = {708A8013-FE5C-4075-85B1-1F7F790848C7}
		{27B88868-690B-457C-88F8-36A042D41865} = {708A8013-FE5C-4075-85B1-1F7F790848C7}
		{847FD775-2D34-4717-A9CD-26EC5F5B660E} = {708A8013-FE5C-4075-85B1-1F7F790848C7}
		{FD866F90-8B10-47F1-95D4-FD69D0AA1AF1} = {708A8013-FE5C-4075-85B1-1F7F790848C7}
		{7854B4BB-5AFB-482D-9ABD-DAF9FBD674A2} = {708A8013-FE5C-4075-85B1-1F7F790848C7}
		{4664E632-70E4-487A-9697-2ED7777FEDEC} = {708A8013-FE5C-4075-85B1-1F7F790848C7}
		{BDD24C50-F456-4F75-870E-7376B55EF6A7} = {708A8013-FE5C-4075-85B1-1F7F790848C7}
		{8D3A520A-F0E9-4B8B-920F-D4D1174D6C66} = {708A8013-FE5C-4075-85B1-1F7F790848C7}
		{ECCE212D-2289-4AA9-BF24-F44D18ECEA71} = {708A8013-FE5C-4075-85B1-1F7F790848C7}
		{A770B5EB-5BE9-451F-A197-46C41BCBD94D} = {708A8013-FE5C-4075-85B1-1F7F790848C7}
		{6C57BD5F-2114-417A-A678-D1690D86D45F} = {708A8013-FE5C-4075-85B1-1F7F790848C7}
		{0E280F22-9EBA-4CE2-8A39-CD74121D18A0} = {708A8013-FE5C-4075-85B1-1F7F790848C7}
		{18D72E7B-C3A7-4579-8738-5A1F83A037C7} = {708A8013-FE5C-4075-85B1-1F7F790848C7}
		{BB0C1BB7-5B59-4A7A-8E74-634B7CFE8379} = {708A8013-FE5C-4075-85B1-1F7F790848C7}
		{8116BAEA-9EC7-4C0E-A8D1-7CD96B4F532D} = {708A8013-FE5C-4075-85B1-1F7F790848C7}
		{6EA90305-16FB-4DC7-9D5B-F15761E5ED3C} = {708A8013-FE5C-4075-85B1-1F7F790848C7}
		{FB6BB0EE-2561-4E1E-9C7F-9B2C0051E232} = {708A8013-FE5C-4075-85B1-1F7F790848C7}
		{C11CBE1C-010D-4840-8D94-7683012E0188} = {708A8013-FE5C-4075-85B1-1F7F790848C7}
		{25441FA8-F810-4B26-B243-8AD7DA66E161} = {708A8013-FE5C-4075-85B1-1F7F790848C7}
		{89C2B0D0-D826-4FF1-9A0D-D7DCCFEACD8C} = {708A8013-FE5C-4075-85B1-1F7F790848C7}
		{CCA3A16D-B9BA-4A6F-8B1A-BB3AAF0D92DA} = {708A8013-FE5C-4075-85B1-1F7F790848C7}
		{851557EE-2742-43DD-842C-C057C7742DBE} = {708A8013-FE5C-4075-85B1-1F7F790848C7}
		{19E3026A-FC91-45D6-AC9C-16BB2DEC9EB2} = {708A8013-FE5C-4075-85B1-1F7F790848C7}
		{529078CF-2FA1-476E-A8F6-EAA74440F65B} = {708A8013-FE5C-4075-85B1-1F7F790848C7}
		{9CA3171F-36DE-4E0A-8531-65A515B416E1} = {708A8013-FE5C-4075-85B1-1F7F790848C7}
		{577F5985-0929-4069-AFD2-A89C7D75829B} = {708A8013-FE5C-4075-85B1-1F7F790848C7}
		{D3FC0B2F-72FB-438E-AC10-DCC54BC40773} = {708A8013-FE5C-4075-85B1-1F7F790848C7}
		{D567E6EF-110A-4DE8-8878-638B5A2B310C} = {708A8013-FE5C-4075-85B1-1F7F790848C7}
		{CBC65E4F-8CD1-4897-9695-822045923E90} = {708A8013-FE5C-4075-85B1-1F7F790848C7}
		{08909AE5-342E-40A3-BE32-8BF7008AF2F1} = {708A8013-FE5C-4075-85B1-1F7F790848C7}
		{1E93FD00-44F0-4258-8EAC-3224863A169D} = {708A8013-FE5C-4075-85B1-1F7F790848C7}
		{1CA0C2CD-4BDE-46A8-852F-E124C3F7DFBE} = {708A8013-FE5C-4075-85B1-1F7F790848C7}
		{26E6BEFE-05E5-4054-A126-4B9E6D7F47E2} = {708A8013-FE5C-4075-85B1-1F7F790848C7}
		{4231789A-0E59-4C5C-9D68-E580AD73098D} = {708A8013-FE5C-4075-85B1-1F7F790848C7}
		{C030FC41-1787-4168-9980-5B0EF3D00951} = {708A8013-FE5C-4075-85B1-1F7F790848C7}
		{636869F9-1CD2-445F-9F2D-66FF2245A44C} = {708A8013-FE5C-4075-85B1-1F7F790848C7}
		{5B418488-656D-4DF0-8907-C2363EA64A4E} = {708A8013-FE5C-4075-85B1-1F7F790848C7}
		{740DF46A-3E1E-4330-AACD-50778E72E86E} = {708A8013-FE5C-4075-85B1-1F7F790848C7}
		{2AC33747-FD56-4077-A2A1-D38059509D80} = {708A8013-FE5C-4075-85B1-1F7F790848C7}
		{9B4D2C56-5B37-481A-B22C-B033A58B8163} = {708A8013-FE5C-4075-85B1-1F7F790848C7}
		{7D3B21A3-186D-418D-AFC6-D0D8836E4F39} = {708A8013-FE5C-4075-85B1-1F7F790848C7}
		{B437BB21-0175-4BB5-8F4C-3D54E2E770F1} = {708A8013-FE5C-4075-85B1-1F7F790848C7}
		{8A986185-B877-4103-A1CF-4874F86B18F3} = {708A8013-FE5C-4075-85B1-1F7F790848C7}
		{5EF277D5-AF28-4A8B-9DC6-C90141523E4B} = {708A8013-FE5C-4075-85B1-1F7F790848C7}
		{C201FBDD-E201-4F90-8763-68C66AD54AF2} = {708A8013-FE5C-4075-85B1-1F7F790848C7}
		{BAF72982-9F5C-4F57-AE10-AE9FF298CBE3} = {708A8013-FE5C-4075-85B1-1F7F790848C7}
		{6E7E515A-46B5-4435-BFA3-9488BA03D53D} = {708A8013-FE5C-4075-85B1-1F7F790848C7}
		{864932A1-9315-4EFA-B057-EC624EA8F801} = {708A8013-FE5C-4075-85B1-1F7F790848C7}
		{8EFE85C3-658E-4C59-B865-56BBACFA617C} = {708A8013-FE5C-4075-85B1-1F7F790848C7}
		{7C0F0A79-ADDD-47A6-9BC9-E0B89B9EEA7D} = {708A8013-FE5C-4075-85B1-1F7F790848C7}
		{DC744C6C-EA92-457E-B77B-FD547030C4C3} = {708A8013-FE5C-4075-85B1-1F7F790848C7}
		{F58B1B42-BED8-470A-8873-7E5D3021DD81} = {708A8013-FE5C-4075-85B1-1F7F790848C7}
		{E396E94E-7827-4F85-A637-69719D50F2EF} = {708A8013-FE5C-4075-85B1-1F7F790848C7}
		{C61FA2C0-9CD6-410D-A3DD-7977E5803697} = {708A8013-FE5C-4075-85B1-1F7F790848C7}
		{39340E36-FA4E-4D5F-BB08-D186DB2AAF67} = {708A8013-FE5C-4075-85B1-1F7F790848C7}
		{D61271FE-D57D-401D-B245-70CA26507014} = {708A8013-FE5C-4075-85B1-1F7F790848C7}
		{8C94E9FB-E364-4306-8857-629D9BA65D6A} = {708A8013-FE5C-4075-85B1-1F7F790848C7}
		{1C461440-E6C0-4F8D-9464-41B02ADF4721} = {708A8013-FE5C-4075-85B1-1F7F790848C7}
		{BFB9D585-AF34-4FDE-964A-011DED7AD964} = {708A8013-FE5C-4075-85B1-1F7F790848C7}
		{DE013CA5-DC39-458B-9B9E-656CCD00458E} = {708A8013-FE5C-4075-85B1-1F7F790848C7}
		{43AAD1B1-24E9-4261-BC29-7E2BA81DB3AA} = {708A8013-FE5C-4075-85B1-1F7F790848C7}
		{F4883DCE-91F6-4C9F-BF90-3D8CF366D4C8} = {708A8013-FE5C-4075-85B1-1F7F790848C7}
		{8D9A5C94-D1BA-4303-AB0D-4CE6861FE400} = {708A8013-FE5C-4075-85B1-1F7F790848C7}
		{AAE615DE-3FAA-4E78-BD59-5E53C16C292B} = {708A8013-FE5C-4075-85B1-1F7F790848C7}
		{A9EE58CD-5261-44F2-A557-E24A9CB46496} = {708A8013-FE5C-4075-85B1-1F7F790848C7}
		{530D4A0F-009C-4AB3-821F-62E14F66CAD6} = {708A8013-FE5C-4075-85B1-1F7F790848C7}
		{055FFDCC-38BD-49CE-860B-C59C28B420CC} = {708A8013-FE5C-4075-85B1-1F7F790848C7}
		{F90502C5-FE00-402A-AC8D-5E9283C94514} = {708A8013-FE5C-4075-85B1-1F7F790848C7}
		{D92C5E05-7C6E-4437-AEFF-CED226A213BC} = {708A8013-FE5C-4075-85B1-1F7F790848C7}
		{33957B87-F356-4267-AA6B-FBF5EF91E54E} = {708A8013-FE5C-4075-85B1-1F7F790848C7}
		{AF85A3F0-3EA8-4B6B-8A54-90692E2FA8BF} = {708A8013-FE5C-4075-85B1-1F7F790848C7}
		{A85EC3E1-B04F-4AE5-957F-D148A48E3C8F} = {708A8013-FE5C-4075-85B1-1F7F790848C7}
		{FDE22F14-F89F-4E36-A191-55AFF31E6DE7} = {708A8013-FE5C-4075-85B1-1F7F790848C7}
		{1BE73F21-C39F-4804-BC9D-69C7726CC3EB} = {708A8013-FE5C-4075-85B1-1F7F790848C7}
		{16C46BA0-DA25-40CB-825F-6741353A1626} = {708A8013-FE5C-4075-85B1-1F7F790848C7}
		{B656D4FF-6963-4F96-9D37-F814CADF2CA4} = {708A8013-FE5C-4075-85B1-1F7F790848C7}
		{ABA65427-1F19-4BFC-99B6-540AA2790EA3} = {708A8013-FE5C-4075-85B1-1F7F790848C7}
		{32DAF8E9-B035-4733-91AF-979F403C3B21} = {708A8013-FE5C-4075-85B1-1F7F790848C7}
		{34E0819F-1E32-4160-A281-211FE6D743BB} = {708A8013-FE5C-4075-85B1-1F7F790848C7}
		{D2AB817C-7D13-482C-9500-6D1EA6489F70} = {708A8013-FE5C-4075-85B1-1F7F790848C7}
		{E1F07A64-A35C-416E-B598-DDAAF3CE19AE} = {708A8013-FE5C-4075-85B1-1F7F790848C7}
		{E2AC8E59-D1C4-40E8-A535-409E21C7200A} = {708A8013-FE5C-4075-85B1-1F7F790848C7}
		{7FDDD27A-7443-4BD1-B473-53CA6348CCB1} = {708A8013-FE5C-4075-85B1-1F7F790848C7}
		{5468153B-26F3-4CB8-B87C-7D5654C689E1} = {708A8013-FE5C-4075-85B1-1F7F790848C7}
		{362A1A17-EC6F-4A4A-A0F7-FF53BBC87658} = {708A8013-FE5C-4075-85B1-1F7F790848C7}
		{0B94D29B-DEB9-406B-9176-5608218B5F64} = {708A8013-FE5C-4075-85B1-1F7F790848C7}
		{3C54EC2C-1C3A-4007-870D-14175D92B030} = {708A8013-FE5C-4075-85B1-1F7F790848C7}
		{FB1A31FD-755B-4777-8CF8-4013121EC00D} = {708A8013-FE5C-4075-85B1-1F7F790848C7}
		{27FAD923-CF4B-49AE-8C2E-E0611B51DEF4} = {708A8013-FE5C-4075-85B1-1F7F790848C7}
		{93CF6BC8-C0B1-476E-A5B7-ED04ED473749} = {708A8013-FE5C-4075-85B1-1F7F790848C7}
		{BE356A74-126B-4C9F-AFCE-3EFECE5F5495} = {708A8013-FE5C-4075-85B1-1F7F790848C7}
		{D2254334-1677-48EB-B7BA-3253C740293D} = {708A8013-FE5C-4075-85B1-1F7F790848C7}
		{857D1773-5110-4D80-B600-79E970579063} = {708A8013-FE5C-4075-85B1-1F7F790848C7}
		{685559B5-761C-4FC2-9785-6AE821EC90B5} = {708A8013-FE5C-4075-85B1-1F7F790848C7}
		{02512B28-FC57-473F-B036-ACD4B0CAA075} = {708A8013-FE5C-4075-85B1-1F7F790848C7}
		{0D40875C-380C-4AF7-82A3-D4686B22773B} = {708A8013-FE5C-4075-85B1-1F7F790848C7}
		{897E3139-8467-439A-8695-40A63269CE30} = {708A8013-FE5C-4075-85B1-1F7F790848C7}
		{3387EBAB-951C-416D-A4EF-C3BAD6AB9C49} = {708A8013-FE5C-4075-85B1-1F7F790848C7}
		{6F07C693-1269-4BE8-8DEF-77F415199DE0} = {708A8013-FE5C-4075-85B1-1F7F790848C7}
		{3F3AB6EE-B2DD-484F-B7AC-8A486C053C38} = {708A8013-FE5C-4075-85B1-1F7F790848C7}
		{A3C27ED4-E85C-4881-8B65-F89BFD69797B} = {708A8013-FE5C-4075-85B1-1F7F790848C7}
		{A1CA4075-5F5C-4A26-B4AC-026C6DBECE83} = {708A8013-FE5C-4075-85B1-1F7F790848C7}
		{106CAC51-6F7E-4E9A-85A9-DB4022DE6C5E} = {708A8013-FE5C-4075-85B1-1F7F790848C7}
		{8324F812-A3FA-426F-ADBF-D85455D57FD3} = {708A8013-FE5C-4075-85B1-1F7F790848C7}
		{B87F2F8C-299E-4E47-B140-BA5C5DAD7EA4} = {708A8013-FE5C-4075-85B1-1F7F790848C7}
		{B2CAF93D-FD24-41A6-A036-424FD9B24424} = {708A8013-FE5C-4075-85B1-1F7F790848C7}
		{9525EFF9-D7A1-4815-A87E-2F48175B5C81} = {708A8013-FE5C-4075-85B1-1F7F790848C7}
		{C3B60FB7-BC73-452A-B03C-53B16506F1DC} = {708A8013-FE5C-4075-85B1-1F7F790848C7}
		{C74AA950-D2FA-4B5D-8272-8B14906AB0F4} = {708A8013-FE5C-4075-85B1-1F7F790848C7}
		{A493A85C-B53E-4537-8DAE-89D6086C927E} = {708A8013-FE5C-4075-85B1-1F7F790848C7}
		{151ADAF1-EED2-409B-8E0F-BB4D82260F60} = {708A8013-FE5C-4075-85B1-1F7F790848C7}
		{870A27D5-BB9F-44B6-9584-3D0E6A5616B3} = {708A8013-FE5C-4075-85B1-1F7F790848C7}
		{AE274B37-5870-461E-AD37-21B3CA2FB3CE} = {708A8013-FE5C-4075-85B1-1F7F790848C7}
		{F82CE605-4D4D-45BB-A502-72C9BA271AB9} = {708A8013-FE5C-4075-85B1-1F7F790848C7}
		{827D90AE-0972-4914-A509-E16F4B43FDAA} = {708A8013-FE5C-4075-85B1-1F7F790848C7}
		{44B67435-8087-48E2-A46A-B9D5D9C8A039} = {708A8013-FE5C-4075-85B1-1F7F790848C7}
		{39CB8E7D-3CAC-4E5C-968A-549BAA537B0E} = {708A8013-FE5C-4075-85B1-1F7F790848C7}
		{DBFB9108-9DDF-4FED-B286-6FC9F679D11C} = {708A8013-FE5C-4075-85B1-1F7F790848C7}
		{50BC457A-810A-432F-8A91-15F44BB1ED6B} = {708A8013-FE5C-4075-85B1-1F7F790848C7}
		{886984B3-637E-409D-B160-EBFA61DB95B3} = {708A8013-FE5C-4075-85B1-1F7F790848C7}
		{56FDC025-0B5B-4221-8EFC-2D7A00534533} = {708A8013-FE5C-4075-85B1-1F7F790848C7}
		{3C24D67B-3D9B-4B4D-8E2F-DD96AD4FD69E} = {708A8013-FE5C-4075-85B1-1F7F790848C7}
		{7AB00FF6-6697-4F65-85A7-4E604C53AC2E} = {708A8013-FE5C-4075-85B1-1F7F790848C7}
		{2A23CE9C-33A6-4368-AEB4-29EC6D22F149} = {708A8013-FE5C-4075-85B1-1F7F790848C7}
		{6F1A9817-E913-434D-BAD6-446507AA79F4} = {708A8013-FE5C-4075-85B1-1F7F790848C7}
		{0A91C605-450A-4597-95EA-1EC7B8BC5F6A} = {708A8013-FE5C-4075-85B1-1F7F790848C7}
		{3D7C8D58-A898-4EEB-8214-ED82A0E208B3} = {708A8013-FE5C-4075-85B1-1F7F790848C7}
		{35CFD5EB-6A78-4D10-BFE1-6A8E15EA6D2B} = {708A8013-FE5C-4075-85B1-1F7F790848C7}
		{3BCEE7CF-A5D8-4757-AEEA-A658CCE1CDC6} = {708A8013-FE5C-4075-85B1-1F7F790848C7}
		{BB46C61B-150D-492D-8EDD-503C64DB7803} = {708A8013-FE5C-4075-85B1-1F7F790848C7}
		{1ABED18C-5DDD-4490-956A-0F739D6A1A0F} = {708A8013-FE5C-4075-85B1-1F7F790848C7}
		{83036EA7-5D9E-40ED-96BD-03CB09DF9436} = {708A8013-FE5C-4075-85B1-1F7F790848C7}
		{B5A6E673-ADA6-4543-B115-519C134BB44B} = {708A8013-FE5C-4075-85B1-1F7F790848C7}
		{0CCCE593-66C1-4219-80CF-21E077A2FC68} = {708A8013-FE5C-4075-85B1-1F7F790848C7}
		{DE4AC5EE-1EA0-454E-B625-B9F48152059C} = {708A8013-FE5C-4075-85B1-1F7F790848C7}
		{6CF11544-03A6-4015-969C-0B329495782A} = {708A8013-FE5C-4075-85B1-1F7F790848C7}
		{C1063E22-35D5-4570-970C-218EEA577446} = {708A8013-FE5C-4075-85B1-1F7F790848C7}
		{39D7DF92-674A-4363-BDA0-A69F772FA81E} = {708A8013-FE5C-4075-85B1-1F7F790848C7}
		{762C267C-D76E-489A-8E92-61AAF38C1D88} = {708A8013-FE5C-4075-85B1-1F7F790848C7}
		{4B8DE84F-83F9-42AB-BF43-D5CC77A6372B} = {708A8013-FE5C-4075-85B1-1F7F790848C7}
	EndGlobalSection
	GlobalSection(SolutionConfigurationPlatforms) = preSolution
		Debug|Any CPU = Debug|Any CPU
		Release|Any CPU = Release|Any CPU
	EndGlobalSection
	GlobalSection(ProjectConfigurationPlatforms) = postSolution
		{FC2006D5-B947-4D6E-A6BB-823E8961162D}.Debug|Any CPU.ActiveCfg = Debug|Any CPU
		{FC2006D5-B947-4D6E-A6BB-823E8961162D}.Debug|Any CPU.Build.0 = Debug|Any CPU
		{FC2006D5-B947-4D6E-A6BB-823E8961162D}.Release|Any CPU.ActiveCfg = Release|Any CPU
		{FC2006D5-B947-4D6E-A6BB-823E8961162D}.Release|Any CPU.Build.0 = Release|Any CPU
		{3BA3EBF6-8E6E-4F67-AC38-A68A40F3B059}.Debug|Any CPU.ActiveCfg = Debug|Any CPU
		{3BA3EBF6-8E6E-4F67-AC38-A68A40F3B059}.Debug|Any CPU.Build.0 = Debug|Any CPU
		{3BA3EBF6-8E6E-4F67-AC38-A68A40F3B059}.Release|Any CPU.ActiveCfg = Release|Any CPU
		{3BA3EBF6-8E6E-4F67-AC38-A68A40F3B059}.Release|Any CPU.Build.0 = Release|Any CPU
		{F7AF9449-0715-46B9-86E3-9466637A8A5C}.Debug|Any CPU.ActiveCfg = Debug|Any CPU
		{F7AF9449-0715-46B9-86E3-9466637A8A5C}.Debug|Any CPU.Build.0 = Debug|Any CPU
		{F7AF9449-0715-46B9-86E3-9466637A8A5C}.Release|Any CPU.ActiveCfg = Release|Any CPU
		{F7AF9449-0715-46B9-86E3-9466637A8A5C}.Release|Any CPU.Build.0 = Release|Any CPU
		{B99293E0-E164-4D55-88E8-2EDE04E32DC7}.Debug|Any CPU.ActiveCfg = Debug|Any CPU
		{B99293E0-E164-4D55-88E8-2EDE04E32DC7}.Debug|Any CPU.Build.0 = Debug|Any CPU
		{B99293E0-E164-4D55-88E8-2EDE04E32DC7}.Release|Any CPU.ActiveCfg = Release|Any CPU
		{B99293E0-E164-4D55-88E8-2EDE04E32DC7}.Release|Any CPU.Build.0 = Release|Any CPU
		{CB5EE09C-37B7-45E0-9653-5EFD3C0D698A}.Debug|Any CPU.ActiveCfg = Debug|Any CPU
		{CB5EE09C-37B7-45E0-9653-5EFD3C0D698A}.Debug|Any CPU.Build.0 = Debug|Any CPU
		{CB5EE09C-37B7-45E0-9653-5EFD3C0D698A}.Release|Any CPU.ActiveCfg = Release|Any CPU
		{CB5EE09C-37B7-45E0-9653-5EFD3C0D698A}.Release|Any CPU.Build.0 = Release|Any CPU
		{ADFA4FDA-0AF2-451D-9B95-D33B79D4504C}.Debug|Any CPU.ActiveCfg = Debug|Any CPU
		{ADFA4FDA-0AF2-451D-9B95-D33B79D4504C}.Debug|Any CPU.Build.0 = Debug|Any CPU
		{ADFA4FDA-0AF2-451D-9B95-D33B79D4504C}.Release|Any CPU.ActiveCfg = Release|Any CPU
		{ADFA4FDA-0AF2-451D-9B95-D33B79D4504C}.Release|Any CPU.Build.0 = Release|Any CPU
		{200BB0C0-139B-4D9F-AA33-AF0324568ECD}.Debug|Any CPU.ActiveCfg = Debug|Any CPU
		{200BB0C0-139B-4D9F-AA33-AF0324568ECD}.Debug|Any CPU.Build.0 = Debug|Any CPU
		{200BB0C0-139B-4D9F-AA33-AF0324568ECD}.Release|Any CPU.ActiveCfg = Release|Any CPU
		{200BB0C0-139B-4D9F-AA33-AF0324568ECD}.Release|Any CPU.Build.0 = Release|Any CPU
		{F1EB0DAD-AB27-42FE-B479-98BDD0510718}.Debug|Any CPU.ActiveCfg = Debug|Any CPU
		{F1EB0DAD-AB27-42FE-B479-98BDD0510718}.Debug|Any CPU.Build.0 = Debug|Any CPU
		{F1EB0DAD-AB27-42FE-B479-98BDD0510718}.Release|Any CPU.ActiveCfg = Release|Any CPU
		{F1EB0DAD-AB27-42FE-B479-98BDD0510718}.Release|Any CPU.Build.0 = Release|Any CPU
		{1EFB42DB-FB1E-4F13-97FB-B1B1EB817E7C}.Debug|Any CPU.ActiveCfg = Debug|Any CPU
		{1EFB42DB-FB1E-4F13-97FB-B1B1EB817E7C}.Debug|Any CPU.Build.0 = Debug|Any CPU
		{1EFB42DB-FB1E-4F13-97FB-B1B1EB817E7C}.Release|Any CPU.ActiveCfg = Release|Any CPU
		{1EFB42DB-FB1E-4F13-97FB-B1B1EB817E7C}.Release|Any CPU.Build.0 = Release|Any CPU
		{C3814836-24B4-4D4B-9155-2BC31C5FEFA8}.Debug|Any CPU.ActiveCfg = Debug|Any CPU
		{C3814836-24B4-4D4B-9155-2BC31C5FEFA8}.Debug|Any CPU.Build.0 = Debug|Any CPU
		{C3814836-24B4-4D4B-9155-2BC31C5FEFA8}.Release|Any CPU.ActiveCfg = Release|Any CPU
		{C3814836-24B4-4D4B-9155-2BC31C5FEFA8}.Release|Any CPU.Build.0 = Release|Any CPU
		{2C2220EF-9253-409A-926F-7DB169220EC6}.Debug|Any CPU.ActiveCfg = Debug|Any CPU
		{2C2220EF-9253-409A-926F-7DB169220EC6}.Debug|Any CPU.Build.0 = Debug|Any CPU
		{2C2220EF-9253-409A-926F-7DB169220EC6}.Release|Any CPU.ActiveCfg = Release|Any CPU
		{2C2220EF-9253-409A-926F-7DB169220EC6}.Release|Any CPU.Build.0 = Release|Any CPU
		{4E69673F-E919-46B6-A435-B1944F12461F}.Debug|Any CPU.ActiveCfg = Debug|Any CPU
		{4E69673F-E919-46B6-A435-B1944F12461F}.Debug|Any CPU.Build.0 = Debug|Any CPU
		{4E69673F-E919-46B6-A435-B1944F12461F}.Release|Any CPU.ActiveCfg = Release|Any CPU
		{4E69673F-E919-46B6-A435-B1944F12461F}.Release|Any CPU.Build.0 = Release|Any CPU
		{0F153C27-BE62-4491-8BB9-E865329CAFBF}.Debug|Any CPU.ActiveCfg = Debug|Any CPU
		{0F153C27-BE62-4491-8BB9-E865329CAFBF}.Debug|Any CPU.Build.0 = Debug|Any CPU
		{0F153C27-BE62-4491-8BB9-E865329CAFBF}.Release|Any CPU.ActiveCfg = Release|Any CPU
		{0F153C27-BE62-4491-8BB9-E865329CAFBF}.Release|Any CPU.Build.0 = Release|Any CPU
		{9DA9F507-90C0-4C37-B3D2-8B0602158AEB}.Debug|Any CPU.ActiveCfg = Debug|Any CPU
		{9DA9F507-90C0-4C37-B3D2-8B0602158AEB}.Debug|Any CPU.Build.0 = Debug|Any CPU
		{9DA9F507-90C0-4C37-B3D2-8B0602158AEB}.Release|Any CPU.ActiveCfg = Release|Any CPU
		{9DA9F507-90C0-4C37-B3D2-8B0602158AEB}.Release|Any CPU.Build.0 = Release|Any CPU
		{3976555C-B4AA-43AA-8C99-D5DF6F98D3AA}.Debug|Any CPU.ActiveCfg = Debug|Any CPU
		{3976555C-B4AA-43AA-8C99-D5DF6F98D3AA}.Debug|Any CPU.Build.0 = Debug|Any CPU
		{3976555C-B4AA-43AA-8C99-D5DF6F98D3AA}.Release|Any CPU.ActiveCfg = Release|Any CPU
		{3976555C-B4AA-43AA-8C99-D5DF6F98D3AA}.Release|Any CPU.Build.0 = Release|Any CPU
		{6D1378B5-06FE-473F-9CD8-468FA4DD714D}.Debug|Any CPU.ActiveCfg = Debug|Any CPU
		{6D1378B5-06FE-473F-9CD8-468FA4DD714D}.Debug|Any CPU.Build.0 = Debug|Any CPU
		{6D1378B5-06FE-473F-9CD8-468FA4DD714D}.Release|Any CPU.ActiveCfg = Release|Any CPU
		{6D1378B5-06FE-473F-9CD8-468FA4DD714D}.Release|Any CPU.Build.0 = Release|Any CPU
		{27B88868-690B-457C-88F8-36A042D41865}.Debug|Any CPU.ActiveCfg = Debug|Any CPU
		{27B88868-690B-457C-88F8-36A042D41865}.Debug|Any CPU.Build.0 = Debug|Any CPU
		{27B88868-690B-457C-88F8-36A042D41865}.Release|Any CPU.ActiveCfg = Release|Any CPU
		{27B88868-690B-457C-88F8-36A042D41865}.Release|Any CPU.Build.0 = Release|Any CPU
		{847FD775-2D34-4717-A9CD-26EC5F5B660E}.Debug|Any CPU.ActiveCfg = Debug|Any CPU
		{847FD775-2D34-4717-A9CD-26EC5F5B660E}.Debug|Any CPU.Build.0 = Debug|Any CPU
		{847FD775-2D34-4717-A9CD-26EC5F5B660E}.Release|Any CPU.ActiveCfg = Release|Any CPU
		{847FD775-2D34-4717-A9CD-26EC5F5B660E}.Release|Any CPU.Build.0 = Release|Any CPU
		{FD866F90-8B10-47F1-95D4-FD69D0AA1AF1}.Debug|Any CPU.ActiveCfg = Debug|Any CPU
		{FD866F90-8B10-47F1-95D4-FD69D0AA1AF1}.Debug|Any CPU.Build.0 = Debug|Any CPU
		{FD866F90-8B10-47F1-95D4-FD69D0AA1AF1}.Release|Any CPU.ActiveCfg = Release|Any CPU
		{FD866F90-8B10-47F1-95D4-FD69D0AA1AF1}.Release|Any CPU.Build.0 = Release|Any CPU
		{7854B4BB-5AFB-482D-9ABD-DAF9FBD674A2}.Debug|Any CPU.ActiveCfg = Debug|Any CPU
		{7854B4BB-5AFB-482D-9ABD-DAF9FBD674A2}.Debug|Any CPU.Build.0 = Debug|Any CPU
		{7854B4BB-5AFB-482D-9ABD-DAF9FBD674A2}.Release|Any CPU.ActiveCfg = Release|Any CPU
		{7854B4BB-5AFB-482D-9ABD-DAF9FBD674A2}.Release|Any CPU.Build.0 = Release|Any CPU
		{4664E632-70E4-487A-9697-2ED7777FEDEC}.Debug|Any CPU.ActiveCfg = Debug|Any CPU
		{4664E632-70E4-487A-9697-2ED7777FEDEC}.Debug|Any CPU.Build.0 = Debug|Any CPU
		{4664E632-70E4-487A-9697-2ED7777FEDEC}.Release|Any CPU.ActiveCfg = Release|Any CPU
		{4664E632-70E4-487A-9697-2ED7777FEDEC}.Release|Any CPU.Build.0 = Release|Any CPU
		{BDD24C50-F456-4F75-870E-7376B55EF6A7}.Debug|Any CPU.ActiveCfg = Debug|Any CPU
		{BDD24C50-F456-4F75-870E-7376B55EF6A7}.Debug|Any CPU.Build.0 = Debug|Any CPU
		{BDD24C50-F456-4F75-870E-7376B55EF6A7}.Release|Any CPU.ActiveCfg = Release|Any CPU
		{BDD24C50-F456-4F75-870E-7376B55EF6A7}.Release|Any CPU.Build.0 = Release|Any CPU
		{8D3A520A-F0E9-4B8B-920F-D4D1174D6C66}.Debug|Any CPU.ActiveCfg = Debug|Any CPU
		{8D3A520A-F0E9-4B8B-920F-D4D1174D6C66}.Debug|Any CPU.Build.0 = Debug|Any CPU
		{8D3A520A-F0E9-4B8B-920F-D4D1174D6C66}.Release|Any CPU.ActiveCfg = Release|Any CPU
		{8D3A520A-F0E9-4B8B-920F-D4D1174D6C66}.Release|Any CPU.Build.0 = Release|Any CPU
		{ECCE212D-2289-4AA9-BF24-F44D18ECEA71}.Debug|Any CPU.ActiveCfg = Debug|Any CPU
		{ECCE212D-2289-4AA9-BF24-F44D18ECEA71}.Debug|Any CPU.Build.0 = Debug|Any CPU
		{ECCE212D-2289-4AA9-BF24-F44D18ECEA71}.Release|Any CPU.ActiveCfg = Release|Any CPU
		{ECCE212D-2289-4AA9-BF24-F44D18ECEA71}.Release|Any CPU.Build.0 = Release|Any CPU
		{A770B5EB-5BE9-451F-A197-46C41BCBD94D}.Debug|Any CPU.ActiveCfg = Debug|Any CPU
		{A770B5EB-5BE9-451F-A197-46C41BCBD94D}.Debug|Any CPU.Build.0 = Debug|Any CPU
		{A770B5EB-5BE9-451F-A197-46C41BCBD94D}.Release|Any CPU.ActiveCfg = Release|Any CPU
		{A770B5EB-5BE9-451F-A197-46C41BCBD94D}.Release|Any CPU.Build.0 = Release|Any CPU
		{6C57BD5F-2114-417A-A678-D1690D86D45F}.Debug|Any CPU.ActiveCfg = Debug|Any CPU
		{6C57BD5F-2114-417A-A678-D1690D86D45F}.Debug|Any CPU.Build.0 = Debug|Any CPU
		{6C57BD5F-2114-417A-A678-D1690D86D45F}.Release|Any CPU.ActiveCfg = Release|Any CPU
		{6C57BD5F-2114-417A-A678-D1690D86D45F}.Release|Any CPU.Build.0 = Release|Any CPU
		{0E280F22-9EBA-4CE2-8A39-CD74121D18A0}.Debug|Any CPU.ActiveCfg = Debug|Any CPU
		{0E280F22-9EBA-4CE2-8A39-CD74121D18A0}.Debug|Any CPU.Build.0 = Debug|Any CPU
		{0E280F22-9EBA-4CE2-8A39-CD74121D18A0}.Release|Any CPU.ActiveCfg = Release|Any CPU
		{0E280F22-9EBA-4CE2-8A39-CD74121D18A0}.Release|Any CPU.Build.0 = Release|Any CPU
		{18D72E7B-C3A7-4579-8738-5A1F83A037C7}.Debug|Any CPU.ActiveCfg = Debug|Any CPU
		{18D72E7B-C3A7-4579-8738-5A1F83A037C7}.Debug|Any CPU.Build.0 = Debug|Any CPU
		{18D72E7B-C3A7-4579-8738-5A1F83A037C7}.Release|Any CPU.ActiveCfg = Release|Any CPU
		{18D72E7B-C3A7-4579-8738-5A1F83A037C7}.Release|Any CPU.Build.0 = Release|Any CPU
		{BB0C1BB7-5B59-4A7A-8E74-634B7CFE8379}.Debug|Any CPU.ActiveCfg = Debug|Any CPU
		{BB0C1BB7-5B59-4A7A-8E74-634B7CFE8379}.Debug|Any CPU.Build.0 = Debug|Any CPU
		{BB0C1BB7-5B59-4A7A-8E74-634B7CFE8379}.Release|Any CPU.ActiveCfg = Release|Any CPU
		{BB0C1BB7-5B59-4A7A-8E74-634B7CFE8379}.Release|Any CPU.Build.0 = Release|Any CPU
		{8116BAEA-9EC7-4C0E-A8D1-7CD96B4F532D}.Debug|Any CPU.ActiveCfg = Debug|Any CPU
		{8116BAEA-9EC7-4C0E-A8D1-7CD96B4F532D}.Debug|Any CPU.Build.0 = Debug|Any CPU
		{8116BAEA-9EC7-4C0E-A8D1-7CD96B4F532D}.Release|Any CPU.ActiveCfg = Release|Any CPU
		{8116BAEA-9EC7-4C0E-A8D1-7CD96B4F532D}.Release|Any CPU.Build.0 = Release|Any CPU
		{6EA90305-16FB-4DC7-9D5B-F15761E5ED3C}.Debug|Any CPU.ActiveCfg = Debug|Any CPU
		{6EA90305-16FB-4DC7-9D5B-F15761E5ED3C}.Debug|Any CPU.Build.0 = Debug|Any CPU
		{6EA90305-16FB-4DC7-9D5B-F15761E5ED3C}.Release|Any CPU.ActiveCfg = Release|Any CPU
		{6EA90305-16FB-4DC7-9D5B-F15761E5ED3C}.Release|Any CPU.Build.0 = Release|Any CPU
		{FB6BB0EE-2561-4E1E-9C7F-9B2C0051E232}.Debug|Any CPU.ActiveCfg = Debug|Any CPU
		{FB6BB0EE-2561-4E1E-9C7F-9B2C0051E232}.Debug|Any CPU.Build.0 = Debug|Any CPU
		{FB6BB0EE-2561-4E1E-9C7F-9B2C0051E232}.Release|Any CPU.ActiveCfg = Release|Any CPU
		{FB6BB0EE-2561-4E1E-9C7F-9B2C0051E232}.Release|Any CPU.Build.0 = Release|Any CPU
		{C11CBE1C-010D-4840-8D94-7683012E0188}.Debug|Any CPU.ActiveCfg = Debug|Any CPU
		{C11CBE1C-010D-4840-8D94-7683012E0188}.Debug|Any CPU.Build.0 = Debug|Any CPU
		{C11CBE1C-010D-4840-8D94-7683012E0188}.Release|Any CPU.ActiveCfg = Release|Any CPU
		{C11CBE1C-010D-4840-8D94-7683012E0188}.Release|Any CPU.Build.0 = Release|Any CPU
		{25441FA8-F810-4B26-B243-8AD7DA66E161}.Debug|Any CPU.ActiveCfg = Debug|Any CPU
		{25441FA8-F810-4B26-B243-8AD7DA66E161}.Debug|Any CPU.Build.0 = Debug|Any CPU
		{25441FA8-F810-4B26-B243-8AD7DA66E161}.Release|Any CPU.ActiveCfg = Release|Any CPU
		{25441FA8-F810-4B26-B243-8AD7DA66E161}.Release|Any CPU.Build.0 = Release|Any CPU
		{89C2B0D0-D826-4FF1-9A0D-D7DCCFEACD8C}.Debug|Any CPU.ActiveCfg = Debug|Any CPU
		{89C2B0D0-D826-4FF1-9A0D-D7DCCFEACD8C}.Debug|Any CPU.Build.0 = Debug|Any CPU
		{89C2B0D0-D826-4FF1-9A0D-D7DCCFEACD8C}.Release|Any CPU.ActiveCfg = Release|Any CPU
		{89C2B0D0-D826-4FF1-9A0D-D7DCCFEACD8C}.Release|Any CPU.Build.0 = Release|Any CPU
		{CCA3A16D-B9BA-4A6F-8B1A-BB3AAF0D92DA}.Debug|Any CPU.ActiveCfg = Debug|Any CPU
		{CCA3A16D-B9BA-4A6F-8B1A-BB3AAF0D92DA}.Debug|Any CPU.Build.0 = Debug|Any CPU
		{CCA3A16D-B9BA-4A6F-8B1A-BB3AAF0D92DA}.Release|Any CPU.ActiveCfg = Release|Any CPU
		{CCA3A16D-B9BA-4A6F-8B1A-BB3AAF0D92DA}.Release|Any CPU.Build.0 = Release|Any CPU
		{851557EE-2742-43DD-842C-C057C7742DBE}.Debug|Any CPU.ActiveCfg = Debug|Any CPU
		{851557EE-2742-43DD-842C-C057C7742DBE}.Debug|Any CPU.Build.0 = Debug|Any CPU
		{851557EE-2742-43DD-842C-C057C7742DBE}.Release|Any CPU.ActiveCfg = Release|Any CPU
		{851557EE-2742-43DD-842C-C057C7742DBE}.Release|Any CPU.Build.0 = Release|Any CPU
		{19E3026A-FC91-45D6-AC9C-16BB2DEC9EB2}.Debug|Any CPU.ActiveCfg = Debug|Any CPU
		{19E3026A-FC91-45D6-AC9C-16BB2DEC9EB2}.Debug|Any CPU.Build.0 = Debug|Any CPU
		{19E3026A-FC91-45D6-AC9C-16BB2DEC9EB2}.Release|Any CPU.ActiveCfg = Release|Any CPU
		{19E3026A-FC91-45D6-AC9C-16BB2DEC9EB2}.Release|Any CPU.Build.0 = Release|Any CPU
		{529078CF-2FA1-476E-A8F6-EAA74440F65B}.Debug|Any CPU.ActiveCfg = Debug|Any CPU
		{529078CF-2FA1-476E-A8F6-EAA74440F65B}.Debug|Any CPU.Build.0 = Debug|Any CPU
		{529078CF-2FA1-476E-A8F6-EAA74440F65B}.Release|Any CPU.ActiveCfg = Release|Any CPU
		{529078CF-2FA1-476E-A8F6-EAA74440F65B}.Release|Any CPU.Build.0 = Release|Any CPU
		{9CA3171F-36DE-4E0A-8531-65A515B416E1}.Debug|Any CPU.ActiveCfg = Debug|Any CPU
		{9CA3171F-36DE-4E0A-8531-65A515B416E1}.Debug|Any CPU.Build.0 = Debug|Any CPU
		{9CA3171F-36DE-4E0A-8531-65A515B416E1}.Release|Any CPU.ActiveCfg = Release|Any CPU
		{9CA3171F-36DE-4E0A-8531-65A515B416E1}.Release|Any CPU.Build.0 = Release|Any CPU
		{577F5985-0929-4069-AFD2-A89C7D75829B}.Debug|Any CPU.ActiveCfg = Debug|Any CPU
		{577F5985-0929-4069-AFD2-A89C7D75829B}.Debug|Any CPU.Build.0 = Debug|Any CPU
		{577F5985-0929-4069-AFD2-A89C7D75829B}.Release|Any CPU.ActiveCfg = Release|Any CPU
		{577F5985-0929-4069-AFD2-A89C7D75829B}.Release|Any CPU.Build.0 = Release|Any CPU
		{D3FC0B2F-72FB-438E-AC10-DCC54BC40773}.Debug|Any CPU.ActiveCfg = Debug|Any CPU
		{D3FC0B2F-72FB-438E-AC10-DCC54BC40773}.Debug|Any CPU.Build.0 = Debug|Any CPU
		{D3FC0B2F-72FB-438E-AC10-DCC54BC40773}.Release|Any CPU.ActiveCfg = Release|Any CPU
		{D3FC0B2F-72FB-438E-AC10-DCC54BC40773}.Release|Any CPU.Build.0 = Release|Any CPU
		{D567E6EF-110A-4DE8-8878-638B5A2B310C}.Debug|Any CPU.ActiveCfg = Debug|Any CPU
		{D567E6EF-110A-4DE8-8878-638B5A2B310C}.Debug|Any CPU.Build.0 = Debug|Any CPU
		{D567E6EF-110A-4DE8-8878-638B5A2B310C}.Release|Any CPU.ActiveCfg = Release|Any CPU
		{D567E6EF-110A-4DE8-8878-638B5A2B310C}.Release|Any CPU.Build.0 = Release|Any CPU
		{CBC65E4F-8CD1-4897-9695-822045923E90}.Debug|Any CPU.ActiveCfg = Debug|Any CPU
		{CBC65E4F-8CD1-4897-9695-822045923E90}.Debug|Any CPU.Build.0 = Debug|Any CPU
		{CBC65E4F-8CD1-4897-9695-822045923E90}.Release|Any CPU.ActiveCfg = Release|Any CPU
		{CBC65E4F-8CD1-4897-9695-822045923E90}.Release|Any CPU.Build.0 = Release|Any CPU
		{08909AE5-342E-40A3-BE32-8BF7008AF2F1}.Debug|Any CPU.ActiveCfg = Debug|Any CPU
		{08909AE5-342E-40A3-BE32-8BF7008AF2F1}.Debug|Any CPU.Build.0 = Debug|Any CPU
		{08909AE5-342E-40A3-BE32-8BF7008AF2F1}.Release|Any CPU.ActiveCfg = Release|Any CPU
		{08909AE5-342E-40A3-BE32-8BF7008AF2F1}.Release|Any CPU.Build.0 = Release|Any CPU
		{1E93FD00-44F0-4258-8EAC-3224863A169D}.Debug|Any CPU.ActiveCfg = Debug|Any CPU
		{1E93FD00-44F0-4258-8EAC-3224863A169D}.Debug|Any CPU.Build.0 = Debug|Any CPU
		{1E93FD00-44F0-4258-8EAC-3224863A169D}.Release|Any CPU.ActiveCfg = Release|Any CPU
		{1E93FD00-44F0-4258-8EAC-3224863A169D}.Release|Any CPU.Build.0 = Release|Any CPU
		{1CA0C2CD-4BDE-46A8-852F-E124C3F7DFBE}.Debug|Any CPU.ActiveCfg = Debug|Any CPU
		{1CA0C2CD-4BDE-46A8-852F-E124C3F7DFBE}.Debug|Any CPU.Build.0 = Debug|Any CPU
		{1CA0C2CD-4BDE-46A8-852F-E124C3F7DFBE}.Release|Any CPU.ActiveCfg = Release|Any CPU
		{1CA0C2CD-4BDE-46A8-852F-E124C3F7DFBE}.Release|Any CPU.Build.0 = Release|Any CPU
		{3C7A3856-10A7-4D28-AD5B-96B7A37AB41A}.Debug|Any CPU.ActiveCfg = Debug|Any CPU
		{3C7A3856-10A7-4D28-AD5B-96B7A37AB41A}.Debug|Any CPU.Build.0 = Debug|Any CPU
		{3C7A3856-10A7-4D28-AD5B-96B7A37AB41A}.Release|Any CPU.ActiveCfg = Release|Any CPU
		{3C7A3856-10A7-4D28-AD5B-96B7A37AB41A}.Release|Any CPU.Build.0 = Release|Any CPU
		{26E6BEFE-05E5-4054-A126-4B9E6D7F47E2}.Debug|Any CPU.ActiveCfg = Debug|Any CPU
		{26E6BEFE-05E5-4054-A126-4B9E6D7F47E2}.Debug|Any CPU.Build.0 = Debug|Any CPU
		{26E6BEFE-05E5-4054-A126-4B9E6D7F47E2}.Release|Any CPU.ActiveCfg = Release|Any CPU
		{26E6BEFE-05E5-4054-A126-4B9E6D7F47E2}.Release|Any CPU.Build.0 = Release|Any CPU
		{4231789A-0E59-4C5C-9D68-E580AD73098D}.Debug|Any CPU.ActiveCfg = Debug|Any CPU
		{4231789A-0E59-4C5C-9D68-E580AD73098D}.Debug|Any CPU.Build.0 = Debug|Any CPU
		{4231789A-0E59-4C5C-9D68-E580AD73098D}.Release|Any CPU.ActiveCfg = Release|Any CPU
		{4231789A-0E59-4C5C-9D68-E580AD73098D}.Release|Any CPU.Build.0 = Release|Any CPU
		{4A086470-AD72-44F5-B68A-1E756C4EEF0A}.Debug|Any CPU.ActiveCfg = Debug|Any CPU
		{4A086470-AD72-44F5-B68A-1E756C4EEF0A}.Debug|Any CPU.Build.0 = Debug|Any CPU
		{4A086470-AD72-44F5-B68A-1E756C4EEF0A}.Release|Any CPU.ActiveCfg = Release|Any CPU
		{4A086470-AD72-44F5-B68A-1E756C4EEF0A}.Release|Any CPU.Build.0 = Release|Any CPU
		{C030FC41-1787-4168-9980-5B0EF3D00951}.Debug|Any CPU.ActiveCfg = Debug|Any CPU
		{C030FC41-1787-4168-9980-5B0EF3D00951}.Debug|Any CPU.Build.0 = Debug|Any CPU
		{C030FC41-1787-4168-9980-5B0EF3D00951}.Release|Any CPU.ActiveCfg = Release|Any CPU
		{C030FC41-1787-4168-9980-5B0EF3D00951}.Release|Any CPU.Build.0 = Release|Any CPU
		{636869F9-1CD2-445F-9F2D-66FF2245A44C}.Debug|Any CPU.ActiveCfg = Debug|Any CPU
		{636869F9-1CD2-445F-9F2D-66FF2245A44C}.Debug|Any CPU.Build.0 = Debug|Any CPU
		{636869F9-1CD2-445F-9F2D-66FF2245A44C}.Release|Any CPU.ActiveCfg = Release|Any CPU
		{636869F9-1CD2-445F-9F2D-66FF2245A44C}.Release|Any CPU.Build.0 = Release|Any CPU
		{5B418488-656D-4DF0-8907-C2363EA64A4E}.Debug|Any CPU.ActiveCfg = Debug|Any CPU
		{5B418488-656D-4DF0-8907-C2363EA64A4E}.Debug|Any CPU.Build.0 = Debug|Any CPU
		{5B418488-656D-4DF0-8907-C2363EA64A4E}.Release|Any CPU.ActiveCfg = Release|Any CPU
		{5B418488-656D-4DF0-8907-C2363EA64A4E}.Release|Any CPU.Build.0 = Release|Any CPU
		{740DF46A-3E1E-4330-AACD-50778E72E86E}.Debug|Any CPU.ActiveCfg = Debug|Any CPU
		{740DF46A-3E1E-4330-AACD-50778E72E86E}.Debug|Any CPU.Build.0 = Debug|Any CPU
		{740DF46A-3E1E-4330-AACD-50778E72E86E}.Release|Any CPU.ActiveCfg = Release|Any CPU
		{740DF46A-3E1E-4330-AACD-50778E72E86E}.Release|Any CPU.Build.0 = Release|Any CPU
		{2AC33747-FD56-4077-A2A1-D38059509D80}.Debug|Any CPU.ActiveCfg = Debug|Any CPU
		{2AC33747-FD56-4077-A2A1-D38059509D80}.Debug|Any CPU.Build.0 = Debug|Any CPU
		{2AC33747-FD56-4077-A2A1-D38059509D80}.Release|Any CPU.ActiveCfg = Release|Any CPU
		{2AC33747-FD56-4077-A2A1-D38059509D80}.Release|Any CPU.Build.0 = Release|Any CPU
		{9B4D2C56-5B37-481A-B22C-B033A58B8163}.Debug|Any CPU.ActiveCfg = Debug|Any CPU
		{9B4D2C56-5B37-481A-B22C-B033A58B8163}.Debug|Any CPU.Build.0 = Debug|Any CPU
		{9B4D2C56-5B37-481A-B22C-B033A58B8163}.Release|Any CPU.ActiveCfg = Release|Any CPU
		{9B4D2C56-5B37-481A-B22C-B033A58B8163}.Release|Any CPU.Build.0 = Release|Any CPU
		{7D3B21A3-186D-418D-AFC6-D0D8836E4F39}.Debug|Any CPU.ActiveCfg = Debug|Any CPU
		{7D3B21A3-186D-418D-AFC6-D0D8836E4F39}.Debug|Any CPU.Build.0 = Debug|Any CPU
		{7D3B21A3-186D-418D-AFC6-D0D8836E4F39}.Release|Any CPU.ActiveCfg = Release|Any CPU
		{7D3B21A3-186D-418D-AFC6-D0D8836E4F39}.Release|Any CPU.Build.0 = Release|Any CPU
		{4168B003-AC58-4DF8-ACFB-A50DA4DCA61A}.Debug|Any CPU.ActiveCfg = Debug|Any CPU
		{4168B003-AC58-4DF8-ACFB-A50DA4DCA61A}.Debug|Any CPU.Build.0 = Debug|Any CPU
		{4168B003-AC58-4DF8-ACFB-A50DA4DCA61A}.Release|Any CPU.ActiveCfg = Release|Any CPU
		{4168B003-AC58-4DF8-ACFB-A50DA4DCA61A}.Release|Any CPU.Build.0 = Release|Any CPU
		{B437BB21-0175-4BB5-8F4C-3D54E2E770F1}.Debug|Any CPU.ActiveCfg = Debug|Any CPU
		{B437BB21-0175-4BB5-8F4C-3D54E2E770F1}.Debug|Any CPU.Build.0 = Debug|Any CPU
		{B437BB21-0175-4BB5-8F4C-3D54E2E770F1}.Release|Any CPU.ActiveCfg = Release|Any CPU
		{B437BB21-0175-4BB5-8F4C-3D54E2E770F1}.Release|Any CPU.Build.0 = Release|Any CPU
		{8A986185-B877-4103-A1CF-4874F86B18F3}.Debug|Any CPU.ActiveCfg = Debug|Any CPU
		{8A986185-B877-4103-A1CF-4874F86B18F3}.Debug|Any CPU.Build.0 = Debug|Any CPU
		{8A986185-B877-4103-A1CF-4874F86B18F3}.Release|Any CPU.ActiveCfg = Release|Any CPU
		{8A986185-B877-4103-A1CF-4874F86B18F3}.Release|Any CPU.Build.0 = Release|Any CPU
		{5EF277D5-AF28-4A8B-9DC6-C90141523E4B}.Debug|Any CPU.ActiveCfg = Debug|Any CPU
		{5EF277D5-AF28-4A8B-9DC6-C90141523E4B}.Debug|Any CPU.Build.0 = Debug|Any CPU
		{5EF277D5-AF28-4A8B-9DC6-C90141523E4B}.Release|Any CPU.ActiveCfg = Release|Any CPU
		{5EF277D5-AF28-4A8B-9DC6-C90141523E4B}.Release|Any CPU.Build.0 = Release|Any CPU
		{C201FBDD-E201-4F90-8763-68C66AD54AF2}.Debug|Any CPU.ActiveCfg = Debug|Any CPU
		{C201FBDD-E201-4F90-8763-68C66AD54AF2}.Debug|Any CPU.Build.0 = Debug|Any CPU
		{C201FBDD-E201-4F90-8763-68C66AD54AF2}.Release|Any CPU.ActiveCfg = Release|Any CPU
		{C201FBDD-E201-4F90-8763-68C66AD54AF2}.Release|Any CPU.Build.0 = Release|Any CPU
		{BAF72982-9F5C-4F57-AE10-AE9FF298CBE3}.Debug|Any CPU.ActiveCfg = Debug|Any CPU
		{BAF72982-9F5C-4F57-AE10-AE9FF298CBE3}.Debug|Any CPU.Build.0 = Debug|Any CPU
		{BAF72982-9F5C-4F57-AE10-AE9FF298CBE3}.Release|Any CPU.ActiveCfg = Release|Any CPU
		{BAF72982-9F5C-4F57-AE10-AE9FF298CBE3}.Release|Any CPU.Build.0 = Release|Any CPU
		{6E7E515A-46B5-4435-BFA3-9488BA03D53D}.Debug|Any CPU.ActiveCfg = Debug|Any CPU
		{6E7E515A-46B5-4435-BFA3-9488BA03D53D}.Debug|Any CPU.Build.0 = Debug|Any CPU
		{6E7E515A-46B5-4435-BFA3-9488BA03D53D}.Release|Any CPU.ActiveCfg = Release|Any CPU
		{6E7E515A-46B5-4435-BFA3-9488BA03D53D}.Release|Any CPU.Build.0 = Release|Any CPU
		{864932A1-9315-4EFA-B057-EC624EA8F801}.Debug|Any CPU.ActiveCfg = Debug|Any CPU
		{864932A1-9315-4EFA-B057-EC624EA8F801}.Debug|Any CPU.Build.0 = Debug|Any CPU
		{864932A1-9315-4EFA-B057-EC624EA8F801}.Release|Any CPU.ActiveCfg = Release|Any CPU
		{864932A1-9315-4EFA-B057-EC624EA8F801}.Release|Any CPU.Build.0 = Release|Any CPU
		{8EFE85C3-658E-4C59-B865-56BBACFA617C}.Debug|Any CPU.ActiveCfg = Debug|Any CPU
		{8EFE85C3-658E-4C59-B865-56BBACFA617C}.Debug|Any CPU.Build.0 = Debug|Any CPU
		{8EFE85C3-658E-4C59-B865-56BBACFA617C}.Release|Any CPU.ActiveCfg = Release|Any CPU
		{8EFE85C3-658E-4C59-B865-56BBACFA617C}.Release|Any CPU.Build.0 = Release|Any CPU
		{7C0F0A79-ADDD-47A6-9BC9-E0B89B9EEA7D}.Debug|Any CPU.ActiveCfg = Debug|Any CPU
		{7C0F0A79-ADDD-47A6-9BC9-E0B89B9EEA7D}.Debug|Any CPU.Build.0 = Debug|Any CPU
		{7C0F0A79-ADDD-47A6-9BC9-E0B89B9EEA7D}.Release|Any CPU.ActiveCfg = Release|Any CPU
		{7C0F0A79-ADDD-47A6-9BC9-E0B89B9EEA7D}.Release|Any CPU.Build.0 = Release|Any CPU
		{DC744C6C-EA92-457E-B77B-FD547030C4C3}.Debug|Any CPU.ActiveCfg = Debug|Any CPU
		{DC744C6C-EA92-457E-B77B-FD547030C4C3}.Debug|Any CPU.Build.0 = Debug|Any CPU
		{DC744C6C-EA92-457E-B77B-FD547030C4C3}.Release|Any CPU.ActiveCfg = Release|Any CPU
		{DC744C6C-EA92-457E-B77B-FD547030C4C3}.Release|Any CPU.Build.0 = Release|Any CPU
		{F58B1B42-BED8-470A-8873-7E5D3021DD81}.Debug|Any CPU.ActiveCfg = Debug|Any CPU
		{F58B1B42-BED8-470A-8873-7E5D3021DD81}.Debug|Any CPU.Build.0 = Debug|Any CPU
		{F58B1B42-BED8-470A-8873-7E5D3021DD81}.Release|Any CPU.ActiveCfg = Release|Any CPU
		{F58B1B42-BED8-470A-8873-7E5D3021DD81}.Release|Any CPU.Build.0 = Release|Any CPU
		{E396E94E-7827-4F85-A637-69719D50F2EF}.Debug|Any CPU.ActiveCfg = Debug|Any CPU
		{E396E94E-7827-4F85-A637-69719D50F2EF}.Debug|Any CPU.Build.0 = Debug|Any CPU
		{E396E94E-7827-4F85-A637-69719D50F2EF}.Release|Any CPU.ActiveCfg = Release|Any CPU
		{E396E94E-7827-4F85-A637-69719D50F2EF}.Release|Any CPU.Build.0 = Release|Any CPU
		{C61FA2C0-9CD6-410D-A3DD-7977E5803697}.Debug|Any CPU.ActiveCfg = Debug|Any CPU
		{C61FA2C0-9CD6-410D-A3DD-7977E5803697}.Debug|Any CPU.Build.0 = Debug|Any CPU
		{C61FA2C0-9CD6-410D-A3DD-7977E5803697}.Release|Any CPU.ActiveCfg = Release|Any CPU
		{C61FA2C0-9CD6-410D-A3DD-7977E5803697}.Release|Any CPU.Build.0 = Release|Any CPU
		{39340E36-FA4E-4D5F-BB08-D186DB2AAF67}.Debug|Any CPU.ActiveCfg = Debug|Any CPU
		{39340E36-FA4E-4D5F-BB08-D186DB2AAF67}.Debug|Any CPU.Build.0 = Debug|Any CPU
		{39340E36-FA4E-4D5F-BB08-D186DB2AAF67}.Release|Any CPU.ActiveCfg = Release|Any CPU
		{39340E36-FA4E-4D5F-BB08-D186DB2AAF67}.Release|Any CPU.Build.0 = Release|Any CPU
		{D61271FE-D57D-401D-B245-70CA26507014}.Debug|Any CPU.ActiveCfg = Debug|Any CPU
		{D61271FE-D57D-401D-B245-70CA26507014}.Debug|Any CPU.Build.0 = Debug|Any CPU
		{D61271FE-D57D-401D-B245-70CA26507014}.Release|Any CPU.ActiveCfg = Release|Any CPU
		{D61271FE-D57D-401D-B245-70CA26507014}.Release|Any CPU.Build.0 = Release|Any CPU
		{8C94E9FB-E364-4306-8857-629D9BA65D6A}.Debug|Any CPU.ActiveCfg = Debug|Any CPU
		{8C94E9FB-E364-4306-8857-629D9BA65D6A}.Debug|Any CPU.Build.0 = Debug|Any CPU
		{8C94E9FB-E364-4306-8857-629D9BA65D6A}.Release|Any CPU.ActiveCfg = Release|Any CPU
		{8C94E9FB-E364-4306-8857-629D9BA65D6A}.Release|Any CPU.Build.0 = Release|Any CPU
		{1C461440-E6C0-4F8D-9464-41B02ADF4721}.Debug|Any CPU.ActiveCfg = Debug|Any CPU
		{1C461440-E6C0-4F8D-9464-41B02ADF4721}.Debug|Any CPU.Build.0 = Debug|Any CPU
		{1C461440-E6C0-4F8D-9464-41B02ADF4721}.Release|Any CPU.ActiveCfg = Release|Any CPU
		{1C461440-E6C0-4F8D-9464-41B02ADF4721}.Release|Any CPU.Build.0 = Release|Any CPU
		{BFB9D585-AF34-4FDE-964A-011DED7AD964}.Debug|Any CPU.ActiveCfg = Debug|Any CPU
		{BFB9D585-AF34-4FDE-964A-011DED7AD964}.Debug|Any CPU.Build.0 = Debug|Any CPU
		{BFB9D585-AF34-4FDE-964A-011DED7AD964}.Release|Any CPU.ActiveCfg = Release|Any CPU
		{BFB9D585-AF34-4FDE-964A-011DED7AD964}.Release|Any CPU.Build.0 = Release|Any CPU
		{DE013CA5-DC39-458B-9B9E-656CCD00458E}.Debug|Any CPU.ActiveCfg = Debug|Any CPU
		{DE013CA5-DC39-458B-9B9E-656CCD00458E}.Debug|Any CPU.Build.0 = Debug|Any CPU
		{DE013CA5-DC39-458B-9B9E-656CCD00458E}.Release|Any CPU.ActiveCfg = Release|Any CPU
		{DE013CA5-DC39-458B-9B9E-656CCD00458E}.Release|Any CPU.Build.0 = Release|Any CPU
		{43AAD1B1-24E9-4261-BC29-7E2BA81DB3AA}.Debug|Any CPU.ActiveCfg = Debug|Any CPU
		{43AAD1B1-24E9-4261-BC29-7E2BA81DB3AA}.Debug|Any CPU.Build.0 = Debug|Any CPU
		{43AAD1B1-24E9-4261-BC29-7E2BA81DB3AA}.Release|Any CPU.ActiveCfg = Release|Any CPU
		{43AAD1B1-24E9-4261-BC29-7E2BA81DB3AA}.Release|Any CPU.Build.0 = Release|Any CPU
		{F4883DCE-91F6-4C9F-BF90-3D8CF366D4C8}.Debug|Any CPU.ActiveCfg = Debug|Any CPU
		{F4883DCE-91F6-4C9F-BF90-3D8CF366D4C8}.Debug|Any CPU.Build.0 = Debug|Any CPU
		{F4883DCE-91F6-4C9F-BF90-3D8CF366D4C8}.Release|Any CPU.ActiveCfg = Release|Any CPU
		{F4883DCE-91F6-4C9F-BF90-3D8CF366D4C8}.Release|Any CPU.Build.0 = Release|Any CPU
		{8D9A5C94-D1BA-4303-AB0D-4CE6861FE400}.Debug|Any CPU.ActiveCfg = Debug|Any CPU
		{8D9A5C94-D1BA-4303-AB0D-4CE6861FE400}.Debug|Any CPU.Build.0 = Debug|Any CPU
		{8D9A5C94-D1BA-4303-AB0D-4CE6861FE400}.Release|Any CPU.ActiveCfg = Release|Any CPU
		{8D9A5C94-D1BA-4303-AB0D-4CE6861FE400}.Release|Any CPU.Build.0 = Release|Any CPU
		{AAE615DE-3FAA-4E78-BD59-5E53C16C292B}.Debug|Any CPU.ActiveCfg = Debug|Any CPU
		{AAE615DE-3FAA-4E78-BD59-5E53C16C292B}.Debug|Any CPU.Build.0 = Debug|Any CPU
		{AAE615DE-3FAA-4E78-BD59-5E53C16C292B}.Release|Any CPU.ActiveCfg = Release|Any CPU
		{AAE615DE-3FAA-4E78-BD59-5E53C16C292B}.Release|Any CPU.Build.0 = Release|Any CPU
		{A9EE58CD-5261-44F2-A557-E24A9CB46496}.Debug|Any CPU.ActiveCfg = Debug|Any CPU
		{A9EE58CD-5261-44F2-A557-E24A9CB46496}.Debug|Any CPU.Build.0 = Debug|Any CPU
		{A9EE58CD-5261-44F2-A557-E24A9CB46496}.Release|Any CPU.ActiveCfg = Release|Any CPU
		{A9EE58CD-5261-44F2-A557-E24A9CB46496}.Release|Any CPU.Build.0 = Release|Any CPU
		{530D4A0F-009C-4AB3-821F-62E14F66CAD6}.Debug|Any CPU.ActiveCfg = Debug|Any CPU
		{530D4A0F-009C-4AB3-821F-62E14F66CAD6}.Debug|Any CPU.Build.0 = Debug|Any CPU
		{530D4A0F-009C-4AB3-821F-62E14F66CAD6}.Release|Any CPU.ActiveCfg = Release|Any CPU
		{530D4A0F-009C-4AB3-821F-62E14F66CAD6}.Release|Any CPU.Build.0 = Release|Any CPU
		{055FFDCC-38BD-49CE-860B-C59C28B420CC}.Debug|Any CPU.ActiveCfg = Debug|Any CPU
		{055FFDCC-38BD-49CE-860B-C59C28B420CC}.Debug|Any CPU.Build.0 = Debug|Any CPU
		{055FFDCC-38BD-49CE-860B-C59C28B420CC}.Release|Any CPU.ActiveCfg = Release|Any CPU
		{055FFDCC-38BD-49CE-860B-C59C28B420CC}.Release|Any CPU.Build.0 = Release|Any CPU
		{F90502C5-FE00-402A-AC8D-5E9283C94514}.Debug|Any CPU.ActiveCfg = Debug|Any CPU
		{F90502C5-FE00-402A-AC8D-5E9283C94514}.Debug|Any CPU.Build.0 = Debug|Any CPU
		{F90502C5-FE00-402A-AC8D-5E9283C94514}.Release|Any CPU.ActiveCfg = Release|Any CPU
		{F90502C5-FE00-402A-AC8D-5E9283C94514}.Release|Any CPU.Build.0 = Release|Any CPU
		{D92C5E05-7C6E-4437-AEFF-CED226A213BC}.Debug|Any CPU.ActiveCfg = Debug|Any CPU
		{D92C5E05-7C6E-4437-AEFF-CED226A213BC}.Debug|Any CPU.Build.0 = Debug|Any CPU
		{D92C5E05-7C6E-4437-AEFF-CED226A213BC}.Release|Any CPU.ActiveCfg = Release|Any CPU
		{D92C5E05-7C6E-4437-AEFF-CED226A213BC}.Release|Any CPU.Build.0 = Release|Any CPU
		{33957B87-F356-4267-AA6B-FBF5EF91E54E}.Debug|Any CPU.ActiveCfg = Debug|Any CPU
		{33957B87-F356-4267-AA6B-FBF5EF91E54E}.Debug|Any CPU.Build.0 = Debug|Any CPU
		{33957B87-F356-4267-AA6B-FBF5EF91E54E}.Release|Any CPU.ActiveCfg = Release|Any CPU
		{33957B87-F356-4267-AA6B-FBF5EF91E54E}.Release|Any CPU.Build.0 = Release|Any CPU
		{AF85A3F0-3EA8-4B6B-8A54-90692E2FA8BF}.Debug|Any CPU.ActiveCfg = Debug|Any CPU
		{AF85A3F0-3EA8-4B6B-8A54-90692E2FA8BF}.Debug|Any CPU.Build.0 = Debug|Any CPU
		{AF85A3F0-3EA8-4B6B-8A54-90692E2FA8BF}.Release|Any CPU.ActiveCfg = Release|Any CPU
		{AF85A3F0-3EA8-4B6B-8A54-90692E2FA8BF}.Release|Any CPU.Build.0 = Release|Any CPU
		{A85EC3E1-B04F-4AE5-957F-D148A48E3C8F}.Debug|Any CPU.ActiveCfg = Debug|Any CPU
		{A85EC3E1-B04F-4AE5-957F-D148A48E3C8F}.Debug|Any CPU.Build.0 = Debug|Any CPU
		{A85EC3E1-B04F-4AE5-957F-D148A48E3C8F}.Release|Any CPU.ActiveCfg = Release|Any CPU
		{A85EC3E1-B04F-4AE5-957F-D148A48E3C8F}.Release|Any CPU.Build.0 = Release|Any CPU
		{FDE22F14-F89F-4E36-A191-55AFF31E6DE7}.Debug|Any CPU.ActiveCfg = Debug|Any CPU
		{FDE22F14-F89F-4E36-A191-55AFF31E6DE7}.Debug|Any CPU.Build.0 = Debug|Any CPU
		{FDE22F14-F89F-4E36-A191-55AFF31E6DE7}.Release|Any CPU.ActiveCfg = Release|Any CPU
		{FDE22F14-F89F-4E36-A191-55AFF31E6DE7}.Release|Any CPU.Build.0 = Release|Any CPU
		{1BE73F21-C39F-4804-BC9D-69C7726CC3EB}.Debug|Any CPU.ActiveCfg = Debug|Any CPU
		{1BE73F21-C39F-4804-BC9D-69C7726CC3EB}.Debug|Any CPU.Build.0 = Debug|Any CPU
		{1BE73F21-C39F-4804-BC9D-69C7726CC3EB}.Release|Any CPU.ActiveCfg = Release|Any CPU
		{1BE73F21-C39F-4804-BC9D-69C7726CC3EB}.Release|Any CPU.Build.0 = Release|Any CPU
		{16C46BA0-DA25-40CB-825F-6741353A1626}.Debug|Any CPU.ActiveCfg = Debug|Any CPU
		{16C46BA0-DA25-40CB-825F-6741353A1626}.Debug|Any CPU.Build.0 = Debug|Any CPU
		{16C46BA0-DA25-40CB-825F-6741353A1626}.Release|Any CPU.ActiveCfg = Release|Any CPU
		{16C46BA0-DA25-40CB-825F-6741353A1626}.Release|Any CPU.Build.0 = Release|Any CPU
		{B656D4FF-6963-4F96-9D37-F814CADF2CA4}.Debug|Any CPU.ActiveCfg = Debug|Any CPU
		{B656D4FF-6963-4F96-9D37-F814CADF2CA4}.Debug|Any CPU.Build.0 = Debug|Any CPU
		{B656D4FF-6963-4F96-9D37-F814CADF2CA4}.Release|Any CPU.ActiveCfg = Release|Any CPU
		{B656D4FF-6963-4F96-9D37-F814CADF2CA4}.Release|Any CPU.Build.0 = Release|Any CPU
		{ABA65427-1F19-4BFC-99B6-540AA2790EA3}.Debug|Any CPU.ActiveCfg = Debug|Any CPU
		{ABA65427-1F19-4BFC-99B6-540AA2790EA3}.Debug|Any CPU.Build.0 = Debug|Any CPU
		{ABA65427-1F19-4BFC-99B6-540AA2790EA3}.Release|Any CPU.ActiveCfg = Release|Any CPU
		{ABA65427-1F19-4BFC-99B6-540AA2790EA3}.Release|Any CPU.Build.0 = Release|Any CPU
		{32DAF8E9-B035-4733-91AF-979F403C3B21}.Debug|Any CPU.ActiveCfg = Debug|Any CPU
		{32DAF8E9-B035-4733-91AF-979F403C3B21}.Debug|Any CPU.Build.0 = Debug|Any CPU
		{32DAF8E9-B035-4733-91AF-979F403C3B21}.Release|Any CPU.ActiveCfg = Release|Any CPU
		{32DAF8E9-B035-4733-91AF-979F403C3B21}.Release|Any CPU.Build.0 = Release|Any CPU
		{34E0819F-1E32-4160-A281-211FE6D743BB}.Debug|Any CPU.ActiveCfg = Debug|Any CPU
		{34E0819F-1E32-4160-A281-211FE6D743BB}.Debug|Any CPU.Build.0 = Debug|Any CPU
		{34E0819F-1E32-4160-A281-211FE6D743BB}.Release|Any CPU.ActiveCfg = Release|Any CPU
		{34E0819F-1E32-4160-A281-211FE6D743BB}.Release|Any CPU.Build.0 = Release|Any CPU
		{D2AB817C-7D13-482C-9500-6D1EA6489F70}.Debug|Any CPU.ActiveCfg = Debug|Any CPU
		{D2AB817C-7D13-482C-9500-6D1EA6489F70}.Debug|Any CPU.Build.0 = Debug|Any CPU
		{D2AB817C-7D13-482C-9500-6D1EA6489F70}.Release|Any CPU.ActiveCfg = Release|Any CPU
		{D2AB817C-7D13-482C-9500-6D1EA6489F70}.Release|Any CPU.Build.0 = Release|Any CPU
		{E1F07A64-A35C-416E-B598-DDAAF3CE19AE}.Debug|Any CPU.ActiveCfg = Debug|Any CPU
		{E1F07A64-A35C-416E-B598-DDAAF3CE19AE}.Debug|Any CPU.Build.0 = Debug|Any CPU
		{E1F07A64-A35C-416E-B598-DDAAF3CE19AE}.Release|Any CPU.ActiveCfg = Release|Any CPU
		{E1F07A64-A35C-416E-B598-DDAAF3CE19AE}.Release|Any CPU.Build.0 = Release|Any CPU
		{E2AC8E59-D1C4-40E8-A535-409E21C7200A}.Debug|Any CPU.ActiveCfg = Debug|Any CPU
		{E2AC8E59-D1C4-40E8-A535-409E21C7200A}.Debug|Any CPU.Build.0 = Debug|Any CPU
		{E2AC8E59-D1C4-40E8-A535-409E21C7200A}.Release|Any CPU.ActiveCfg = Release|Any CPU
		{E2AC8E59-D1C4-40E8-A535-409E21C7200A}.Release|Any CPU.Build.0 = Release|Any CPU
		{7FDDD27A-7443-4BD1-B473-53CA6348CCB1}.Debug|Any CPU.ActiveCfg = Debug|Any CPU
		{7FDDD27A-7443-4BD1-B473-53CA6348CCB1}.Debug|Any CPU.Build.0 = Debug|Any CPU
		{7FDDD27A-7443-4BD1-B473-53CA6348CCB1}.Release|Any CPU.ActiveCfg = Release|Any CPU
		{7FDDD27A-7443-4BD1-B473-53CA6348CCB1}.Release|Any CPU.Build.0 = Release|Any CPU
		{5468153B-26F3-4CB8-B87C-7D5654C689E1}.Debug|Any CPU.ActiveCfg = Debug|Any CPU
		{5468153B-26F3-4CB8-B87C-7D5654C689E1}.Debug|Any CPU.Build.0 = Debug|Any CPU
		{5468153B-26F3-4CB8-B87C-7D5654C689E1}.Release|Any CPU.ActiveCfg = Release|Any CPU
		{5468153B-26F3-4CB8-B87C-7D5654C689E1}.Release|Any CPU.Build.0 = Release|Any CPU
		{362A1A17-EC6F-4A4A-A0F7-FF53BBC87658}.Debug|Any CPU.ActiveCfg = Debug|Any CPU
		{362A1A17-EC6F-4A4A-A0F7-FF53BBC87658}.Debug|Any CPU.Build.0 = Debug|Any CPU
		{362A1A17-EC6F-4A4A-A0F7-FF53BBC87658}.Release|Any CPU.ActiveCfg = Release|Any CPU
		{362A1A17-EC6F-4A4A-A0F7-FF53BBC87658}.Release|Any CPU.Build.0 = Release|Any CPU
		{0B94D29B-DEB9-406B-9176-5608218B5F64}.Debug|Any CPU.ActiveCfg = Debug|Any CPU
		{0B94D29B-DEB9-406B-9176-5608218B5F64}.Debug|Any CPU.Build.0 = Debug|Any CPU
		{0B94D29B-DEB9-406B-9176-5608218B5F64}.Release|Any CPU.ActiveCfg = Release|Any CPU
		{0B94D29B-DEB9-406B-9176-5608218B5F64}.Release|Any CPU.Build.0 = Release|Any CPU
		{3C54EC2C-1C3A-4007-870D-14175D92B030}.Debug|Any CPU.ActiveCfg = Debug|Any CPU
		{3C54EC2C-1C3A-4007-870D-14175D92B030}.Debug|Any CPU.Build.0 = Debug|Any CPU
		{3C54EC2C-1C3A-4007-870D-14175D92B030}.Release|Any CPU.ActiveCfg = Release|Any CPU
		{3C54EC2C-1C3A-4007-870D-14175D92B030}.Release|Any CPU.Build.0 = Release|Any CPU
		{FB1A31FD-755B-4777-8CF8-4013121EC00D}.Debug|Any CPU.ActiveCfg = Debug|Any CPU
		{FB1A31FD-755B-4777-8CF8-4013121EC00D}.Debug|Any CPU.Build.0 = Debug|Any CPU
		{FB1A31FD-755B-4777-8CF8-4013121EC00D}.Release|Any CPU.ActiveCfg = Release|Any CPU
		{FB1A31FD-755B-4777-8CF8-4013121EC00D}.Release|Any CPU.Build.0 = Release|Any CPU
		{27FAD923-CF4B-49AE-8C2E-E0611B51DEF4}.Debug|Any CPU.ActiveCfg = Debug|Any CPU
		{27FAD923-CF4B-49AE-8C2E-E0611B51DEF4}.Debug|Any CPU.Build.0 = Debug|Any CPU
		{27FAD923-CF4B-49AE-8C2E-E0611B51DEF4}.Release|Any CPU.ActiveCfg = Release|Any CPU
		{27FAD923-CF4B-49AE-8C2E-E0611B51DEF4}.Release|Any CPU.Build.0 = Release|Any CPU
		{93CF6BC8-C0B1-476E-A5B7-ED04ED473749}.Debug|Any CPU.ActiveCfg = Debug|Any CPU
		{93CF6BC8-C0B1-476E-A5B7-ED04ED473749}.Debug|Any CPU.Build.0 = Debug|Any CPU
		{93CF6BC8-C0B1-476E-A5B7-ED04ED473749}.Release|Any CPU.ActiveCfg = Release|Any CPU
		{93CF6BC8-C0B1-476E-A5B7-ED04ED473749}.Release|Any CPU.Build.0 = Release|Any CPU
		{BE356A74-126B-4C9F-AFCE-3EFECE5F5495}.Debug|Any CPU.ActiveCfg = Debug|Any CPU
		{BE356A74-126B-4C9F-AFCE-3EFECE5F5495}.Debug|Any CPU.Build.0 = Debug|Any CPU
		{BE356A74-126B-4C9F-AFCE-3EFECE5F5495}.Release|Any CPU.ActiveCfg = Release|Any CPU
		{BE356A74-126B-4C9F-AFCE-3EFECE5F5495}.Release|Any CPU.Build.0 = Release|Any CPU
		{D2254334-1677-48EB-B7BA-3253C740293D}.Debug|Any CPU.ActiveCfg = Debug|Any CPU
		{D2254334-1677-48EB-B7BA-3253C740293D}.Debug|Any CPU.Build.0 = Debug|Any CPU
		{D2254334-1677-48EB-B7BA-3253C740293D}.Release|Any CPU.ActiveCfg = Release|Any CPU
		{D2254334-1677-48EB-B7BA-3253C740293D}.Release|Any CPU.Build.0 = Release|Any CPU
		{857D1773-5110-4D80-B600-79E970579063}.Debug|Any CPU.ActiveCfg = Debug|Any CPU
		{857D1773-5110-4D80-B600-79E970579063}.Debug|Any CPU.Build.0 = Debug|Any CPU
		{857D1773-5110-4D80-B600-79E970579063}.Release|Any CPU.ActiveCfg = Release|Any CPU
		{857D1773-5110-4D80-B600-79E970579063}.Release|Any CPU.Build.0 = Release|Any CPU
		{685559B5-761C-4FC2-9785-6AE821EC90B5}.Debug|Any CPU.ActiveCfg = Debug|Any CPU
		{685559B5-761C-4FC2-9785-6AE821EC90B5}.Debug|Any CPU.Build.0 = Debug|Any CPU
		{685559B5-761C-4FC2-9785-6AE821EC90B5}.Release|Any CPU.ActiveCfg = Release|Any CPU
		{685559B5-761C-4FC2-9785-6AE821EC90B5}.Release|Any CPU.Build.0 = Release|Any CPU
		{02512B28-FC57-473F-B036-ACD4B0CAA075}.Debug|Any CPU.ActiveCfg = Debug|Any CPU
		{02512B28-FC57-473F-B036-ACD4B0CAA075}.Debug|Any CPU.Build.0 = Debug|Any CPU
		{02512B28-FC57-473F-B036-ACD4B0CAA075}.Release|Any CPU.ActiveCfg = Release|Any CPU
		{02512B28-FC57-473F-B036-ACD4B0CAA075}.Release|Any CPU.Build.0 = Release|Any CPU
		{0D40875C-380C-4AF7-82A3-D4686B22773B}.Debug|Any CPU.ActiveCfg = Debug|Any CPU
		{0D40875C-380C-4AF7-82A3-D4686B22773B}.Debug|Any CPU.Build.0 = Debug|Any CPU
		{0D40875C-380C-4AF7-82A3-D4686B22773B}.Release|Any CPU.ActiveCfg = Release|Any CPU
		{0D40875C-380C-4AF7-82A3-D4686B22773B}.Release|Any CPU.Build.0 = Release|Any CPU
		{897E3139-8467-439A-8695-40A63269CE30}.Debug|Any CPU.ActiveCfg = Debug|Any CPU
		{897E3139-8467-439A-8695-40A63269CE30}.Debug|Any CPU.Build.0 = Debug|Any CPU
		{897E3139-8467-439A-8695-40A63269CE30}.Release|Any CPU.ActiveCfg = Release|Any CPU
		{897E3139-8467-439A-8695-40A63269CE30}.Release|Any CPU.Build.0 = Release|Any CPU
		{3387EBAB-951C-416D-A4EF-C3BAD6AB9C49}.Debug|Any CPU.ActiveCfg = Debug|Any CPU
		{3387EBAB-951C-416D-A4EF-C3BAD6AB9C49}.Debug|Any CPU.Build.0 = Debug|Any CPU
		{3387EBAB-951C-416D-A4EF-C3BAD6AB9C49}.Release|Any CPU.ActiveCfg = Release|Any CPU
		{3387EBAB-951C-416D-A4EF-C3BAD6AB9C49}.Release|Any CPU.Build.0 = Release|Any CPU
		{6F07C693-1269-4BE8-8DEF-77F415199DE0}.Debug|Any CPU.ActiveCfg = Debug|Any CPU
		{6F07C693-1269-4BE8-8DEF-77F415199DE0}.Debug|Any CPU.Build.0 = Debug|Any CPU
		{6F07C693-1269-4BE8-8DEF-77F415199DE0}.Release|Any CPU.ActiveCfg = Release|Any CPU
		{6F07C693-1269-4BE8-8DEF-77F415199DE0}.Release|Any CPU.Build.0 = Release|Any CPU
		{3F3AB6EE-B2DD-484F-B7AC-8A486C053C38}.Debug|Any CPU.ActiveCfg = Debug|Any CPU
		{3F3AB6EE-B2DD-484F-B7AC-8A486C053C38}.Debug|Any CPU.Build.0 = Debug|Any CPU
		{3F3AB6EE-B2DD-484F-B7AC-8A486C053C38}.Release|Any CPU.ActiveCfg = Release|Any CPU
		{3F3AB6EE-B2DD-484F-B7AC-8A486C053C38}.Release|Any CPU.Build.0 = Release|Any CPU
		{A3C27ED4-E85C-4881-8B65-F89BFD69797B}.Debug|Any CPU.ActiveCfg = Debug|Any CPU
		{A3C27ED4-E85C-4881-8B65-F89BFD69797B}.Debug|Any CPU.Build.0 = Debug|Any CPU
		{A3C27ED4-E85C-4881-8B65-F89BFD69797B}.Release|Any CPU.ActiveCfg = Release|Any CPU
		{A3C27ED4-E85C-4881-8B65-F89BFD69797B}.Release|Any CPU.Build.0 = Release|Any CPU
		{A1CA4075-5F5C-4A26-B4AC-026C6DBECE83}.Debug|Any CPU.ActiveCfg = Debug|Any CPU
		{A1CA4075-5F5C-4A26-B4AC-026C6DBECE83}.Debug|Any CPU.Build.0 = Debug|Any CPU
		{A1CA4075-5F5C-4A26-B4AC-026C6DBECE83}.Release|Any CPU.ActiveCfg = Release|Any CPU
		{A1CA4075-5F5C-4A26-B4AC-026C6DBECE83}.Release|Any CPU.Build.0 = Release|Any CPU
		{106CAC51-6F7E-4E9A-85A9-DB4022DE6C5E}.Debug|Any CPU.ActiveCfg = Debug|Any CPU
		{106CAC51-6F7E-4E9A-85A9-DB4022DE6C5E}.Debug|Any CPU.Build.0 = Debug|Any CPU
		{106CAC51-6F7E-4E9A-85A9-DB4022DE6C5E}.Release|Any CPU.ActiveCfg = Release|Any CPU
		{106CAC51-6F7E-4E9A-85A9-DB4022DE6C5E}.Release|Any CPU.Build.0 = Release|Any CPU
		{8324F812-A3FA-426F-ADBF-D85455D57FD3}.Debug|Any CPU.ActiveCfg = Debug|Any CPU
		{8324F812-A3FA-426F-ADBF-D85455D57FD3}.Debug|Any CPU.Build.0 = Debug|Any CPU
		{8324F812-A3FA-426F-ADBF-D85455D57FD3}.Release|Any CPU.ActiveCfg = Release|Any CPU
		{8324F812-A3FA-426F-ADBF-D85455D57FD3}.Release|Any CPU.Build.0 = Release|Any CPU
		{B87F2F8C-299E-4E47-B140-BA5C5DAD7EA4}.Debug|Any CPU.ActiveCfg = Debug|Any CPU
		{B87F2F8C-299E-4E47-B140-BA5C5DAD7EA4}.Debug|Any CPU.Build.0 = Debug|Any CPU
		{B87F2F8C-299E-4E47-B140-BA5C5DAD7EA4}.Release|Any CPU.ActiveCfg = Release|Any CPU
		{B87F2F8C-299E-4E47-B140-BA5C5DAD7EA4}.Release|Any CPU.Build.0 = Release|Any CPU
		{B2CAF93D-FD24-41A6-A036-424FD9B24424}.Debug|Any CPU.ActiveCfg = Debug|Any CPU
		{B2CAF93D-FD24-41A6-A036-424FD9B24424}.Debug|Any CPU.Build.0 = Debug|Any CPU
		{B2CAF93D-FD24-41A6-A036-424FD9B24424}.Release|Any CPU.ActiveCfg = Release|Any CPU
		{B2CAF93D-FD24-41A6-A036-424FD9B24424}.Release|Any CPU.Build.0 = Release|Any CPU
		{9525EFF9-D7A1-4815-A87E-2F48175B5C81}.Debug|Any CPU.ActiveCfg = Debug|Any CPU
		{9525EFF9-D7A1-4815-A87E-2F48175B5C81}.Debug|Any CPU.Build.0 = Debug|Any CPU
		{9525EFF9-D7A1-4815-A87E-2F48175B5C81}.Release|Any CPU.ActiveCfg = Release|Any CPU
		{9525EFF9-D7A1-4815-A87E-2F48175B5C81}.Release|Any CPU.Build.0 = Release|Any CPU
		{C3B60FB7-BC73-452A-B03C-53B16506F1DC}.Debug|Any CPU.ActiveCfg = Debug|Any CPU
		{C3B60FB7-BC73-452A-B03C-53B16506F1DC}.Debug|Any CPU.Build.0 = Debug|Any CPU
		{C3B60FB7-BC73-452A-B03C-53B16506F1DC}.Release|Any CPU.ActiveCfg = Release|Any CPU
		{C3B60FB7-BC73-452A-B03C-53B16506F1DC}.Release|Any CPU.Build.0 = Release|Any CPU
		{C74AA950-D2FA-4B5D-8272-8B14906AB0F4}.Debug|Any CPU.ActiveCfg = Debug|Any CPU
		{C74AA950-D2FA-4B5D-8272-8B14906AB0F4}.Debug|Any CPU.Build.0 = Debug|Any CPU
		{C74AA950-D2FA-4B5D-8272-8B14906AB0F4}.Release|Any CPU.ActiveCfg = Release|Any CPU
		{C74AA950-D2FA-4B5D-8272-8B14906AB0F4}.Release|Any CPU.Build.0 = Release|Any CPU
		{A493A85C-B53E-4537-8DAE-89D6086C927E}.Debug|Any CPU.ActiveCfg = Debug|Any CPU
		{A493A85C-B53E-4537-8DAE-89D6086C927E}.Debug|Any CPU.Build.0 = Debug|Any CPU
		{A493A85C-B53E-4537-8DAE-89D6086C927E}.Release|Any CPU.ActiveCfg = Release|Any CPU
		{A493A85C-B53E-4537-8DAE-89D6086C927E}.Release|Any CPU.Build.0 = Release|Any CPU
		{151ADAF1-EED2-409B-8E0F-BB4D82260F60}.Debug|Any CPU.ActiveCfg = Debug|Any CPU
		{151ADAF1-EED2-409B-8E0F-BB4D82260F60}.Debug|Any CPU.Build.0 = Debug|Any CPU
		{151ADAF1-EED2-409B-8E0F-BB4D82260F60}.Release|Any CPU.ActiveCfg = Release|Any CPU
		{151ADAF1-EED2-409B-8E0F-BB4D82260F60}.Release|Any CPU.Build.0 = Release|Any CPU
		{870A27D5-BB9F-44B6-9584-3D0E6A5616B3}.Debug|Any CPU.ActiveCfg = Debug|Any CPU
		{870A27D5-BB9F-44B6-9584-3D0E6A5616B3}.Debug|Any CPU.Build.0 = Debug|Any CPU
		{870A27D5-BB9F-44B6-9584-3D0E6A5616B3}.Release|Any CPU.ActiveCfg = Release|Any CPU
		{870A27D5-BB9F-44B6-9584-3D0E6A5616B3}.Release|Any CPU.Build.0 = Release|Any CPU
		{AE274B37-5870-461E-AD37-21B3CA2FB3CE}.Debug|Any CPU.ActiveCfg = Debug|Any CPU
		{AE274B37-5870-461E-AD37-21B3CA2FB3CE}.Debug|Any CPU.Build.0 = Debug|Any CPU
		{AE274B37-5870-461E-AD37-21B3CA2FB3CE}.Release|Any CPU.ActiveCfg = Release|Any CPU
		{AE274B37-5870-461E-AD37-21B3CA2FB3CE}.Release|Any CPU.Build.0 = Release|Any CPU
		{F82CE605-4D4D-45BB-A502-72C9BA271AB9}.Debug|Any CPU.ActiveCfg = Debug|Any CPU
		{F82CE605-4D4D-45BB-A502-72C9BA271AB9}.Debug|Any CPU.Build.0 = Debug|Any CPU
		{F82CE605-4D4D-45BB-A502-72C9BA271AB9}.Release|Any CPU.ActiveCfg = Release|Any CPU
		{F82CE605-4D4D-45BB-A502-72C9BA271AB9}.Release|Any CPU.Build.0 = Release|Any CPU
		{827D90AE-0972-4914-A509-E16F4B43FDAA}.Debug|Any CPU.ActiveCfg = Debug|Any CPU
		{827D90AE-0972-4914-A509-E16F4B43FDAA}.Debug|Any CPU.Build.0 = Debug|Any CPU
		{827D90AE-0972-4914-A509-E16F4B43FDAA}.Release|Any CPU.ActiveCfg = Release|Any CPU
		{827D90AE-0972-4914-A509-E16F4B43FDAA}.Release|Any CPU.Build.0 = Release|Any CPU
		{44B67435-8087-48E2-A46A-B9D5D9C8A039}.Debug|Any CPU.ActiveCfg = Debug|Any CPU
		{44B67435-8087-48E2-A46A-B9D5D9C8A039}.Debug|Any CPU.Build.0 = Debug|Any CPU
		{44B67435-8087-48E2-A46A-B9D5D9C8A039}.Release|Any CPU.ActiveCfg = Release|Any CPU
		{44B67435-8087-48E2-A46A-B9D5D9C8A039}.Release|Any CPU.Build.0 = Release|Any CPU
		{39CB8E7D-3CAC-4E5C-968A-549BAA537B0E}.Debug|Any CPU.ActiveCfg = Debug|Any CPU
		{39CB8E7D-3CAC-4E5C-968A-549BAA537B0E}.Debug|Any CPU.Build.0 = Debug|Any CPU
		{39CB8E7D-3CAC-4E5C-968A-549BAA537B0E}.Release|Any CPU.ActiveCfg = Release|Any CPU
		{39CB8E7D-3CAC-4E5C-968A-549BAA537B0E}.Release|Any CPU.Build.0 = Release|Any CPU
		{DBFB9108-9DDF-4FED-B286-6FC9F679D11C}.Debug|Any CPU.ActiveCfg = Debug|Any CPU
		{DBFB9108-9DDF-4FED-B286-6FC9F679D11C}.Debug|Any CPU.Build.0 = Debug|Any CPU
		{DBFB9108-9DDF-4FED-B286-6FC9F679D11C}.Release|Any CPU.ActiveCfg = Release|Any CPU
		{DBFB9108-9DDF-4FED-B286-6FC9F679D11C}.Release|Any CPU.Build.0 = Release|Any CPU
		{50BC457A-810A-432F-8A91-15F44BB1ED6B}.Debug|Any CPU.ActiveCfg = Debug|Any CPU
		{50BC457A-810A-432F-8A91-15F44BB1ED6B}.Debug|Any CPU.Build.0 = Debug|Any CPU
		{50BC457A-810A-432F-8A91-15F44BB1ED6B}.Release|Any CPU.ActiveCfg = Release|Any CPU
		{50BC457A-810A-432F-8A91-15F44BB1ED6B}.Release|Any CPU.Build.0 = Release|Any CPU
		{886984B3-637E-409D-B160-EBFA61DB95B3}.Debug|Any CPU.ActiveCfg = Debug|Any CPU
		{886984B3-637E-409D-B160-EBFA61DB95B3}.Debug|Any CPU.Build.0 = Debug|Any CPU
		{886984B3-637E-409D-B160-EBFA61DB95B3}.Release|Any CPU.ActiveCfg = Release|Any CPU
		{886984B3-637E-409D-B160-EBFA61DB95B3}.Release|Any CPU.Build.0 = Release|Any CPU
		{56FDC025-0B5B-4221-8EFC-2D7A00534533}.Debug|Any CPU.ActiveCfg = Debug|Any CPU
		{56FDC025-0B5B-4221-8EFC-2D7A00534533}.Debug|Any CPU.Build.0 = Debug|Any CPU
		{56FDC025-0B5B-4221-8EFC-2D7A00534533}.Release|Any CPU.ActiveCfg = Release|Any CPU
		{56FDC025-0B5B-4221-8EFC-2D7A00534533}.Release|Any CPU.Build.0 = Release|Any CPU
		{3C24D67B-3D9B-4B4D-8E2F-DD96AD4FD69E}.Debug|Any CPU.ActiveCfg = Debug|Any CPU
		{3C24D67B-3D9B-4B4D-8E2F-DD96AD4FD69E}.Debug|Any CPU.Build.0 = Debug|Any CPU
		{3C24D67B-3D9B-4B4D-8E2F-DD96AD4FD69E}.Release|Any CPU.ActiveCfg = Release|Any CPU
		{3C24D67B-3D9B-4B4D-8E2F-DD96AD4FD69E}.Release|Any CPU.Build.0 = Release|Any CPU
		{7AB00FF6-6697-4F65-85A7-4E604C53AC2E}.Debug|Any CPU.ActiveCfg = Debug|Any CPU
		{7AB00FF6-6697-4F65-85A7-4E604C53AC2E}.Debug|Any CPU.Build.0 = Debug|Any CPU
		{7AB00FF6-6697-4F65-85A7-4E604C53AC2E}.Release|Any CPU.ActiveCfg = Release|Any CPU
		{7AB00FF6-6697-4F65-85A7-4E604C53AC2E}.Release|Any CPU.Build.0 = Release|Any CPU
		{2A23CE9C-33A6-4368-AEB4-29EC6D22F149}.Debug|Any CPU.ActiveCfg = Debug|Any CPU
		{2A23CE9C-33A6-4368-AEB4-29EC6D22F149}.Debug|Any CPU.Build.0 = Debug|Any CPU
		{2A23CE9C-33A6-4368-AEB4-29EC6D22F149}.Release|Any CPU.ActiveCfg = Release|Any CPU
		{2A23CE9C-33A6-4368-AEB4-29EC6D22F149}.Release|Any CPU.Build.0 = Release|Any CPU
		{6F1A9817-E913-434D-BAD6-446507AA79F4}.Debug|Any CPU.ActiveCfg = Debug|Any CPU
		{6F1A9817-E913-434D-BAD6-446507AA79F4}.Debug|Any CPU.Build.0 = Debug|Any CPU
		{6F1A9817-E913-434D-BAD6-446507AA79F4}.Release|Any CPU.ActiveCfg = Release|Any CPU
		{6F1A9817-E913-434D-BAD6-446507AA79F4}.Release|Any CPU.Build.0 = Release|Any CPU
		{0A91C605-450A-4597-95EA-1EC7B8BC5F6A}.Debug|Any CPU.ActiveCfg = Debug|Any CPU
		{0A91C605-450A-4597-95EA-1EC7B8BC5F6A}.Debug|Any CPU.Build.0 = Debug|Any CPU
		{0A91C605-450A-4597-95EA-1EC7B8BC5F6A}.Release|Any CPU.ActiveCfg = Release|Any CPU
		{0A91C605-450A-4597-95EA-1EC7B8BC5F6A}.Release|Any CPU.Build.0 = Release|Any CPU
		{3D7C8D58-A898-4EEB-8214-ED82A0E208B3}.Debug|Any CPU.ActiveCfg = Debug|Any CPU
		{3D7C8D58-A898-4EEB-8214-ED82A0E208B3}.Debug|Any CPU.Build.0 = Debug|Any CPU
		{3D7C8D58-A898-4EEB-8214-ED82A0E208B3}.Release|Any CPU.ActiveCfg = Release|Any CPU
		{3D7C8D58-A898-4EEB-8214-ED82A0E208B3}.Release|Any CPU.Build.0 = Release|Any CPU
		{35CFD5EB-6A78-4D10-BFE1-6A8E15EA6D2B}.Debug|Any CPU.ActiveCfg = Debug|Any CPU
		{35CFD5EB-6A78-4D10-BFE1-6A8E15EA6D2B}.Debug|Any CPU.Build.0 = Debug|Any CPU
		{35CFD5EB-6A78-4D10-BFE1-6A8E15EA6D2B}.Release|Any CPU.ActiveCfg = Release|Any CPU
		{35CFD5EB-6A78-4D10-BFE1-6A8E15EA6D2B}.Release|Any CPU.Build.0 = Release|Any CPU
		{3BCEE7CF-A5D8-4757-AEEA-A658CCE1CDC6}.Debug|Any CPU.ActiveCfg = Debug|Any CPU
		{3BCEE7CF-A5D8-4757-AEEA-A658CCE1CDC6}.Debug|Any CPU.Build.0 = Debug|Any CPU
		{3BCEE7CF-A5D8-4757-AEEA-A658CCE1CDC6}.Release|Any CPU.ActiveCfg = Release|Any CPU
		{3BCEE7CF-A5D8-4757-AEEA-A658CCE1CDC6}.Release|Any CPU.Build.0 = Release|Any CPU
		{BB46C61B-150D-492D-8EDD-503C64DB7803}.Debug|Any CPU.ActiveCfg = Debug|Any CPU
		{BB46C61B-150D-492D-8EDD-503C64DB7803}.Debug|Any CPU.Build.0 = Debug|Any CPU
		{BB46C61B-150D-492D-8EDD-503C64DB7803}.Release|Any CPU.ActiveCfg = Release|Any CPU
		{BB46C61B-150D-492D-8EDD-503C64DB7803}.Release|Any CPU.Build.0 = Release|Any CPU
		{1ABED18C-5DDD-4490-956A-0F739D6A1A0F}.Debug|Any CPU.ActiveCfg = Debug|Any CPU
		{1ABED18C-5DDD-4490-956A-0F739D6A1A0F}.Debug|Any CPU.Build.0 = Debug|Any CPU
		{1ABED18C-5DDD-4490-956A-0F739D6A1A0F}.Release|Any CPU.ActiveCfg = Release|Any CPU
		{1ABED18C-5DDD-4490-956A-0F739D6A1A0F}.Release|Any CPU.Build.0 = Release|Any CPU
		{83036EA7-5D9E-40ED-96BD-03CB09DF9436}.Debug|Any CPU.ActiveCfg = Debug|Any CPU
		{83036EA7-5D9E-40ED-96BD-03CB09DF9436}.Debug|Any CPU.Build.0 = Debug|Any CPU
		{83036EA7-5D9E-40ED-96BD-03CB09DF9436}.Release|Any CPU.ActiveCfg = Release|Any CPU
		{83036EA7-5D9E-40ED-96BD-03CB09DF9436}.Release|Any CPU.Build.0 = Release|Any CPU
		{B5A6E673-ADA6-4543-B115-519C134BB44B}.Debug|Any CPU.ActiveCfg = Debug|Any CPU
		{B5A6E673-ADA6-4543-B115-519C134BB44B}.Debug|Any CPU.Build.0 = Debug|Any CPU
		{B5A6E673-ADA6-4543-B115-519C134BB44B}.Release|Any CPU.ActiveCfg = Release|Any CPU
		{B5A6E673-ADA6-4543-B115-519C134BB44B}.Release|Any CPU.Build.0 = Release|Any CPU
		{0CCCE593-66C1-4219-80CF-21E077A2FC68}.Debug|Any CPU.ActiveCfg = Debug|Any CPU
		{0CCCE593-66C1-4219-80CF-21E077A2FC68}.Debug|Any CPU.Build.0 = Debug|Any CPU
		{0CCCE593-66C1-4219-80CF-21E077A2FC68}.Release|Any CPU.ActiveCfg = Release|Any CPU
		{0CCCE593-66C1-4219-80CF-21E077A2FC68}.Release|Any CPU.Build.0 = Release|Any CPU
		{DE4AC5EE-1EA0-454E-B625-B9F48152059C}.Debug|Any CPU.ActiveCfg = Debug|Any CPU
		{DE4AC5EE-1EA0-454E-B625-B9F48152059C}.Debug|Any CPU.Build.0 = Debug|Any CPU
		{DE4AC5EE-1EA0-454E-B625-B9F48152059C}.Release|Any CPU.ActiveCfg = Release|Any CPU
		{DE4AC5EE-1EA0-454E-B625-B9F48152059C}.Release|Any CPU.Build.0 = Release|Any CPU
		{6CF11544-03A6-4015-969C-0B329495782A}.Debug|Any CPU.ActiveCfg = Debug|Any CPU
		{6CF11544-03A6-4015-969C-0B329495782A}.Debug|Any CPU.Build.0 = Debug|Any CPU
		{6CF11544-03A6-4015-969C-0B329495782A}.Release|Any CPU.ActiveCfg = Release|Any CPU
		{6CF11544-03A6-4015-969C-0B329495782A}.Release|Any CPU.Build.0 = Release|Any CPU
		{C1063E22-35D5-4570-970C-218EEA577446}.Debug|Any CPU.ActiveCfg = Debug|Any CPU
		{C1063E22-35D5-4570-970C-218EEA577446}.Debug|Any CPU.Build.0 = Debug|Any CPU
		{C1063E22-35D5-4570-970C-218EEA577446}.Release|Any CPU.ActiveCfg = Release|Any CPU
		{C1063E22-35D5-4570-970C-218EEA577446}.Release|Any CPU.Build.0 = Release|Any CPU
		{39D7DF92-674A-4363-BDA0-A69F772FA81E}.Debug|Any CPU.ActiveCfg = Debug|Any CPU
		{39D7DF92-674A-4363-BDA0-A69F772FA81E}.Debug|Any CPU.Build.0 = Debug|Any CPU
		{39D7DF92-674A-4363-BDA0-A69F772FA81E}.Release|Any CPU.ActiveCfg = Release|Any CPU
		{39D7DF92-674A-4363-BDA0-A69F772FA81E}.Release|Any CPU.Build.0 = Release|Any CPU
		{762C267C-D76E-489A-8E92-61AAF38C1D88}.Debug|Any CPU.ActiveCfg = Debug|Any CPU
		{762C267C-D76E-489A-8E92-61AAF38C1D88}.Debug|Any CPU.Build.0 = Debug|Any CPU
		{762C267C-D76E-489A-8E92-61AAF38C1D88}.Release|Any CPU.ActiveCfg = Release|Any CPU
		{762C267C-D76E-489A-8E92-61AAF38C1D88}.Release|Any CPU.Build.0 = Release|Any CPU
		{4B8DE84F-83F9-42AB-BF43-D5CC77A6372B}.Debug|Any CPU.ActiveCfg = Debug|Any CPU
		{4B8DE84F-83F9-42AB-BF43-D5CC77A6372B}.Debug|Any CPU.Build.0 = Debug|Any CPU
		{4B8DE84F-83F9-42AB-BF43-D5CC77A6372B}.Release|Any CPU.ActiveCfg = Release|Any CPU
		{4B8DE84F-83F9-42AB-BF43-D5CC77A6372B}.Release|Any CPU.Build.0 = Release|Any CPU
	EndGlobalSection
	GlobalSection(SolutionProperties) = preSolution
		HideSolutionNode = FALSE
	EndGlobalSection
	GlobalSection(ExtensibilityGlobals) = postSolution
		SolutionGuid = {B4C25034-C2CB-4629-9AA1-B7CE0B764626}
	EndGlobalSection
EndGlobal
