
Microsoft Visual Studio Solution File, Format Version 12.00
# Visual Studio Version 17
VisualStudioVersion = 17.2.32630.192
MinimumVisualStudioVersion = 10.0.40219.1
Project("{9A19103F-16F7-4668-BE54-9A1E7A4F7556}") = "R5T.O0025.Construction", "R5T.O0025.Construction\R5T.O0025.Construction.csproj", "{FC2006D5-B947-4D6E-A6BB-823E8961162D}"
EndProject
Project("{9A19103F-16F7-4668-BE54-9A1E7A4F7556}") = "R5T.O0025", "R5T.O0025\R5T.O0025.csproj", "{3BA3EBF6-8E6E-4F67-AC38-A68A40F3B059}"
EndProject
Project("{2150E333-8FDC-42A3-9474-1A3956D46DE8}") = "_Dependencies", "_Dependencies", "{708A8013-FE5C-4075-85B1-1F7F790848C7}"
EndProject
Project("{9A19103F-16F7-4668-BE54-9A1E7A4F7556}") = "R5T.F0000", "..\..\R5T.F0000\source\R5T.F0000\R5T.F0000.csproj", "{F7AF9449-0715-46B9-86E3-9466637A8A5C}"
EndProject
Project("{9A19103F-16F7-4668-BE54-9A1E7A4F7556}") = "R5T.F0002", "..\..\R5T.F0002\source\R5T.F0002\R5T.F0002.csproj", "{B99293E0-E164-4D55-88E8-2EDE04E32DC7}"
EndProject
Project("{9A19103F-16F7-4668-BE54-9A1E7A4F7556}") = "R5T.F0091", "..\..\R5T.F0091\source\R5T.F0091\R5T.F0091.csproj", "{CB5EE09C-37B7-45E0-9653-5EFD3C0D698A}"
EndProject
Project("{9A19103F-16F7-4668-BE54-9A1E7A4F7556}") = "R5T.T0131", "..\..\R5T.T0131\source\R5T.T0131\R5T.T0131.csproj", "{ADFA4FDA-0AF2-451D-9B95-D33B79D4504C}"
EndProject
Project("{9A19103F-16F7-4668-BE54-9A1E7A4F7556}") = "R5T.T0132", "..\..\R5T.T0132\source\R5T.T0132\R5T.T0132.csproj", "{200BB0C0-139B-4D9F-AA33-AF0324568ECD}"
EndProject
Project("{9A19103F-16F7-4668-BE54-9A1E7A4F7556}") = "R5T.T0142", "..\..\R5T.T0142\source\R5T.T0142\R5T.T0142.csproj", "{F1EB0DAD-AB27-42FE-B479-98BDD0510718}"
EndProject
Project("{9A19103F-16F7-4668-BE54-9A1E7A4F7556}") = "R5T.T0143", "..\..\R5T.T0143\source\R5T.T0143\R5T.T0143.csproj", "{1EFB42DB-FB1E-4F13-97FB-B1B1EB817E7C}"
EndProject
Project("{9A19103F-16F7-4668-BE54-9A1E7A4F7556}") = "R5T.T0156", "..\..\R5T.T0156\source\R5T.T0156\R5T.T0156.csproj", "{C3814836-24B4-4D4B-9155-2BC31C5FEFA8}"
EndProject
Project("{9A19103F-16F7-4668-BE54-9A1E7A4F7556}") = "R5T.T0178", "..\..\R5T.T0178\source\R5T.T0178\R5T.T0178.csproj", "{2C2220EF-9253-409A-926F-7DB169220EC6}"
EndProject
Project("{9A19103F-16F7-4668-BE54-9A1E7A4F7556}") = "R5T.T0179", "..\..\R5T.T0179\source\R5T.T0179\R5T.T0179.csproj", "{4E69673F-E919-46B6-A435-B1944F12461F}"
EndProject
Project("{9A19103F-16F7-4668-BE54-9A1E7A4F7556}") = "R5T.T0180", "..\..\R5T.T0180\source\R5T.T0180\R5T.T0180.csproj", "{0F153C27-BE62-4491-8BB9-E865329CAFBF}"
EndProject
Project("{9A19103F-16F7-4668-BE54-9A1E7A4F7556}") = "R5T.T0185", "..\..\R5T.T0185\source\R5T.T0185\R5T.T0185.csproj", "{9DA9F507-90C0-4C37-B3D2-8B0602158AEB}"
EndProject
Project("{9A19103F-16F7-4668-BE54-9A1E7A4F7556}") = "R5T.T0203", "..\..\R5T.T0203\source\R5T.T0203\R5T.T0203.csproj", "{3976555C-B4AA-43AA-8C99-D5DF6F98D3AA}"
EndProject
Project("{9A19103F-16F7-4668-BE54-9A1E7A4F7556}") = "R5T.T0210", "..\..\R5T.T0210\source\R5T.T0210\R5T.T0210.csproj", "{6D1378B5-06FE-473F-9CD8-468FA4DD714D}"
EndProject
Project("{9A19103F-16F7-4668-BE54-9A1E7A4F7556}") = "R5T.Y0000", "..\..\R5T.Y0000\source\R5T.Y0000\R5T.Y0000.csproj", "{27B88868-690B-457C-88F8-36A042D41865}"
EndProject
Project("{9A19103F-16F7-4668-BE54-9A1E7A4F7556}") = "R5T.Z0000", "..\..\R5T.Z0000\source\R5T.Z0000\R5T.Z0000.csproj", "{847FD775-2D34-4717-A9CD-26EC5F5B660E}"
EndProject
Project("{9A19103F-16F7-4668-BE54-9A1E7A4F7556}") = "R5T.Z0052.Z000", "..\..\R5T.Z0052\source\R5T.Z0052.Z000\R5T.Z0052.Z000.csproj", "{FD866F90-8B10-47F1-95D4-FD69D0AA1AF1}"
EndProject
Project("{9A19103F-16F7-4668-BE54-9A1E7A4F7556}") = "R5T.Z0052.Z001", "..\..\R5T.Z0052\source\R5T.Z0052.Z001\R5T.Z0052.Z001.csproj", "{7854B4BB-5AFB-482D-9ABD-DAF9FBD674A2}"
EndProject
Project("{9A19103F-16F7-4668-BE54-9A1E7A4F7556}") = "R5T.Z0052", "..\..\R5T.Z0052\source\R5T.Z0052\R5T.Z0052.csproj", "{4664E632-70E4-487A-9697-2ED7777FEDEC}"
EndProject
Project("{9A19103F-16F7-4668-BE54-9A1E7A4F7556}") = "R5T.T0141", "..\..\R5T.T0141\source\R5T.T0141\R5T.T0141.csproj", "{BDD24C50-F456-4F75-870E-7376B55EF6A7}"
EndProject
Project("{9A19103F-16F7-4668-BE54-9A1E7A4F7556}") = "R5T.F0120", "..\..\R5T.F0120\source\R5T.F0120\R5T.F0120.csproj", "{8D3A520A-F0E9-4B8B-920F-D4D1174D6C66}"
EndProject
Project("{9A19103F-16F7-4668-BE54-9A1E7A4F7556}") = "R5T.F0124", "..\..\R5T.F0124\source\R5T.F0124\R5T.F0124.csproj", "{ECCE212D-2289-4AA9-BF24-F44D18ECEA71}"
EndProject
Project("{9A19103F-16F7-4668-BE54-9A1E7A4F7556}") = "R5T.L0030.T000", "..\..\R5T.L0030\source\R5T.L0030.T000\R5T.L0030.T000.csproj", "{A770B5EB-5BE9-451F-A197-46C41BCBD94D}"
EndProject
Project("{9A19103F-16F7-4668-BE54-9A1E7A4F7556}") = "R5T.L0030", "..\..\R5T.L0030\source\R5T.L0030\R5T.L0030.csproj", "{6C57BD5F-2114-417A-A678-D1690D86D45F}"
EndProject
Project("{9A19103F-16F7-4668-BE54-9A1E7A4F7556}") = "R5T.L0032.T000", "..\..\R5T.L0032\source\R5T.L0032.T000\R5T.L0032.T000.csproj", "{0E280F22-9EBA-4CE2-8A39-CD74121D18A0}"
EndProject
Project("{9A19103F-16F7-4668-BE54-9A1E7A4F7556}") = "R5T.L0034", "..\..\R5T.L0034\source\R5T.L0034\R5T.L0034.csproj", "{18D72E7B-C3A7-4579-8738-5A1F83A037C7}"
EndProject
Project("{9A19103F-16F7-4668-BE54-9A1E7A4F7556}") = "R5T.NG0022", "..\..\R5T.NG0022\source\R5T.NG0022\R5T.NG0022.csproj", "{BB0C1BB7-5B59-4A7A-8E74-634B7CFE8379}"
EndProject
Project("{9A19103F-16F7-4668-BE54-9A1E7A4F7556}") = "R5T.T0150", "..\..\R5T.T0150\source\R5T.T0150\R5T.T0150.csproj", "{8116BAEA-9EC7-4C0E-A8D1-7CD96B4F532D}"
EndProject
Project("{9A19103F-16F7-4668-BE54-9A1E7A4F7556}") = "R5T.T0151", "..\..\R5T.T0151\source\R5T.T0151\R5T.T0151.csproj", "{6EA90305-16FB-4DC7-9D5B-F15761E5ED3C}"
EndProject
Project("{9A19103F-16F7-4668-BE54-9A1E7A4F7556}") = "R5T.T0161", "..\..\R5T.T0161\source\R5T.T0161\R5T.T0161.csproj", "{FB6BB0EE-2561-4E1E-9C7F-9B2C0051E232}"
EndProject
Project("{9A19103F-16F7-4668-BE54-9A1E7A4F7556}") = "R5T.T0172", "..\..\R5T.T0172\source\R5T.T0172\R5T.T0172.csproj", "{C11CBE1C-010D-4840-8D94-7683012E0188}"
EndProject
Project("{9A19103F-16F7-4668-BE54-9A1E7A4F7556}") = "R5T.T0174", "..\..\R5T.T0174\source\R5T.T0174\R5T.T0174.csproj", "{25441FA8-F810-4B26-B243-8AD7DA66E161}"
EndProject
Project("{9A19103F-16F7-4668-BE54-9A1E7A4F7556}") = "R5T.T0176", "..\..\R5T.T0176\source\R5T.T0176\R5T.T0176.csproj", "{89C2B0D0-D826-4FF1-9A0D-D7DCCFEACD8C}"
EndProject
Project("{9A19103F-16F7-4668-BE54-9A1E7A4F7556}") = "R5T.T0177", "..\..\R5T.T0177\source\R5T.T0177\R5T.T0177.csproj", "{CCA3A16D-B9BA-4A6F-8B1A-BB3AAF0D92DA}"
EndProject
Project("{9A19103F-16F7-4668-BE54-9A1E7A4F7556}") = "R5T.T0181", "..\..\R5T.T0181\source\R5T.T0181\R5T.T0181.csproj", "{851557EE-2742-43DD-842C-C057C7742DBE}"
EndProject
Project("{9A19103F-16F7-4668-BE54-9A1E7A4F7556}") = "R5T.T0184", "..\..\R5T.T0184\source\R5T.T0184\R5T.T0184.csproj", "{19E3026A-FC91-45D6-AC9C-16BB2DEC9EB2}"
EndProject
Project("{9A19103F-16F7-4668-BE54-9A1E7A4F7556}") = "R5T.T0186", "..\..\R5T.T0186\source\R5T.T0186\R5T.T0186.csproj", "{529078CF-2FA1-476E-A8F6-EAA74440F65B}"
EndProject
Project("{9A19103F-16F7-4668-BE54-9A1E7A4F7556}") = "R5T.T0187", "..\..\R5T.T0187\source\R5T.T0187\R5T.T0187.csproj", "{9CA3171F-36DE-4E0A-8531-65A515B416E1}"
EndProject
Project("{9A19103F-16F7-4668-BE54-9A1E7A4F7556}") = "R5T.T0196", "..\..\R5T.T0196\source\R5T.T0196\R5T.T0196.csproj", "{577F5985-0929-4069-AFD2-A89C7D75829B}"
EndProject
Project("{9A19103F-16F7-4668-BE54-9A1E7A4F7556}") = "R5T.T0197", "..\..\R5T.T0197\source\R5T.T0197\R5T.T0197.csproj", "{D3FC0B2F-72FB-438E-AC10-DCC54BC40773}"
EndProject
Project("{9A19103F-16F7-4668-BE54-9A1E7A4F7556}") = "R5T.T0198", "..\..\R5T.T0198\source\R5T.T0198\R5T.T0198.csproj", "{D567E6EF-110A-4DE8-8878-638B5A2B310C}"
EndProject
Project("{9A19103F-16F7-4668-BE54-9A1E7A4F7556}") = "R5T.T0200", "..\..\R5T.T0200\source\R5T.T0200\R5T.T0200.csproj", "{CBC65E4F-8CD1-4897-9695-822045923E90}"
EndProject
Project("{9A19103F-16F7-4668-BE54-9A1E7A4F7556}") = "R5T.Z0046", "..\..\R5T.Z0046\source\R5T.Z0046\R5T.Z0046.csproj", "{08909AE5-342E-40A3-BE32-8BF7008AF2F1}"
EndProject
Project("{9A19103F-16F7-4668-BE54-9A1E7A4F7556}") = "R5T.F0125", "..\..\R5T.F0125\source\R5T.F0125\R5T.F0125.csproj", "{1E93FD00-44F0-4258-8EAC-3224863A169D}"
EndProject
Project("{9A19103F-16F7-4668-BE54-9A1E7A4F7556}") = "R5T.L0035", "..\..\R5T.L0035\source\R5T.L0035\R5T.L0035.csproj", "{1CA0C2CD-4BDE-46A8-852F-E124C3F7DFBE}"
EndProject
Project("{9A19103F-16F7-4668-BE54-9A1E7A4F7556}") = "R5T.O0025.O000", "R5T.O0025.O000\R5T.O0025.O000.csproj", "{3C7A3856-10A7-4D28-AD5B-96B7A37AB41A}"
EndProject
Project("{9A19103F-16F7-4668-BE54-9A1E7A4F7556}") = "R5T.L0032.F000", "..\..\R5T.L0032\source\R5T.L0032.F000\R5T.L0032.F000.csproj", "{26E6BEFE-05E5-4054-A126-4B9E6D7F47E2}"
EndProject
Project("{9A19103F-16F7-4668-BE54-9A1E7A4F7556}") = "R5T.L0032.Z000", "..\..\R5T.L0032\source\R5T.L0032.Z000\R5T.L0032.Z000.csproj", "{4231789A-0E59-4C5C-9D68-E580AD73098D}"
EndProject
Project("{9A19103F-16F7-4668-BE54-9A1E7A4F7556}") = "R5T.O0025.O001", "R5T.O0025.O001\R5T.O0025.O001.csproj", "{4A086470-AD72-44F5-B68A-1E756C4EEF0A}"
EndProject
Project("{9A19103F-16F7-4668-BE54-9A1E7A4F7556}") = "R5T.Z0053", "..\..\R5T.Z0053\source\R5T.Z0053\R5T.Z0053.csproj", "{C030FC41-1787-4168-9980-5B0EF3D00951}"
EndProject
Project("{9A19103F-16F7-4668-BE54-9A1E7A4F7556}") = "R5T.L0032", "..\..\R5T.L0032\source\R5T.L0032\R5T.L0032.csproj", "{636869F9-1CD2-445F-9F2D-66FF2245A44C}"
EndProject
Project("{9A19103F-16F7-4668-BE54-9A1E7A4F7556}") = "R5T.T0202", "..\..\R5T.T0202\source\R5T.T0202\R5T.T0202.csproj", "{5B418488-656D-4DF0-8907-C2363EA64A4E}"
EndProject
Project("{9A19103F-16F7-4668-BE54-9A1E7A4F7556}") = "R5T.T0205", "..\..\R5T.T0205\source\R5T.T0205\R5T.T0205.csproj", "{740DF46A-3E1E-4330-AACD-50778E72E86E}"
EndProject
Project("{9A19103F-16F7-4668-BE54-9A1E7A4F7556}") = "R5T.T0206", "..\..\R5T.T0206\source\R5T.T0206\R5T.T0206.csproj", "{2AC33747-FD56-4077-A2A1-D38059509D80}"
EndProject
Project("{9A19103F-16F7-4668-BE54-9A1E7A4F7556}") = "R5T.T0208", "..\..\R5T.T0208\source\R5T.T0208\R5T.T0208.csproj", "{9B4D2C56-5B37-481A-B22C-B033A58B8163}"
EndProject
Project("{9A19103F-16F7-4668-BE54-9A1E7A4F7556}") = "R5T.F0033", "..\..\R5T.F0033\source\R5T.F0033\R5T.F0033.csproj", "{7D3B21A3-186D-418D-AFC6-D0D8836E4F39}"
EndProject
Project("{9A19103F-16F7-4668-BE54-9A1E7A4F7556}") = "R5T.O0025.O002", "R5T.O0025.O002\R5T.O0025.O002.csproj", "{4168B003-AC58-4DF8-ACFB-A50DA4DCA61A}"
EndProject
Project("{9A19103F-16F7-4668-BE54-9A1E7A4F7556}") = "R5T.L0033.Z001", "..\..\R5T.L0033\source\R5T.L0033.Z001\R5T.L0033.Z001.csproj", "{B437BB21-0175-4BB5-8F4C-3D54E2E770F1}"
EndProject
Project("{9A19103F-16F7-4668-BE54-9A1E7A4F7556}") = "R5T.Z0048", "..\..\R5T.Z0048\source\R5T.Z0048\R5T.Z0048.csproj", "{8A986185-B877-4103-A1CF-4874F86B18F3}"
EndProject
Global
	GlobalSection(NestedProjects) = preSolution
		{F7AF9449-0715-46B9-86E3-9466637A8A5C} = {708A8013-FE5C-4075-85B1-1F7F790848C7}
		{B99293E0-E164-4D55-88E8-2EDE04E32DC7} = {708A8013-FE5C-4075-85B1-1F7F790848C7}
		{CB5EE09C-37B7-45E0-9653-5EFD3C0D698A} = {708A8013-FE5C-4075-85B1-1F7F790848C7}
		{ADFA4FDA-0AF2-451D-9B95-D33B79D4504C} = {708A8013-FE5C-4075-85B1-1F7F790848C7}
		{200BB0C0-139B-4D9F-AA33-AF0324568ECD} = {708A8013-FE5C-4075-85B1-1F7F790848C7}
		{F1EB0DAD-AB27-42FE-B479-98BDD0510718} = {708A8013-FE5C-4075-85B1-1F7F790848C7}
		{1EFB42DB-FB1E-4F13-97FB-B1B1EB817E7C} = {708A8013-FE5C-4075-85B1-1F7F790848C7}
		{C3814836-24B4-4D4B-9155-2BC31C5FEFA8} = {708A8013-FE5C-4075-85B1-1F7F790848C7}
		{2C2220EF-9253-409A-926F-7DB169220EC6} = {708A8013-FE5C-4075-85B1-1F7F790848C7}
		{4E69673F-E919-46B6-A435-B1944F12461F} = {708A8013-FE5C-4075-85B1-1F7F790848C7}
		{0F153C27-BE62-4491-8BB9-E865329CAFBF} = {708A8013-FE5C-4075-85B1-1F7F790848C7}
		{9DA9F507-90C0-4C37-B3D2-8B0602158AEB} = {708A8013-FE5C-4075-85B1-1F7F790848C7}
		{3976555C-B4AA-43AA-8C99-D5DF6F98D3AA} = {708A8013-FE5C-4075-85B1-1F7F790848C7}
		{6D1378B5-06FE-473F-9CD8-468FA4DD714D} = {708A8013-FE5C-4075-85B1-1F7F790848C7}
		{27B88868-690B-457C-88F8-36A042D41865} = {708A8013-FE5C-4075-85B1-1F7F790848C7}
		{847FD775-2D34-4717-A9CD-26EC5F5B660E} = {708A8013-FE5C-4075-85B1-1F7F790848C7}
		{FD866F90-8B10-47F1-95D4-FD69D0AA1AF1} = {708A8013-FE5C-4075-85B1-1F7F790848C7}
		{7854B4BB-5AFB-482D-9ABD-DAF9FBD674A2} = {708A8013-FE5C-4075-85B1-1F7F790848C7}
		{4664E632-70E4-487A-9697-2ED7777FEDEC} = {708A8013-FE5C-4075-85B1-1F7F790848C7}
		{BDD24C50-F456-4F75-870E-7376B55EF6A7} = {708A8013-FE5C-4075-85B1-1F7F790848C7}
		{8D3A520A-F0E9-4B8B-920F-D4D1174D6C66} = {708A8013-FE5C-4075-85B1-1F7F790848C7}
		{ECCE212D-2289-4AA9-BF24-F44D18ECEA71} = {708A8013-FE5C-4075-85B1-1F7F790848C7}
		{A770B5EB-5BE9-451F-A197-46C41BCBD94D} = {708A8013-FE5C-4075-85B1-1F7F790848C7}
		{6C57BD5F-2114-417A-A678-D1690D86D45F} = {708A8013-FE5C-4075-85B1-1F7F790848C7}
		{0E280F22-9EBA-4CE2-8A39-CD74121D18A0} = {708A8013-FE5C-4075-85B1-1F7F790848C7}
		{18D72E7B-C3A7-4579-8738-5A1F83A037C7} = {708A8013-FE5C-4075-85B1-1F7F790848C7}
		{BB0C1BB7-5B59-4A7A-8E74-634B7CFE8379} = {708A8013-FE5C-4075-85B1-1F7F790848C7}
		{8116BAEA-9EC7-4C0E-A8D1-7CD96B4F532D} = {708A8013-FE5C-4075-85B1-1F7F790848C7}
		{6EA90305-16FB-4DC7-9D5B-F15761E5ED3C} = {708A8013-FE5C-4075-85B1-1F7F790848C7}
		{FB6BB0EE-2561-4E1E-9C7F-9B2C0051E232} = {708A8013-FE5C-4075-85B1-1F7F790848C7}
		{C11CBE1C-010D-4840-8D94-7683012E0188} = {708A8013-FE5C-4075-85B1-1F7F790848C7}
		{25441FA8-F810-4B26-B243-8AD7DA66E161} = {708A8013-FE5C-4075-85B1-1F7F790848C7}
		{89C2B0D0-D826-4FF1-9A0D-D7DCCFEACD8C} = {708A8013-FE5C-4075-85B1-1F7F790848C7}
		{CCA3A16D-B9BA-4A6F-8B1A-BB3AAF0D92DA} = {708A8013-FE5C-4075-85B1-1F7F790848C7}
		{851557EE-2742-43DD-842C-C057C7742DBE} = {708A8013-FE5C-4075-85B1-1F7F790848C7}
		{19E3026A-FC91-45D6-AC9C-16BB2DEC9EB2} = {708A8013-FE5C-4075-85B1-1F7F790848C7}
		{529078CF-2FA1-476E-A8F6-EAA74440F65B} = {708A8013-FE5C-4075-85B1-1F7F790848C7}
		{9CA3171F-36DE-4E0A-8531-65A515B416E1} = {708A8013-FE5C-4075-85B1-1F7F790848C7}
		{577F5985-0929-4069-AFD2-A89C7D75829B} = {708A8013-FE5C-4075-85B1-1F7F790848C7}
		{D3FC0B2F-72FB-438E-AC10-DCC54BC40773} = {708A8013-FE5C-4075-85B1-1F7F790848C7}
		{D567E6EF-110A-4DE8-8878-638B5A2B310C} = {708A8013-FE5C-4075-85B1-1F7F790848C7}
		{CBC65E4F-8CD1-4897-9695-822045923E90} = {708A8013-FE5C-4075-85B1-1F7F790848C7}
		{08909AE5-342E-40A3-BE32-8BF7008AF2F1} = {708A8013-FE5C-4075-85B1-1F7F790848C7}
		{1E93FD00-44F0-4258-8EAC-3224863A169D} = {708A8013-FE5C-4075-85B1-1F7F790848C7}
		{1CA0C2CD-4BDE-46A8-852F-E124C3F7DFBE} = {708A8013-FE5C-4075-85B1-1F7F790848C7}
		{26E6BEFE-05E5-4054-A126-4B9E6D7F47E2} = {708A8013-FE5C-4075-85B1-1F7F790848C7}
		{4231789A-0E59-4C5C-9D68-E580AD73098D} = {708A8013-FE5C-4075-85B1-1F7F790848C7}
		{C030FC41-1787-4168-9980-5B0EF3D00951} = {708A8013-FE5C-4075-85B1-1F7F790848C7}
		{636869F9-1CD2-445F-9F2D-66FF2245A44C} = {708A8013-FE5C-4075-85B1-1F7F790848C7}
		{5B418488-656D-4DF0-8907-C2363EA64A4E} = {708A8013-FE5C-4075-85B1-1F7F790848C7}
		{740DF46A-3E1E-4330-AACD-50778E72E86E} = {708A8013-FE5C-4075-85B1-1F7F790848C7}
		{2AC33747-FD56-4077-A2A1-D38059509D80} = {708A8013-FE5C-4075-85B1-1F7F790848C7}
		{9B4D2C56-5B37-481A-B22C-B033A58B8163} = {708A8013-FE5C-4075-85B1-1F7F790848C7}
		{7D3B21A3-186D-418D-AFC6-D0D8836E4F39} = {708A8013-FE5C-4075-85B1-1F7F790848C7}
		{B437BB21-0175-4BB5-8F4C-3D54E2E770F1} = {708A8013-FE5C-4075-85B1-1F7F790848C7}
		{8A986185-B877-4103-A1CF-4874F86B18F3} = {708A8013-FE5C-4075-85B1-1F7F790848C7}
	EndGlobalSection
	GlobalSection(SolutionConfigurationPlatforms) = preSolution
		Debug|Any CPU = Debug|Any CPU
		Release|Any CPU = Release|Any CPU
	EndGlobalSection
	GlobalSection(ProjectConfigurationPlatforms) = postSolution
		{FC2006D5-B947-4D6E-A6BB-823E8961162D}.Debug|Any CPU.ActiveCfg = Debug|Any CPU
		{FC2006D5-B947-4D6E-A6BB-823E8961162D}.Debug|Any CPU.Build.0 = Debug|Any CPU
		{FC2006D5-B947-4D6E-A6BB-823E8961162D}.Release|Any CPU.ActiveCfg = Release|Any CPU
		{FC2006D5-B947-4D6E-A6BB-823E8961162D}.Release|Any CPU.Build.0 = Release|Any CPU
		{3BA3EBF6-8E6E-4F67-AC38-A68A40F3B059}.Debug|Any CPU.ActiveCfg = Debug|Any CPU
		{3BA3EBF6-8E6E-4F67-AC38-A68A40F3B059}.Debug|Any CPU.Build.0 = Debug|Any CPU
		{3BA3EBF6-8E6E-4F67-AC38-A68A40F3B059}.Release|Any CPU.ActiveCfg = Release|Any CPU
		{3BA3EBF6-8E6E-4F67-AC38-A68A40F3B059}.Release|Any CPU.Build.0 = Release|Any CPU
		{F7AF9449-0715-46B9-86E3-9466637A8A5C}.Debug|Any CPU.ActiveCfg = Debug|Any CPU
		{F7AF9449-0715-46B9-86E3-9466637A8A5C}.Debug|Any CPU.Build.0 = Debug|Any CPU
		{F7AF9449-0715-46B9-86E3-9466637A8A5C}.Release|Any CPU.ActiveCfg = Release|Any CPU
		{F7AF9449-0715-46B9-86E3-9466637A8A5C}.Release|Any CPU.Build.0 = Release|Any CPU
		{B99293E0-E164-4D55-88E8-2EDE04E32DC7}.Debug|Any CPU.ActiveCfg = Debug|Any CPU
		{B99293E0-E164-4D55-88E8-2EDE04E32DC7}.Debug|Any CPU.Build.0 = Debug|Any CPU
		{B99293E0-E164-4D55-88E8-2EDE04E32DC7}.Release|Any CPU.ActiveCfg = Release|Any CPU
		{B99293E0-E164-4D55-88E8-2EDE04E32DC7}.Release|Any CPU.Build.0 = Release|Any CPU
		{CB5EE09C-37B7-45E0-9653-5EFD3C0D698A}.Debug|Any CPU.ActiveCfg = Debug|Any CPU
		{CB5EE09C-37B7-45E0-9653-5EFD3C0D698A}.Debug|Any CPU.Build.0 = Debug|Any CPU
		{CB5EE09C-37B7-45E0-9653-5EFD3C0D698A}.Release|Any CPU.ActiveCfg = Release|Any CPU
		{CB5EE09C-37B7-45E0-9653-5EFD3C0D698A}.Release|Any CPU.Build.0 = Release|Any CPU
		{ADFA4FDA-0AF2-451D-9B95-D33B79D4504C}.Debug|Any CPU.ActiveCfg = Debug|Any CPU
		{ADFA4FDA-0AF2-451D-9B95-D33B79D4504C}.Debug|Any CPU.Build.0 = Debug|Any CPU
		{ADFA4FDA-0AF2-451D-9B95-D33B79D4504C}.Release|Any CPU.ActiveCfg = Release|Any CPU
		{ADFA4FDA-0AF2-451D-9B95-D33B79D4504C}.Release|Any CPU.Build.0 = Release|Any CPU
		{200BB0C0-139B-4D9F-AA33-AF0324568ECD}.Debug|Any CPU.ActiveCfg = Debug|Any CPU
		{200BB0C0-139B-4D9F-AA33-AF0324568ECD}.Debug|Any CPU.Build.0 = Debug|Any CPU
		{200BB0C0-139B-4D9F-AA33-AF0324568ECD}.Release|Any CPU.ActiveCfg = Release|Any CPU
		{200BB0C0-139B-4D9F-AA33-AF0324568ECD}.Release|Any CPU.Build.0 = Release|Any CPU
		{F1EB0DAD-AB27-42FE-B479-98BDD0510718}.Debug|Any CPU.ActiveCfg = Debug|Any CPU
		{F1EB0DAD-AB27-42FE-B479-98BDD0510718}.Debug|Any CPU.Build.0 = Debug|Any CPU
		{F1EB0DAD-AB27-42FE-B479-98BDD0510718}.Release|Any CPU.ActiveCfg = Release|Any CPU
		{F1EB0DAD-AB27-42FE-B479-98BDD0510718}.Release|Any CPU.Build.0 = Release|Any CPU
		{1EFB42DB-FB1E-4F13-97FB-B1B1EB817E7C}.Debug|Any CPU.ActiveCfg = Debug|Any CPU
		{1EFB42DB-FB1E-4F13-97FB-B1B1EB817E7C}.Debug|Any CPU.Build.0 = Debug|Any CPU
		{1EFB42DB-FB1E-4F13-97FB-B1B1EB817E7C}.Release|Any CPU.ActiveCfg = Release|Any CPU
		{1EFB42DB-FB1E-4F13-97FB-B1B1EB817E7C}.Release|Any CPU.Build.0 = Release|Any CPU
		{C3814836-24B4-4D4B-9155-2BC31C5FEFA8}.Debug|Any CPU.ActiveCfg = Debug|Any CPU
		{C3814836-24B4-4D4B-9155-2BC31C5FEFA8}.Debug|Any CPU.Build.0 = Debug|Any CPU
		{C3814836-24B4-4D4B-9155-2BC31C5FEFA8}.Release|Any CPU.ActiveCfg = Release|Any CPU
		{C3814836-24B4-4D4B-9155-2BC31C5FEFA8}.Release|Any CPU.Build.0 = Release|Any CPU
		{2C2220EF-9253-409A-926F-7DB169220EC6}.Debug|Any CPU.ActiveCfg = Debug|Any CPU
		{2C2220EF-9253-409A-926F-7DB169220EC6}.Debug|Any CPU.Build.0 = Debug|Any CPU
		{2C2220EF-9253-409A-926F-7DB169220EC6}.Release|Any CPU.ActiveCfg = Release|Any CPU
		{2C2220EF-9253-409A-926F-7DB169220EC6}.Release|Any CPU.Build.0 = Release|Any CPU
		{4E69673F-E919-46B6-A435-B1944F12461F}.Debug|Any CPU.ActiveCfg = Debug|Any CPU
		{4E69673F-E919-46B6-A435-B1944F12461F}.Debug|Any CPU.Build.0 = Debug|Any CPU
		{4E69673F-E919-46B6-A435-B1944F12461F}.Release|Any CPU.ActiveCfg = Release|Any CPU
		{4E69673F-E919-46B6-A435-B1944F12461F}.Release|Any CPU.Build.0 = Release|Any CPU
		{0F153C27-BE62-4491-8BB9-E865329CAFBF}.Debug|Any CPU.ActiveCfg = Debug|Any CPU
		{0F153C27-BE62-4491-8BB9-E865329CAFBF}.Debug|Any CPU.Build.0 = Debug|Any CPU
		{0F153C27-BE62-4491-8BB9-E865329CAFBF}.Release|Any CPU.ActiveCfg = Release|Any CPU
		{0F153C27-BE62-4491-8BB9-E865329CAFBF}.Release|Any CPU.Build.0 = Release|Any CPU
		{9DA9F507-90C0-4C37-B3D2-8B0602158AEB}.Debug|Any CPU.ActiveCfg = Debug|Any CPU
		{9DA9F507-90C0-4C37-B3D2-8B0602158AEB}.Debug|Any CPU.Build.0 = Debug|Any CPU
		{9DA9F507-90C0-4C37-B3D2-8B0602158AEB}.Release|Any CPU.ActiveCfg = Release|Any CPU
		{9DA9F507-90C0-4C37-B3D2-8B0602158AEB}.Release|Any CPU.Build.0 = Release|Any CPU
		{3976555C-B4AA-43AA-8C99-D5DF6F98D3AA}.Debug|Any CPU.ActiveCfg = Debug|Any CPU
		{3976555C-B4AA-43AA-8C99-D5DF6F98D3AA}.Debug|Any CPU.Build.0 = Debug|Any CPU
		{3976555C-B4AA-43AA-8C99-D5DF6F98D3AA}.Release|Any CPU.ActiveCfg = Release|Any CPU
		{3976555C-B4AA-43AA-8C99-D5DF6F98D3AA}.Release|Any CPU.Build.0 = Release|Any CPU
		{6D1378B5-06FE-473F-9CD8-468FA4DD714D}.Debug|Any CPU.ActiveCfg = Debug|Any CPU
		{6D1378B5-06FE-473F-9CD8-468FA4DD714D}.Debug|Any CPU.Build.0 = Debug|Any CPU
		{6D1378B5-06FE-473F-9CD8-468FA4DD714D}.Release|Any CPU.ActiveCfg = Release|Any CPU
		{6D1378B5-06FE-473F-9CD8-468FA4DD714D}.Release|Any CPU.Build.0 = Release|Any CPU
		{27B88868-690B-457C-88F8-36A042D41865}.Debug|Any CPU.ActiveCfg = Debug|Any CPU
		{27B88868-690B-457C-88F8-36A042D41865}.Debug|Any CPU.Build.0 = Debug|Any CPU
		{27B88868-690B-457C-88F8-36A042D41865}.Release|Any CPU.ActiveCfg = Release|Any CPU
		{27B88868-690B-457C-88F8-36A042D41865}.Release|Any CPU.Build.0 = Release|Any CPU
		{847FD775-2D34-4717-A9CD-26EC5F5B660E}.Debug|Any CPU.ActiveCfg = Debug|Any CPU
		{847FD775-2D34-4717-A9CD-26EC5F5B660E}.Debug|Any CPU.Build.0 = Debug|Any CPU
		{847FD775-2D34-4717-A9CD-26EC5F5B660E}.Release|Any CPU.ActiveCfg = Release|Any CPU
		{847FD775-2D34-4717-A9CD-26EC5F5B660E}.Release|Any CPU.Build.0 = Release|Any CPU
		{FD866F90-8B10-47F1-95D4-FD69D0AA1AF1}.Debug|Any CPU.ActiveCfg = Debug|Any CPU
		{FD866F90-8B10-47F1-95D4-FD69D0AA1AF1}.Debug|Any CPU.Build.0 = Debug|Any CPU
		{FD866F90-8B10-47F1-95D4-FD69D0AA1AF1}.Release|Any CPU.ActiveCfg = Release|Any CPU
		{FD866F90-8B10-47F1-95D4-FD69D0AA1AF1}.Release|Any CPU.Build.0 = Release|Any CPU
		{7854B4BB-5AFB-482D-9ABD-DAF9FBD674A2}.Debug|Any CPU.ActiveCfg = Debug|Any CPU
		{7854B4BB-5AFB-482D-9ABD-DAF9FBD674A2}.Debug|Any CPU.Build.0 = Debug|Any CPU
		{7854B4BB-5AFB-482D-9ABD-DAF9FBD674A2}.Release|Any CPU.ActiveCfg = Release|Any CPU
		{7854B4BB-5AFB-482D-9ABD-DAF9FBD674A2}.Release|Any CPU.Build.0 = Release|Any CPU
		{4664E632-70E4-487A-9697-2ED7777FEDEC}.Debug|Any CPU.ActiveCfg = Debug|Any CPU
		{4664E632-70E4-487A-9697-2ED7777FEDEC}.Debug|Any CPU.Build.0 = Debug|Any CPU
		{4664E632-70E4-487A-9697-2ED7777FEDEC}.Release|Any CPU.ActiveCfg = Release|Any CPU
		{4664E632-70E4-487A-9697-2ED7777FEDEC}.Release|Any CPU.Build.0 = Release|Any CPU
		{BDD24C50-F456-4F75-870E-7376B55EF6A7}.Debug|Any CPU.ActiveCfg = Debug|Any CPU
		{BDD24C50-F456-4F75-870E-7376B55EF6A7}.Debug|Any CPU.Build.0 = Debug|Any CPU
		{BDD24C50-F456-4F75-870E-7376B55EF6A7}.Release|Any CPU.ActiveCfg = Release|Any CPU
		{BDD24C50-F456-4F75-870E-7376B55EF6A7}.Release|Any CPU.Build.0 = Release|Any CPU
		{8D3A520A-F0E9-4B8B-920F-D4D1174D6C66}.Debug|Any CPU.ActiveCfg = Debug|Any CPU
		{8D3A520A-F0E9-4B8B-920F-D4D1174D6C66}.Debug|Any CPU.Build.0 = Debug|Any CPU
		{8D3A520A-F0E9-4B8B-920F-D4D1174D6C66}.Release|Any CPU.ActiveCfg = Release|Any CPU
		{8D3A520A-F0E9-4B8B-920F-D4D1174D6C66}.Release|Any CPU.Build.0 = Release|Any CPU
		{ECCE212D-2289-4AA9-BF24-F44D18ECEA71}.Debug|Any CPU.ActiveCfg = Debug|Any CPU
		{ECCE212D-2289-4AA9-BF24-F44D18ECEA71}.Debug|Any CPU.Build.0 = Debug|Any CPU
		{ECCE212D-2289-4AA9-BF24-F44D18ECEA71}.Release|Any CPU.ActiveCfg = Release|Any CPU
		{ECCE212D-2289-4AA9-BF24-F44D18ECEA71}.Release|Any CPU.Build.0 = Release|Any CPU
		{A770B5EB-5BE9-451F-A197-46C41BCBD94D}.Debug|Any CPU.ActiveCfg = Debug|Any CPU
		{A770B5EB-5BE9-451F-A197-46C41BCBD94D}.Debug|Any CPU.Build.0 = Debug|Any CPU
		{A770B5EB-5BE9-451F-A197-46C41BCBD94D}.Release|Any CPU.ActiveCfg = Release|Any CPU
		{A770B5EB-5BE9-451F-A197-46C41BCBD94D}.Release|Any CPU.Build.0 = Release|Any CPU
		{6C57BD5F-2114-417A-A678-D1690D86D45F}.Debug|Any CPU.ActiveCfg = Debug|Any CPU
		{6C57BD5F-2114-417A-A678-D1690D86D45F}.Debug|Any CPU.Build.0 = Debug|Any CPU
		{6C57BD5F-2114-417A-A678-D1690D86D45F}.Release|Any CPU.ActiveCfg = Release|Any CPU
		{6C57BD5F-2114-417A-A678-D1690D86D45F}.Release|Any CPU.Build.0 = Release|Any CPU
		{0E280F22-9EBA-4CE2-8A39-CD74121D18A0}.Debug|Any CPU.ActiveCfg = Debug|Any CPU
		{0E280F22-9EBA-4CE2-8A39-CD74121D18A0}.Debug|Any CPU.Build.0 = Debug|Any CPU
		{0E280F22-9EBA-4CE2-8A39-CD74121D18A0}.Release|Any CPU.ActiveCfg = Release|Any CPU
		{0E280F22-9EBA-4CE2-8A39-CD74121D18A0}.Release|Any CPU.Build.0 = Release|Any CPU
		{18D72E7B-C3A7-4579-8738-5A1F83A037C7}.Debug|Any CPU.ActiveCfg = Debug|Any CPU
		{18D72E7B-C3A7-4579-8738-5A1F83A037C7}.Debug|Any CPU.Build.0 = Debug|Any CPU
		{18D72E7B-C3A7-4579-8738-5A1F83A037C7}.Release|Any CPU.ActiveCfg = Release|Any CPU
		{18D72E7B-C3A7-4579-8738-5A1F83A037C7}.Release|Any CPU.Build.0 = Release|Any CPU
		{BB0C1BB7-5B59-4A7A-8E74-634B7CFE8379}.Debug|Any CPU.ActiveCfg = Debug|Any CPU
		{BB0C1BB7-5B59-4A7A-8E74-634B7CFE8379}.Debug|Any CPU.Build.0 = Debug|Any CPU
		{BB0C1BB7-5B59-4A7A-8E74-634B7CFE8379}.Release|Any CPU.ActiveCfg = Release|Any CPU
		{BB0C1BB7-5B59-4A7A-8E74-634B7CFE8379}.Release|Any CPU.Build.0 = Release|Any CPU
		{8116BAEA-9EC7-4C0E-A8D1-7CD96B4F532D}.Debug|Any CPU.ActiveCfg = Debug|Any CPU
		{8116BAEA-9EC7-4C0E-A8D1-7CD96B4F532D}.Debug|Any CPU.Build.0 = Debug|Any CPU
		{8116BAEA-9EC7-4C0E-A8D1-7CD96B4F532D}.Release|Any CPU.ActiveCfg = Release|Any CPU
		{8116BAEA-9EC7-4C0E-A8D1-7CD96B4F532D}.Release|Any CPU.Build.0 = Release|Any CPU
		{6EA90305-16FB-4DC7-9D5B-F15761E5ED3C}.Debug|Any CPU.ActiveCfg = Debug|Any CPU
		{6EA90305-16FB-4DC7-9D5B-F15761E5ED3C}.Debug|Any CPU.Build.0 = Debug|Any CPU
		{6EA90305-16FB-4DC7-9D5B-F15761E5ED3C}.Release|Any CPU.ActiveCfg = Release|Any CPU
		{6EA90305-16FB-4DC7-9D5B-F15761E5ED3C}.Release|Any CPU.Build.0 = Release|Any CPU
		{FB6BB0EE-2561-4E1E-9C7F-9B2C0051E232}.Debug|Any CPU.ActiveCfg = Debug|Any CPU
		{FB6BB0EE-2561-4E1E-9C7F-9B2C0051E232}.Debug|Any CPU.Build.0 = Debug|Any CPU
		{FB6BB0EE-2561-4E1E-9C7F-9B2C0051E232}.Release|Any CPU.ActiveCfg = Release|Any CPU
		{FB6BB0EE-2561-4E1E-9C7F-9B2C0051E232}.Release|Any CPU.Build.0 = Release|Any CPU
		{C11CBE1C-010D-4840-8D94-7683012E0188}.Debug|Any CPU.ActiveCfg = Debug|Any CPU
		{C11CBE1C-010D-4840-8D94-7683012E0188}.Debug|Any CPU.Build.0 = Debug|Any CPU
		{C11CBE1C-010D-4840-8D94-7683012E0188}.Release|Any CPU.ActiveCfg = Release|Any CPU
		{C11CBE1C-010D-4840-8D94-7683012E0188}.Release|Any CPU.Build.0 = Release|Any CPU
		{25441FA8-F810-4B26-B243-8AD7DA66E161}.Debug|Any CPU.ActiveCfg = Debug|Any CPU
		{25441FA8-F810-4B26-B243-8AD7DA66E161}.Debug|Any CPU.Build.0 = Debug|Any CPU
		{25441FA8-F810-4B26-B243-8AD7DA66E161}.Release|Any CPU.ActiveCfg = Release|Any CPU
		{25441FA8-F810-4B26-B243-8AD7DA66E161}.Release|Any CPU.Build.0 = Release|Any CPU
		{89C2B0D0-D826-4FF1-9A0D-D7DCCFEACD8C}.Debug|Any CPU.ActiveCfg = Debug|Any CPU
		{89C2B0D0-D826-4FF1-9A0D-D7DCCFEACD8C}.Debug|Any CPU.Build.0 = Debug|Any CPU
		{89C2B0D0-D826-4FF1-9A0D-D7DCCFEACD8C}.Release|Any CPU.ActiveCfg = Release|Any CPU
		{89C2B0D0-D826-4FF1-9A0D-D7DCCFEACD8C}.Release|Any CPU.Build.0 = Release|Any CPU
		{CCA3A16D-B9BA-4A6F-8B1A-BB3AAF0D92DA}.Debug|Any CPU.ActiveCfg = Debug|Any CPU
		{CCA3A16D-B9BA-4A6F-8B1A-BB3AAF0D92DA}.Debug|Any CPU.Build.0 = Debug|Any CPU
		{CCA3A16D-B9BA-4A6F-8B1A-BB3AAF0D92DA}.Release|Any CPU.ActiveCfg = Release|Any CPU
		{CCA3A16D-B9BA-4A6F-8B1A-BB3AAF0D92DA}.Release|Any CPU.Build.0 = Release|Any CPU
		{851557EE-2742-43DD-842C-C057C7742DBE}.Debug|Any CPU.ActiveCfg = Debug|Any CPU
		{851557EE-2742-43DD-842C-C057C7742DBE}.Debug|Any CPU.Build.0 = Debug|Any CPU
		{851557EE-2742-43DD-842C-C057C7742DBE}.Release|Any CPU.ActiveCfg = Release|Any CPU
		{851557EE-2742-43DD-842C-C057C7742DBE}.Release|Any CPU.Build.0 = Release|Any CPU
		{19E3026A-FC91-45D6-AC9C-16BB2DEC9EB2}.Debug|Any CPU.ActiveCfg = Debug|Any CPU
		{19E3026A-FC91-45D6-AC9C-16BB2DEC9EB2}.Debug|Any CPU.Build.0 = Debug|Any CPU
		{19E3026A-FC91-45D6-AC9C-16BB2DEC9EB2}.Release|Any CPU.ActiveCfg = Release|Any CPU
		{19E3026A-FC91-45D6-AC9C-16BB2DEC9EB2}.Release|Any CPU.Build.0 = Release|Any CPU
		{529078CF-2FA1-476E-A8F6-EAA74440F65B}.Debug|Any CPU.ActiveCfg = Debug|Any CPU
		{529078CF-2FA1-476E-A8F6-EAA74440F65B}.Debug|Any CPU.Build.0 = Debug|Any CPU
		{529078CF-2FA1-476E-A8F6-EAA74440F65B}.Release|Any CPU.ActiveCfg = Release|Any CPU
		{529078CF-2FA1-476E-A8F6-EAA74440F65B}.Release|Any CPU.Build.0 = Release|Any CPU
		{9CA3171F-36DE-4E0A-8531-65A515B416E1}.Debug|Any CPU.ActiveCfg = Debug|Any CPU
		{9CA3171F-36DE-4E0A-8531-65A515B416E1}.Debug|Any CPU.Build.0 = Debug|Any CPU
		{9CA3171F-36DE-4E0A-8531-65A515B416E1}.Release|Any CPU.ActiveCfg = Release|Any CPU
		{9CA3171F-36DE-4E0A-8531-65A515B416E1}.Release|Any CPU.Build.0 = Release|Any CPU
		{577F5985-0929-4069-AFD2-A89C7D75829B}.Debug|Any CPU.ActiveCfg = Debug|Any CPU
		{577F5985-0929-4069-AFD2-A89C7D75829B}.Debug|Any CPU.Build.0 = Debug|Any CPU
		{577F5985-0929-4069-AFD2-A89C7D75829B}.Release|Any CPU.ActiveCfg = Release|Any CPU
		{577F5985-0929-4069-AFD2-A89C7D75829B}.Release|Any CPU.Build.0 = Release|Any CPU
		{D3FC0B2F-72FB-438E-AC10-DCC54BC40773}.Debug|Any CPU.ActiveCfg = Debug|Any CPU
		{D3FC0B2F-72FB-438E-AC10-DCC54BC40773}.Debug|Any CPU.Build.0 = Debug|Any CPU
		{D3FC0B2F-72FB-438E-AC10-DCC54BC40773}.Release|Any CPU.ActiveCfg = Release|Any CPU
		{D3FC0B2F-72FB-438E-AC10-DCC54BC40773}.Release|Any CPU.Build.0 = Release|Any CPU
		{D567E6EF-110A-4DE8-8878-638B5A2B310C}.Debug|Any CPU.ActiveCfg = Debug|Any CPU
		{D567E6EF-110A-4DE8-8878-638B5A2B310C}.Debug|Any CPU.Build.0 = Debug|Any CPU
		{D567E6EF-110A-4DE8-8878-638B5A2B310C}.Release|Any CPU.ActiveCfg = Release|Any CPU
		{D567E6EF-110A-4DE8-8878-638B5A2B310C}.Release|Any CPU.Build.0 = Release|Any CPU
		{CBC65E4F-8CD1-4897-9695-822045923E90}.Debug|Any CPU.ActiveCfg = Debug|Any CPU
		{CBC65E4F-8CD1-4897-9695-822045923E90}.Debug|Any CPU.Build.0 = Debug|Any CPU
		{CBC65E4F-8CD1-4897-9695-822045923E90}.Release|Any CPU.ActiveCfg = Release|Any CPU
		{CBC65E4F-8CD1-4897-9695-822045923E90}.Release|Any CPU.Build.0 = Release|Any CPU
		{08909AE5-342E-40A3-BE32-8BF7008AF2F1}.Debug|Any CPU.ActiveCfg = Debug|Any CPU
		{08909AE5-342E-40A3-BE32-8BF7008AF2F1}.Debug|Any CPU.Build.0 = Debug|Any CPU
		{08909AE5-342E-40A3-BE32-8BF7008AF2F1}.Release|Any CPU.ActiveCfg = Release|Any CPU
		{08909AE5-342E-40A3-BE32-8BF7008AF2F1}.Release|Any CPU.Build.0 = Release|Any CPU
		{1E93FD00-44F0-4258-8EAC-3224863A169D}.Debug|Any CPU.ActiveCfg = Debug|Any CPU
		{1E93FD00-44F0-4258-8EAC-3224863A169D}.Debug|Any CPU.Build.0 = Debug|Any CPU
		{1E93FD00-44F0-4258-8EAC-3224863A169D}.Release|Any CPU.ActiveCfg = Release|Any CPU
		{1E93FD00-44F0-4258-8EAC-3224863A169D}.Release|Any CPU.Build.0 = Release|Any CPU
		{1CA0C2CD-4BDE-46A8-852F-E124C3F7DFBE}.Debug|Any CPU.ActiveCfg = Debug|Any CPU
		{1CA0C2CD-4BDE-46A8-852F-E124C3F7DFBE}.Debug|Any CPU.Build.0 = Debug|Any CPU
		{1CA0C2CD-4BDE-46A8-852F-E124C3F7DFBE}.Release|Any CPU.ActiveCfg = Release|Any CPU
		{1CA0C2CD-4BDE-46A8-852F-E124C3F7DFBE}.Release|Any CPU.Build.0 = Release|Any CPU
		{3C7A3856-10A7-4D28-AD5B-96B7A37AB41A}.Debug|Any CPU.ActiveCfg = Debug|Any CPU
		{3C7A3856-10A7-4D28-AD5B-96B7A37AB41A}.Debug|Any CPU.Build.0 = Debug|Any CPU
		{3C7A3856-10A7-4D28-AD5B-96B7A37AB41A}.Release|Any CPU.ActiveCfg = Release|Any CPU
		{3C7A3856-10A7-4D28-AD5B-96B7A37AB41A}.Release|Any CPU.Build.0 = Release|Any CPU
		{26E6BEFE-05E5-4054-A126-4B9E6D7F47E2}.Debug|Any CPU.ActiveCfg = Debug|Any CPU
		{26E6BEFE-05E5-4054-A126-4B9E6D7F47E2}.Debug|Any CPU.Build.0 = Debug|Any CPU
		{26E6BEFE-05E5-4054-A126-4B9E6D7F47E2}.Release|Any CPU.ActiveCfg = Release|Any CPU
		{26E6BEFE-05E5-4054-A126-4B9E6D7F47E2}.Release|Any CPU.Build.0 = Release|Any CPU
		{4231789A-0E59-4C5C-9D68-E580AD73098D}.Debug|Any CPU.ActiveCfg = Debug|Any CPU
		{4231789A-0E59-4C5C-9D68-E580AD73098D}.Debug|Any CPU.Build.0 = Debug|Any CPU
		{4231789A-0E59-4C5C-9D68-E580AD73098D}.Release|Any CPU.ActiveCfg = Release|Any CPU
		{4231789A-0E59-4C5C-9D68-E580AD73098D}.Release|Any CPU.Build.0 = Release|Any CPU
		{4A086470-AD72-44F5-B68A-1E756C4EEF0A}.Debug|Any CPU.ActiveCfg = Debug|Any CPU
		{4A086470-AD72-44F5-B68A-1E756C4EEF0A}.Debug|Any CPU.Build.0 = Debug|Any CPU
		{4A086470-AD72-44F5-B68A-1E756C4EEF0A}.Release|Any CPU.ActiveCfg = Release|Any CPU
		{4A086470-AD72-44F5-B68A-1E756C4EEF0A}.Release|Any CPU.Build.0 = Release|Any CPU
		{C030FC41-1787-4168-9980-5B0EF3D00951}.Debug|Any CPU.ActiveCfg = Debug|Any CPU
		{C030FC41-1787-4168-9980-5B0EF3D00951}.Debug|Any CPU.Build.0 = Debug|Any CPU
		{C030FC41-1787-4168-9980-5B0EF3D00951}.Release|Any CPU.ActiveCfg = Release|Any CPU
		{C030FC41-1787-4168-9980-5B0EF3D00951}.Release|Any CPU.Build.0 = Release|Any CPU
		{636869F9-1CD2-445F-9F2D-66FF2245A44C}.Debug|Any CPU.ActiveCfg = Debug|Any CPU
		{636869F9-1CD2-445F-9F2D-66FF2245A44C}.Debug|Any CPU.Build.0 = Debug|Any CPU
		{636869F9-1CD2-445F-9F2D-66FF2245A44C}.Release|Any CPU.ActiveCfg = Release|Any CPU
		{636869F9-1CD2-445F-9F2D-66FF2245A44C}.Release|Any CPU.Build.0 = Release|Any CPU
		{5B418488-656D-4DF0-8907-C2363EA64A4E}.Debug|Any CPU.ActiveCfg = Debug|Any CPU
		{5B418488-656D-4DF0-8907-C2363EA64A4E}.Debug|Any CPU.Build.0 = Debug|Any CPU
		{5B418488-656D-4DF0-8907-C2363EA64A4E}.Release|Any CPU.ActiveCfg = Release|Any CPU
		{5B418488-656D-4DF0-8907-C2363EA64A4E}.Release|Any CPU.Build.0 = Release|Any CPU
		{740DF46A-3E1E-4330-AACD-50778E72E86E}.Debug|Any CPU.ActiveCfg = Debug|Any CPU
		{740DF46A-3E1E-4330-AACD-50778E72E86E}.Debug|Any CPU.Build.0 = Debug|Any CPU
		{740DF46A-3E1E-4330-AACD-50778E72E86E}.Release|Any CPU.ActiveCfg = Release|Any CPU
		{740DF46A-3E1E-4330-AACD-50778E72E86E}.Release|Any CPU.Build.0 = Release|Any CPU
		{2AC33747-FD56-4077-A2A1-D38059509D80}.Debug|Any CPU.ActiveCfg = Debug|Any CPU
		{2AC33747-FD56-4077-A2A1-D38059509D80}.Debug|Any CPU.Build.0 = Debug|Any CPU
		{2AC33747-FD56-4077-A2A1-D38059509D80}.Release|Any CPU.ActiveCfg = Release|Any CPU
		{2AC33747-FD56-4077-A2A1-D38059509D80}.Release|Any CPU.Build.0 = Release|Any CPU
		{9B4D2C56-5B37-481A-B22C-B033A58B8163}.Debug|Any CPU.ActiveCfg = Debug|Any CPU
		{9B4D2C56-5B37-481A-B22C-B033A58B8163}.Debug|Any CPU.Build.0 = Debug|Any CPU
		{9B4D2C56-5B37-481A-B22C-B033A58B8163}.Release|Any CPU.ActiveCfg = Release|Any CPU
		{9B4D2C56-5B37-481A-B22C-B033A58B8163}.Release|Any CPU.Build.0 = Release|Any CPU
		{7D3B21A3-186D-418D-AFC6-D0D8836E4F39}.Debug|Any CPU.ActiveCfg = Debug|Any CPU
		{7D3B21A3-186D-418D-AFC6-D0D8836E4F39}.Debug|Any CPU.Build.0 = Debug|Any CPU
		{7D3B21A3-186D-418D-AFC6-D0D8836E4F39}.Release|Any CPU.ActiveCfg = Release|Any CPU
		{7D3B21A3-186D-418D-AFC6-D0D8836E4F39}.Release|Any CPU.Build.0 = Release|Any CPU
		{4168B003-AC58-4DF8-ACFB-A50DA4DCA61A}.Debug|Any CPU.ActiveCfg = Debug|Any CPU
		{4168B003-AC58-4DF8-ACFB-A50DA4DCA61A}.Debug|Any CPU.Build.0 = Debug|Any CPU
		{4168B003-AC58-4DF8-ACFB-A50DA4DCA61A}.Release|Any CPU.ActiveCfg = Release|Any CPU
		{4168B003-AC58-4DF8-ACFB-A50DA4DCA61A}.Release|Any CPU.Build.0 = Release|Any CPU
		{B437BB21-0175-4BB5-8F4C-3D54E2E770F1}.Debug|Any CPU.ActiveCfg = Debug|Any CPU
		{B437BB21-0175-4BB5-8F4C-3D54E2E770F1}.Debug|Any CPU.Build.0 = Debug|Any CPU
		{B437BB21-0175-4BB5-8F4C-3D54E2E770F1}.Release|Any CPU.ActiveCfg = Release|Any CPU
		{B437BB21-0175-4BB5-8F4C-3D54E2E770F1}.Release|Any CPU.Build.0 = Release|Any CPU
		{8A986185-B877-4103-A1CF-4874F86B18F3}.Debug|Any CPU.ActiveCfg = Debug|Any CPU
		{8A986185-B877-4103-A1CF-4874F86B18F3}.Debug|Any CPU.Build.0 = Debug|Any CPU
		{8A986185-B877-4103-A1CF-4874F86B18F3}.Release|Any CPU.ActiveCfg = Release|Any CPU
		{8A986185-B877-4103-A1CF-4874F86B18F3}.Release|Any CPU.Build.0 = Release|Any CPU
	EndGlobalSection
	GlobalSection(SolutionProperties) = preSolution
		HideSolutionNode = FALSE
	EndGlobalSection
	GlobalSection(ExtensibilityGlobals) = postSolution
		SolutionGuid = {B4C25034-C2CB-4629-9AA1-B7CE0B764626}
	EndGlobalSection
EndGlobal
